
Microsoft Visual Studio Solution File, Format Version 12.00
# Visual Studio 15
VisualStudioVersion = 15.0.26430.16
MinimumVisualStudioVersion = 10.0.40219.1
Project("{FAE04EC0-301F-11D3-BF4B-00C04F79EFBC}") = "e1", "e1\e1.csproj", "{A0E1F804-817B-4B62-9E50-0F3203A8D33A}"
EndProject
Project("{FAE04EC0-301F-11D3-BF4B-00C04F79EFBC}") = "e2", "e2\e2.csproj", "{16D5DFA3-143A-4961-BEC1-52AA0554C4B4}"
EndProject
Project("{FAE04EC0-301F-11D3-BF4B-00C04F79EFBC}") = "e3", "e3\e3.csproj", "{6654392E-23DB-4A3A-8C68-B6F9B2740E84}"
EndProject
Project("{FAE04EC0-301F-11D3-BF4B-00C04F79EFBC}") = "e4", "e4\e4.csproj", "{68BA8DD1-7B11-46C5-A910-003E50EFA9E5}"
EndProject
Project("{FAE04EC0-301F-11D3-BF4B-00C04F79EFBC}") = "e5", "e5\e5.csproj", "{3CA25F48-5E97-4B6C-93E8-A823CFAD5F12}"
EndProject
Project("{FAE04EC0-301F-11D3-BF4B-00C04F79EFBC}") = "e6", "e6\e6.csproj", "{08C2EF7F-B522-4CD7-AB2B-7D209680E3B7}"
EndProject
Project("{FAE04EC0-301F-11D3-BF4B-00C04F79EFBC}") = "e7", "e7\e7.csproj", "{0786C54A-8619-4045-B375-CA16306EAFA1}"
EndProject
Project("{FAE04EC0-301F-11D3-BF4B-00C04F79EFBC}") = "e8", "e8\e8.csproj", "{5C7303D3-BA2E-4009-91A1-6E9DD2DEC668}"
EndProject
Project("{FAE04EC0-301F-11D3-BF4B-00C04F79EFBC}") = "e9", "e9\e9.csproj", "{498000A7-C173-4A4F-81C6-CDD06F69BFCF}"
EndProject
Project("{FAE04EC0-301F-11D3-BF4B-00C04F79EFBC}") = "e10", "e10\e10.csproj", "{D1C529D5-D0A8-4915-962E-A39C9FAC765D}"
EndProject
Project("{FAE04EC0-301F-11D3-BF4B-00C04F79EFBC}") = "e11", "e11\e11.csproj", "{7C5AF687-3712-4517-8820-43E154319E76}"
EndProject
Global
	GlobalSection(SolutionConfigurationPlatforms) = preSolution
		Debug|Any CPU = Debug|Any CPU
		Release|Any CPU = Release|Any CPU
	EndGlobalSection
	GlobalSection(ProjectConfigurationPlatforms) = postSolution
		{A0E1F804-817B-4B62-9E50-0F3203A8D33A}.Debug|Any CPU.ActiveCfg = Debug|Any CPU
		{A0E1F804-817B-4B62-9E50-0F3203A8D33A}.Debug|Any CPU.Build.0 = Debug|Any CPU
		{A0E1F804-817B-4B62-9E50-0F3203A8D33A}.Release|Any CPU.ActiveCfg = Release|Any CPU
		{A0E1F804-817B-4B62-9E50-0F3203A8D33A}.Release|Any CPU.Build.0 = Release|Any CPU
		{16D5DFA3-143A-4961-BEC1-52AA0554C4B4}.Debug|Any CPU.ActiveCfg = Debug|Any CPU
		{16D5DFA3-143A-4961-BEC1-52AA0554C4B4}.Debug|Any CPU.Build.0 = Debug|Any CPU
		{16D5DFA3-143A-4961-BEC1-52AA0554C4B4}.Release|Any CPU.ActiveCfg = Release|Any CPU
		{16D5DFA3-143A-4961-BEC1-52AA0554C4B4}.Release|Any CPU.Build.0 = Release|Any CPU
		{6654392E-23DB-4A3A-8C68-B6F9B2740E84}.Debug|Any CPU.ActiveCfg = Debug|Any CPU
		{6654392E-23DB-4A3A-8C68-B6F9B2740E84}.Debug|Any CPU.Build.0 = Debug|Any CPU
		{6654392E-23DB-4A3A-8C68-B6F9B2740E84}.Release|Any CPU.ActiveCfg = Release|Any CPU
		{6654392E-23DB-4A3A-8C68-B6F9B2740E84}.Release|Any CPU.Build.0 = Release|Any CPU
		{68BA8DD1-7B11-46C5-A910-003E50EFA9E5}.Debug|Any CPU.ActiveCfg = Debug|Any CPU
		{68BA8DD1-7B11-46C5-A910-003E50EFA9E5}.Debug|Any CPU.Build.0 = Debug|Any CPU
		{68BA8DD1-7B11-46C5-A910-003E50EFA9E5}.Release|Any CPU.ActiveCfg = Release|Any CPU
		{68BA8DD1-7B11-46C5-A910-003E50EFA9E5}.Release|Any CPU.Build.0 = Release|Any CPU
		{3CA25F48-5E97-4B6C-93E8-A823CFAD5F12}.Debug|Any CPU.ActiveCfg = Debug|Any CPU
		{3CA25F48-5E97-4B6C-93E8-A823CFAD5F12}.Debug|Any CPU.Build.0 = Debug|Any CPU
		{3CA25F48-5E97-4B6C-93E8-A823CFAD5F12}.Release|Any CPU.ActiveCfg = Release|Any CPU
		{3CA25F48-5E97-4B6C-93E8-A823CFAD5F12}.Release|Any CPU.Build.0 = Release|Any CPU
		{08C2EF7F-B522-4CD7-AB2B-7D209680E3B7}.Debug|Any CPU.ActiveCfg = Debug|Any CPU
		{08C2EF7F-B522-4CD7-AB2B-7D209680E3B7}.Debug|Any CPU.Build.0 = Debug|Any CPU
		{08C2EF7F-B522-4CD7-AB2B-7D209680E3B7}.Release|Any CPU.ActiveCfg = Release|Any CPU
		{08C2EF7F-B522-4CD7-AB2B-7D209680E3B7}.Release|Any CPU.Build.0 = Release|Any CPU
		{0786C54A-8619-4045-B375-CA16306EAFA1}.Debug|Any CPU.ActiveCfg = Debug|Any CPU
		{0786C54A-8619-4045-B375-CA16306EAFA1}.Debug|Any CPU.Build.0 = Debug|Any CPU
		{0786C54A-8619-4045-B375-CA16306EAFA1}.Release|Any CPU.ActiveCfg = Release|Any CPU
		{0786C54A-8619-4045-B375-CA16306EAFA1}.Release|Any CPU.Build.0 = Release|Any CPU
		{5C7303D3-BA2E-4009-91A1-6E9DD2DEC668}.Debug|Any CPU.ActiveCfg = Debug|Any CPU
		{5C7303D3-BA2E-4009-91A1-6E9DD2DEC668}.Debug|Any CPU.Build.0 = Debug|Any CPU
		{5C7303D3-BA2E-4009-91A1-6E9DD2DEC668}.Release|Any CPU.ActiveCfg = Release|Any CPU
		{5C7303D3-BA2E-4009-91A1-6E9DD2DEC668}.Release|Any CPU.Build.0 = Release|Any CPU
		{498000A7-C173-4A4F-81C6-CDD06F69BFCF}.Debug|Any CPU.ActiveCfg = Debug|Any CPU
		{498000A7-C173-4A4F-81C6-CDD06F69BFCF}.Debug|Any CPU.Build.0 = Debug|Any CPU
		{498000A7-C173-4A4F-81C6-CDD06F69BFCF}.Release|Any CPU.ActiveCfg = Release|Any CPU
		{498000A7-C173-4A4F-81C6-CDD06F69BFCF}.Release|Any CPU.Build.0 = Release|Any CPU
		{D1C529D5-D0A8-4915-962E-A39C9FAC765D}.Debug|Any CPU.ActiveCfg = Debug|Any CPU
		{D1C529D5-D0A8-4915-962E-A39C9FAC765D}.Debug|Any CPU.Build.0 = Debug|Any CPU
		{D1C529D5-D0A8-4915-962E-A39C9FAC765D}.Release|Any CPU.ActiveCfg = Release|Any CPU
		{D1C529D5-D0A8-4915-962E-A39C9FAC765D}.Release|Any CPU.Build.0 = Release|Any CPU
		{7C5AF687-3712-4517-8820-43E154319E76}.Debug|Any CPU.ActiveCfg = Debug|Any CPU
		{7C5AF687-3712-4517-8820-43E154319E76}.Debug|Any CPU.Build.0 = Debug|Any CPU
		{7C5AF687-3712-4517-8820-43E154319E76}.Release|Any CPU.ActiveCfg = Release|Any CPU
		{7C5AF687-3712-4517-8820-43E154319E76}.Release|Any CPU.Build.0 = Release|Any CPU
	EndGlobalSection
	GlobalSection(SolutionProperties) = preSolution
		HideSolutionNode = FALSE
	EndGlobalSection
EndGlobal
