
Microsoft Visual Studio Solution File, Format Version 12.00
# Visual Studio 15
VisualStudioVersion = 15.0.26430.16
MinimumVisualStudioVersion = 10.0.40219.1
Project("{FAE04EC0-301F-11D3-BF4B-00C04F79EFBC}") = "t1.Android", "t1\t1.Android\t1.Android.csproj", "{618C04F3-084D-4683-9130-C412B159E03F}"
EndProject
Project("{FAE04EC0-301F-11D3-BF4B-00C04F79EFBC}") = "t1", "t1\t1\t1.csproj", "{00F10B45-85EB-4A07-834B-C69B8CE14D56}"
EndProject
Project("{FAE04EC0-301F-11D3-BF4B-00C04F79EFBC}") = "t1.UWP", "t1\t1.UWP\t1.UWP.csproj", "{8E6E05D0-C90A-459C-8DAA-F555A4642E3D}"
EndProject
Project("{FAE04EC0-301F-11D3-BF4B-00C04F79EFBC}") = "t1.iOS", "t1\t1.iOS\t1.iOS.csproj", "{DC3FD192-553F-4B8B-B135-6761CB8074FA}"
EndProject
Global
	GlobalSection(SolutionConfigurationPlatforms) = preSolution
		Ad-Hoc|Any CPU = Ad-Hoc|Any CPU
		Ad-Hoc|ARM = Ad-Hoc|ARM
		Ad-Hoc|iPhone = Ad-Hoc|iPhone
		Ad-Hoc|iPhoneSimulator = Ad-Hoc|iPhoneSimulator
		Ad-Hoc|x64 = Ad-Hoc|x64
		Ad-Hoc|x86 = Ad-Hoc|x86
		AppStore|Any CPU = AppStore|Any CPU
		AppStore|ARM = AppStore|ARM
		AppStore|iPhone = AppStore|iPhone
		AppStore|iPhoneSimulator = AppStore|iPhoneSimulator
		AppStore|x64 = AppStore|x64
		AppStore|x86 = AppStore|x86
		Debug|Any CPU = Debug|Any CPU
		Debug|ARM = Debug|ARM
		Debug|iPhone = Debug|iPhone
		Debug|iPhoneSimulator = Debug|iPhoneSimulator
		Debug|x64 = Debug|x64
		Debug|x86 = Debug|x86
		Release|Any CPU = Release|Any CPU
		Release|ARM = Release|ARM
		Release|iPhone = Release|iPhone
		Release|iPhoneSimulator = Release|iPhoneSimulator
		Release|x64 = Release|x64
		Release|x86 = Release|x86
	EndGlobalSection
	GlobalSection(ProjectConfigurationPlatforms) = postSolution
		{618C04F3-084D-4683-9130-C412B159E03F}.Ad-Hoc|Any CPU.ActiveCfg = Release|Any CPU
		{618C04F3-084D-4683-9130-C412B159E03F}.Ad-Hoc|Any CPU.Build.0 = Release|Any CPU
		{618C04F3-084D-4683-9130-C412B159E03F}.Ad-Hoc|Any CPU.Deploy.0 = Release|Any CPU
		{618C04F3-084D-4683-9130-C412B159E03F}.Ad-Hoc|ARM.ActiveCfg = Release|Any CPU
		{618C04F3-084D-4683-9130-C412B159E03F}.Ad-Hoc|ARM.Build.0 = Release|Any CPU
		{618C04F3-084D-4683-9130-C412B159E03F}.Ad-Hoc|ARM.Deploy.0 = Release|Any CPU
		{618C04F3-084D-4683-9130-C412B159E03F}.Ad-Hoc|iPhone.ActiveCfg = Release|Any CPU
		{618C04F3-084D-4683-9130-C412B159E03F}.Ad-Hoc|iPhone.Build.0 = Release|Any CPU
		{618C04F3-084D-4683-9130-C412B159E03F}.Ad-Hoc|iPhone.Deploy.0 = Release|Any CPU
		{618C04F3-084D-4683-9130-C412B159E03F}.Ad-Hoc|iPhoneSimulator.ActiveCfg = Release|Any CPU
		{618C04F3-084D-4683-9130-C412B159E03F}.Ad-Hoc|iPhoneSimulator.Build.0 = Release|Any CPU
		{618C04F3-084D-4683-9130-C412B159E03F}.Ad-Hoc|iPhoneSimulator.Deploy.0 = Release|Any CPU
		{618C04F3-084D-4683-9130-C412B159E03F}.Ad-Hoc|x64.ActiveCfg = Release|Any CPU
		{618C04F3-084D-4683-9130-C412B159E03F}.Ad-Hoc|x64.Build.0 = Release|Any CPU
		{618C04F3-084D-4683-9130-C412B159E03F}.Ad-Hoc|x64.Deploy.0 = Release|Any CPU
		{618C04F3-084D-4683-9130-C412B159E03F}.Ad-Hoc|x86.ActiveCfg = Release|Any CPU
		{618C04F3-084D-4683-9130-C412B159E03F}.Ad-Hoc|x86.Build.0 = Release|Any CPU
		{618C04F3-084D-4683-9130-C412B159E03F}.Ad-Hoc|x86.Deploy.0 = Release|Any CPU
		{618C04F3-084D-4683-9130-C412B159E03F}.AppStore|Any CPU.ActiveCfg = Release|Any CPU
		{618C04F3-084D-4683-9130-C412B159E03F}.AppStore|Any CPU.Build.0 = Release|Any CPU
		{618C04F3-084D-4683-9130-C412B159E03F}.AppStore|Any CPU.Deploy.0 = Release|Any CPU
		{618C04F3-084D-4683-9130-C412B159E03F}.AppStore|ARM.ActiveCfg = Release|Any CPU
		{618C04F3-084D-4683-9130-C412B159E03F}.AppStore|ARM.Build.0 = Release|Any CPU
		{618C04F3-084D-4683-9130-C412B159E03F}.AppStore|ARM.Deploy.0 = Release|Any CPU
		{618C04F3-084D-4683-9130-C412B159E03F}.AppStore|iPhone.ActiveCfg = Release|Any CPU
		{618C04F3-084D-4683-9130-C412B159E03F}.AppStore|iPhone.Build.0 = Release|Any CPU
		{618C04F3-084D-4683-9130-C412B159E03F}.AppStore|iPhone.Deploy.0 = Release|Any CPU
		{618C04F3-084D-4683-9130-C412B159E03F}.AppStore|iPhoneSimulator.ActiveCfg = Release|Any CPU
		{618C04F3-084D-4683-9130-C412B159E03F}.AppStore|iPhoneSimulator.Build.0 = Release|Any CPU
		{618C04F3-084D-4683-9130-C412B159E03F}.AppStore|iPhoneSimulator.Deploy.0 = Release|Any CPU
		{618C04F3-084D-4683-9130-C412B159E03F}.AppStore|x64.ActiveCfg = Release|Any CPU
		{618C04F3-084D-4683-9130-C412B159E03F}.AppStore|x64.Build.0 = Release|Any CPU
		{618C04F3-084D-4683-9130-C412B159E03F}.AppStore|x64.Deploy.0 = Release|Any CPU
		{618C04F3-084D-4683-9130-C412B159E03F}.AppStore|x86.ActiveCfg = Release|Any CPU
		{618C04F3-084D-4683-9130-C412B159E03F}.AppStore|x86.Build.0 = Release|Any CPU
		{618C04F3-084D-4683-9130-C412B159E03F}.AppStore|x86.Deploy.0 = Release|Any CPU
		{618C04F3-084D-4683-9130-C412B159E03F}.Debug|Any CPU.ActiveCfg = Debug|Any CPU
		{618C04F3-084D-4683-9130-C412B159E03F}.Debug|Any CPU.Build.0 = Debug|Any CPU
		{618C04F3-084D-4683-9130-C412B159E03F}.Debug|Any CPU.Deploy.0 = Debug|Any CPU
		{618C04F3-084D-4683-9130-C412B159E03F}.Debug|ARM.ActiveCfg = Debug|Any CPU
		{618C04F3-084D-4683-9130-C412B159E03F}.Debug|ARM.Build.0 = Debug|Any CPU
		{618C04F3-084D-4683-9130-C412B159E03F}.Debug|ARM.Deploy.0 = Debug|Any CPU
		{618C04F3-084D-4683-9130-C412B159E03F}.Debug|iPhone.ActiveCfg = Debug|Any CPU
		{618C04F3-084D-4683-9130-C412B159E03F}.Debug|iPhone.Build.0 = Debug|Any CPU
		{618C04F3-084D-4683-9130-C412B159E03F}.Debug|iPhone.Deploy.0 = Debug|Any CPU
		{618C04F3-084D-4683-9130-C412B159E03F}.Debug|iPhoneSimulator.ActiveCfg = Debug|Any CPU
		{618C04F3-084D-4683-9130-C412B159E03F}.Debug|iPhoneSimulator.Build.0 = Debug|Any CPU
		{618C04F3-084D-4683-9130-C412B159E03F}.Debug|iPhoneSimulator.Deploy.0 = Debug|Any CPU
		{618C04F3-084D-4683-9130-C412B159E03F}.Debug|x64.ActiveCfg = Debug|Any CPU
		{618C04F3-084D-4683-9130-C412B159E03F}.Debug|x64.Build.0 = Debug|Any CPU
		{618C04F3-084D-4683-9130-C412B159E03F}.Debug|x64.Deploy.0 = Debug|Any CPU
		{618C04F3-084D-4683-9130-C412B159E03F}.Debug|x86.ActiveCfg = Debug|Any CPU
		{618C04F3-084D-4683-9130-C412B159E03F}.Debug|x86.Build.0 = Debug|Any CPU
		{618C04F3-084D-4683-9130-C412B159E03F}.Debug|x86.Deploy.0 = Debug|Any CPU
		{618C04F3-084D-4683-9130-C412B159E03F}.Release|Any CPU.ActiveCfg = Release|Any CPU
		{618C04F3-084D-4683-9130-C412B159E03F}.Release|Any CPU.Build.0 = Release|Any CPU
		{618C04F3-084D-4683-9130-C412B159E03F}.Release|Any CPU.Deploy.0 = Release|Any CPU
		{618C04F3-084D-4683-9130-C412B159E03F}.Release|ARM.ActiveCfg = Release|Any CPU
		{618C04F3-084D-4683-9130-C412B159E03F}.Release|ARM.Build.0 = Release|Any CPU
		{618C04F3-084D-4683-9130-C412B159E03F}.Release|ARM.Deploy.0 = Release|Any CPU
		{618C04F3-084D-4683-9130-C412B159E03F}.Release|iPhone.ActiveCfg = Release|Any CPU
		{618C04F3-084D-4683-9130-C412B159E03F}.Release|iPhone.Build.0 = Release|Any CPU
		{618C04F3-084D-4683-9130-C412B159E03F}.Release|iPhone.Deploy.0 = Release|Any CPU
		{618C04F3-084D-4683-9130-C412B159E03F}.Release|iPhoneSimulator.ActiveCfg = Release|Any CPU
		{618C04F3-084D-4683-9130-C412B159E03F}.Release|iPhoneSimulator.Build.0 = Release|Any CPU
		{618C04F3-084D-4683-9130-C412B159E03F}.Release|iPhoneSimulator.Deploy.0 = Release|Any CPU
		{618C04F3-084D-4683-9130-C412B159E03F}.Release|x64.ActiveCfg = Release|Any CPU
		{618C04F3-084D-4683-9130-C412B159E03F}.Release|x64.Build.0 = Release|Any CPU
		{618C04F3-084D-4683-9130-C412B159E03F}.Release|x64.Deploy.0 = Release|Any CPU
		{618C04F3-084D-4683-9130-C412B159E03F}.Release|x86.ActiveCfg = Release|Any CPU
		{618C04F3-084D-4683-9130-C412B159E03F}.Release|x86.Build.0 = Release|Any CPU
		{618C04F3-084D-4683-9130-C412B159E03F}.Release|x86.Deploy.0 = Release|Any CPU
		{00F10B45-85EB-4A07-834B-C69B8CE14D56}.Ad-Hoc|Any CPU.ActiveCfg = Release|Any CPU
		{00F10B45-85EB-4A07-834B-C69B8CE14D56}.Ad-Hoc|Any CPU.Build.0 = Release|Any CPU
		{00F10B45-85EB-4A07-834B-C69B8CE14D56}.Ad-Hoc|ARM.ActiveCfg = Release|Any CPU
		{00F10B45-85EB-4A07-834B-C69B8CE14D56}.Ad-Hoc|ARM.Build.0 = Release|Any CPU
		{00F10B45-85EB-4A07-834B-C69B8CE14D56}.Ad-Hoc|iPhone.ActiveCfg = Release|Any CPU
		{00F10B45-85EB-4A07-834B-C69B8CE14D56}.Ad-Hoc|iPhone.Build.0 = Release|Any CPU
		{00F10B45-85EB-4A07-834B-C69B8CE14D56}.Ad-Hoc|iPhoneSimulator.ActiveCfg = Release|Any CPU
		{00F10B45-85EB-4A07-834B-C69B8CE14D56}.Ad-Hoc|iPhoneSimulator.Build.0 = Release|Any CPU
		{00F10B45-85EB-4A07-834B-C69B8CE14D56}.Ad-Hoc|x64.ActiveCfg = Release|Any CPU
		{00F10B45-85EB-4A07-834B-C69B8CE14D56}.Ad-Hoc|x64.Build.0 = Release|Any CPU
		{00F10B45-85EB-4A07-834B-C69B8CE14D56}.Ad-Hoc|x86.ActiveCfg = Release|Any CPU
		{00F10B45-85EB-4A07-834B-C69B8CE14D56}.Ad-Hoc|x86.Build.0 = Release|Any CPU
		{00F10B45-85EB-4A07-834B-C69B8CE14D56}.AppStore|Any CPU.ActiveCfg = Release|Any CPU
		{00F10B45-85EB-4A07-834B-C69B8CE14D56}.AppStore|Any CPU.Build.0 = Release|Any CPU
		{00F10B45-85EB-4A07-834B-C69B8CE14D56}.AppStore|ARM.ActiveCfg = Release|Any CPU
		{00F10B45-85EB-4A07-834B-C69B8CE14D56}.AppStore|ARM.Build.0 = Release|Any CPU
		{00F10B45-85EB-4A07-834B-C69B8CE14D56}.AppStore|iPhone.ActiveCfg = Release|Any CPU
		{00F10B45-85EB-4A07-834B-C69B8CE14D56}.AppStore|iPhone.Build.0 = Release|Any CPU
		{00F10B45-85EB-4A07-834B-C69B8CE14D56}.AppStore|iPhoneSimulator.ActiveCfg = Release|Any CPU
		{00F10B45-85EB-4A07-834B-C69B8CE14D56}.AppStore|iPhoneSimulator.Build.0 = Release|Any CPU
		{00F10B45-85EB-4A07-834B-C69B8CE14D56}.AppStore|x64.ActiveCfg = Release|Any CPU
		{00F10B45-85EB-4A07-834B-C69B8CE14D56}.AppStore|x64.Build.0 = Release|Any CPU
		{00F10B45-85EB-4A07-834B-C69B8CE14D56}.AppStore|x86.ActiveCfg = Release|Any CPU
		{00F10B45-85EB-4A07-834B-C69B8CE14D56}.AppStore|x86.Build.0 = Release|Any CPU
		{00F10B45-85EB-4A07-834B-C69B8CE14D56}.Debug|Any CPU.ActiveCfg = Debug|Any CPU
		{00F10B45-85EB-4A07-834B-C69B8CE14D56}.Debug|Any CPU.Build.0 = Debug|Any CPU
		{00F10B45-85EB-4A07-834B-C69B8CE14D56}.Debug|ARM.ActiveCfg = Debug|Any CPU
		{00F10B45-85EB-4A07-834B-C69B8CE14D56}.Debug|ARM.Build.0 = Debug|Any CPU
		{00F10B45-85EB-4A07-834B-C69B8CE14D56}.Debug|iPhone.ActiveCfg = Debug|Any CPU
		{00F10B45-85EB-4A07-834B-C69B8CE14D56}.Debug|iPhone.Build.0 = Debug|Any CPU
		{00F10B45-85EB-4A07-834B-C69B8CE14D56}.Debug|iPhoneSimulator.ActiveCfg = Debug|Any CPU
		{00F10B45-85EB-4A07-834B-C69B8CE14D56}.Debug|iPhoneSimulator.Build.0 = Debug|Any CPU
		{00F10B45-85EB-4A07-834B-C69B8CE14D56}.Debug|x64.ActiveCfg = Debug|Any CPU
		{00F10B45-85EB-4A07-834B-C69B8CE14D56}.Debug|x64.Build.0 = Debug|Any CPU
		{00F10B45-85EB-4A07-834B-C69B8CE14D56}.Debug|x86.ActiveCfg = Debug|Any CPU
		{00F10B45-85EB-4A07-834B-C69B8CE14D56}.Debug|x86.Build.0 = Debug|Any CPU
		{00F10B45-85EB-4A07-834B-C69B8CE14D56}.Release|Any CPU.ActiveCfg = Release|Any CPU
		{00F10B45-85EB-4A07-834B-C69B8CE14D56}.Release|Any CPU.Build.0 = Release|Any CPU
		{00F10B45-85EB-4A07-834B-C69B8CE14D56}.Release|ARM.ActiveCfg = Release|Any CPU
		{00F10B45-85EB-4A07-834B-C69B8CE14D56}.Release|ARM.Build.0 = Release|Any CPU
		{00F10B45-85EB-4A07-834B-C69B8CE14D56}.Release|iPhone.ActiveCfg = Release|Any CPU
		{00F10B45-85EB-4A07-834B-C69B8CE14D56}.Release|iPhone.Build.0 = Release|Any CPU
		{00F10B45-85EB-4A07-834B-C69B8CE14D56}.Release|iPhoneSimulator.ActiveCfg = Release|Any CPU
		{00F10B45-85EB-4A07-834B-C69B8CE14D56}.Release|iPhoneSimulator.Build.0 = Release|Any CPU
		{00F10B45-85EB-4A07-834B-C69B8CE14D56}.Release|x64.ActiveCfg = Release|Any CPU
		{00F10B45-85EB-4A07-834B-C69B8CE14D56}.Release|x64.Build.0 = Release|Any CPU
		{00F10B45-85EB-4A07-834B-C69B8CE14D56}.Release|x86.ActiveCfg = Release|Any CPU
		{00F10B45-85EB-4A07-834B-C69B8CE14D56}.Release|x86.Build.0 = Release|Any CPU
		{8E6E05D0-C90A-459C-8DAA-F555A4642E3D}.Ad-Hoc|Any CPU.ActiveCfg = Release|x86
		{8E6E05D0-C90A-459C-8DAA-F555A4642E3D}.Ad-Hoc|Any CPU.Build.0 = Release|x86
		{8E6E05D0-C90A-459C-8DAA-F555A4642E3D}.Ad-Hoc|Any CPU.Deploy.0 = Release|x86
		{8E6E05D0-C90A-459C-8DAA-F555A4642E3D}.Ad-Hoc|ARM.ActiveCfg = Release|ARM
		{8E6E05D0-C90A-459C-8DAA-F555A4642E3D}.Ad-Hoc|ARM.Build.0 = Release|ARM
		{8E6E05D0-C90A-459C-8DAA-F555A4642E3D}.Ad-Hoc|ARM.Deploy.0 = Release|ARM
		{8E6E05D0-C90A-459C-8DAA-F555A4642E3D}.Ad-Hoc|iPhone.ActiveCfg = Release|x86
		{8E6E05D0-C90A-459C-8DAA-F555A4642E3D}.Ad-Hoc|iPhone.Build.0 = Release|x86
		{8E6E05D0-C90A-459C-8DAA-F555A4642E3D}.Ad-Hoc|iPhone.Deploy.0 = Release|x86
		{8E6E05D0-C90A-459C-8DAA-F555A4642E3D}.Ad-Hoc|iPhoneSimulator.ActiveCfg = Release|x86
		{8E6E05D0-C90A-459C-8DAA-F555A4642E3D}.Ad-Hoc|iPhoneSimulator.Build.0 = Release|x86
		{8E6E05D0-C90A-459C-8DAA-F555A4642E3D}.Ad-Hoc|iPhoneSimulator.Deploy.0 = Release|x86
		{8E6E05D0-C90A-459C-8DAA-F555A4642E3D}.Ad-Hoc|x64.ActiveCfg = Release|x64
		{8E6E05D0-C90A-459C-8DAA-F555A4642E3D}.Ad-Hoc|x64.Build.0 = Release|x64
		{8E6E05D0-C90A-459C-8DAA-F555A4642E3D}.Ad-Hoc|x64.Deploy.0 = Release|x64
		{8E6E05D0-C90A-459C-8DAA-F555A4642E3D}.Ad-Hoc|x86.ActiveCfg = Release|x86
		{8E6E05D0-C90A-459C-8DAA-F555A4642E3D}.Ad-Hoc|x86.Build.0 = Release|x86
		{8E6E05D0-C90A-459C-8DAA-F555A4642E3D}.Ad-Hoc|x86.Deploy.0 = Release|x86
		{8E6E05D0-C90A-459C-8DAA-F555A4642E3D}.AppStore|Any CPU.ActiveCfg = Release|x86
		{8E6E05D0-C90A-459C-8DAA-F555A4642E3D}.AppStore|Any CPU.Build.0 = Release|x86
		{8E6E05D0-C90A-459C-8DAA-F555A4642E3D}.AppStore|Any CPU.Deploy.0 = Release|x86
		{8E6E05D0-C90A-459C-8DAA-F555A4642E3D}.AppStore|ARM.ActiveCfg = Release|ARM
		{8E6E05D0-C90A-459C-8DAA-F555A4642E3D}.AppStore|ARM.Build.0 = Release|ARM
		{8E6E05D0-C90A-459C-8DAA-F555A4642E3D}.AppStore|ARM.Deploy.0 = Release|ARM
		{8E6E05D0-C90A-459C-8DAA-F555A4642E3D}.AppStore|iPhone.ActiveCfg = Release|x86
		{8E6E05D0-C90A-459C-8DAA-F555A4642E3D}.AppStore|iPhone.Build.0 = Release|x86
		{8E6E05D0-C90A-459C-8DAA-F555A4642E3D}.AppStore|iPhone.Deploy.0 = Release|x86
		{8E6E05D0-C90A-459C-8DAA-F555A4642E3D}.AppStore|iPhoneSimulator.ActiveCfg = Release|x86
		{8E6E05D0-C90A-459C-8DAA-F555A4642E3D}.AppStore|iPhoneSimulator.Build.0 = Release|x86
		{8E6E05D0-C90A-459C-8DAA-F555A4642E3D}.AppStore|iPhoneSimulator.Deploy.0 = Release|x86
		{8E6E05D0-C90A-459C-8DAA-F555A4642E3D}.AppStore|x64.ActiveCfg = Release|x64
		{8E6E05D0-C90A-459C-8DAA-F555A4642E3D}.AppStore|x64.Build.0 = Release|x64
		{8E6E05D0-C90A-459C-8DAA-F555A4642E3D}.AppStore|x64.Deploy.0 = Release|x64
		{8E6E05D0-C90A-459C-8DAA-F555A4642E3D}.AppStore|x86.ActiveCfg = Release|x86
		{8E6E05D0-C90A-459C-8DAA-F555A4642E3D}.AppStore|x86.Build.0 = Release|x86
		{8E6E05D0-C90A-459C-8DAA-F555A4642E3D}.AppStore|x86.Deploy.0 = Release|x86
		{8E6E05D0-C90A-459C-8DAA-F555A4642E3D}.Debug|Any CPU.ActiveCfg = Debug|x86
		{8E6E05D0-C90A-459C-8DAA-F555A4642E3D}.Debug|ARM.ActiveCfg = Debug|ARM
		{8E6E05D0-C90A-459C-8DAA-F555A4642E3D}.Debug|ARM.Build.0 = Debug|ARM
		{8E6E05D0-C90A-459C-8DAA-F555A4642E3D}.Debug|ARM.Deploy.0 = Debug|ARM
		{8E6E05D0-C90A-459C-8DAA-F555A4642E3D}.Debug|iPhone.ActiveCfg = Debug|x86
		{8E6E05D0-C90A-459C-8DAA-F555A4642E3D}.Debug|iPhoneSimulator.ActiveCfg = Debug|x86
		{8E6E05D0-C90A-459C-8DAA-F555A4642E3D}.Debug|x64.ActiveCfg = Debug|x64
		{8E6E05D0-C90A-459C-8DAA-F555A4642E3D}.Debug|x64.Build.0 = Debug|x64
		{8E6E05D0-C90A-459C-8DAA-F555A4642E3D}.Debug|x64.Deploy.0 = Debug|x64
		{8E6E05D0-C90A-459C-8DAA-F555A4642E3D}.Debug|x86.ActiveCfg = Debug|x86
		{8E6E05D0-C90A-459C-8DAA-F555A4642E3D}.Debug|x86.Build.0 = Debug|x86
		{8E6E05D0-C90A-459C-8DAA-F555A4642E3D}.Debug|x86.Deploy.0 = Debug|x86
		{8E6E05D0-C90A-459C-8DAA-F555A4642E3D}.Release|Any CPU.ActiveCfg = Release|x86
		{8E6E05D0-C90A-459C-8DAA-F555A4642E3D}.Release|ARM.ActiveCfg = Release|ARM
		{8E6E05D0-C90A-459C-8DAA-F555A4642E3D}.Release|ARM.Build.0 = Release|ARM
		{8E6E05D0-C90A-459C-8DAA-F555A4642E3D}.Release|ARM.Deploy.0 = Release|ARM
		{8E6E05D0-C90A-459C-8DAA-F555A4642E3D}.Release|iPhone.ActiveCfg = Release|x86
		{8E6E05D0-C90A-459C-8DAA-F555A4642E3D}.Release|iPhoneSimulator.ActiveCfg = Release|x86
		{8E6E05D0-C90A-459C-8DAA-F555A4642E3D}.Release|x64.ActiveCfg = Release|x64
		{8E6E05D0-C90A-459C-8DAA-F555A4642E3D}.Release|x64.Build.0 = Release|x64
		{8E6E05D0-C90A-459C-8DAA-F555A4642E3D}.Release|x64.Deploy.0 = Release|x64
		{8E6E05D0-C90A-459C-8DAA-F555A4642E3D}.Release|x86.ActiveCfg = Release|x86
		{8E6E05D0-C90A-459C-8DAA-F555A4642E3D}.Release|x86.Build.0 = Release|x86
		{8E6E05D0-C90A-459C-8DAA-F555A4642E3D}.Release|x86.Deploy.0 = Release|x86
		{DC3FD192-553F-4B8B-B135-6761CB8074FA}.Ad-Hoc|Any CPU.ActiveCfg = Ad-Hoc|iPhone
		{DC3FD192-553F-4B8B-B135-6761CB8074FA}.Ad-Hoc|ARM.ActiveCfg = Ad-Hoc|iPhone
		{DC3FD192-553F-4B8B-B135-6761CB8074FA}.Ad-Hoc|iPhone.ActiveCfg = Ad-Hoc|iPhone
		{DC3FD192-553F-4B8B-B135-6761CB8074FA}.Ad-Hoc|iPhone.Build.0 = Ad-Hoc|iPhone
		{DC3FD192-553F-4B8B-B135-6761CB8074FA}.Ad-Hoc|iPhoneSimulator.ActiveCfg = Ad-Hoc|iPhoneSimulator
		{DC3FD192-553F-4B8B-B135-6761CB8074FA}.Ad-Hoc|iPhoneSimulator.Build.0 = Ad-Hoc|iPhoneSimulator
		{DC3FD192-553F-4B8B-B135-6761CB8074FA}.Ad-Hoc|x64.ActiveCfg = Ad-Hoc|iPhone
		{DC3FD192-553F-4B8B-B135-6761CB8074FA}.Ad-Hoc|x86.ActiveCfg = Ad-Hoc|iPhone
		{DC3FD192-553F-4B8B-B135-6761CB8074FA}.AppStore|Any CPU.ActiveCfg = AppStore|iPhone
		{DC3FD192-553F-4B8B-B135-6761CB8074FA}.AppStore|ARM.ActiveCfg = AppStore|iPhone
		{DC3FD192-553F-4B8B-B135-6761CB8074FA}.AppStore|iPhone.ActiveCfg = AppStore|iPhone
		{DC3FD192-553F-4B8B-B135-6761CB8074FA}.AppStore|iPhone.Build.0 = AppStore|iPhone
		{DC3FD192-553F-4B8B-B135-6761CB8074FA}.AppStore|iPhoneSimulator.ActiveCfg = AppStore|iPhoneSimulator
		{DC3FD192-553F-4B8B-B135-6761CB8074FA}.AppStore|iPhoneSimulator.Build.0 = AppStore|iPhoneSimulator
		{DC3FD192-553F-4B8B-B135-6761CB8074FA}.AppStore|x64.ActiveCfg = AppStore|iPhone
		{DC3FD192-553F-4B8B-B135-6761CB8074FA}.AppStore|x86.ActiveCfg = AppStore|iPhone
		{DC3FD192-553F-4B8B-B135-6761CB8074FA}.Debug|Any CPU.ActiveCfg = Debug|iPhone
		{DC3FD192-553F-4B8B-B135-6761CB8074FA}.Debug|ARM.ActiveCfg = Debug|iPhone
		{DC3FD192-553F-4B8B-B135-6761CB8074FA}.Debug|iPhone.ActiveCfg = Debug|iPhone
		{DC3FD192-553F-4B8B-B135-6761CB8074FA}.Debug|iPhone.Build.0 = Debug|iPhone
		{DC3FD192-553F-4B8B-B135-6761CB8074FA}.Debug|iPhoneSimulator.ActiveCfg = Debug|iPhoneSimulator
		{DC3FD192-553F-4B8B-B135-6761CB8074FA}.Debug|iPhoneSimulator.Build.0 = Debug|iPhoneSimulator
		{DC3FD192-553F-4B8B-B135-6761CB8074FA}.Debug|x64.ActiveCfg = Debug|iPhone
		{DC3FD192-553F-4B8B-B135-6761CB8074FA}.Debug|x86.ActiveCfg = Debug|iPhone
		{DC3FD192-553F-4B8B-B135-6761CB8074FA}.Release|Any CPU.ActiveCfg = Release|iPhone
		{DC3FD192-553F-4B8B-B135-6761CB8074FA}.Release|ARM.ActiveCfg = Release|iPhone
		{DC3FD192-553F-4B8B-B135-6761CB8074FA}.Release|iPhone.ActiveCfg = Release|iPhone
		{DC3FD192-553F-4B8B-B135-6761CB8074FA}.Release|iPhone.Build.0 = Release|iPhone
		{DC3FD192-553F-4B8B-B135-6761CB8074FA}.Release|iPhoneSimulator.ActiveCfg = Release|iPhoneSimulator
		{DC3FD192-553F-4B8B-B135-6761CB8074FA}.Release|iPhoneSimulator.Build.0 = Release|iPhoneSimulator
		{DC3FD192-553F-4B8B-B135-6761CB8074FA}.Release|x64.ActiveCfg = Release|iPhone
		{DC3FD192-553F-4B8B-B135-6761CB8074FA}.Release|x86.ActiveCfg = Release|iPhone
	EndGlobalSection
	GlobalSection(SolutionProperties) = preSolution
		HideSolutionNode = FALSE
	EndGlobalSection
EndGlobal
