
Microsoft Visual Studio Solution File, Format Version 12.00
# Visual Studio 15
VisualStudioVersion = 15.0.26430.16
MinimumVisualStudioVersion = 10.0.40219.1
Project("{FAE04EC0-301F-11D3-BF4B-00C04F79EFBC}") = "e1", "e1\e1.csproj", "{B08E3C50-9B52-4246-8438-F090E362EBE6}"
EndProject
Project("{FAE04EC0-301F-11D3-BF4B-00C04F79EFBC}") = "e2", "e2\e2.csproj", "{27205430-FCAC-4D05-96C4-C7F11FE4A5F3}"
EndProject
Project("{FAE04EC0-301F-11D3-BF4B-00C04F79EFBC}") = "e3", "e3\e3.csproj", "{9690B815-CCA5-4C7D-9633-49C7258FF2CE}"
EndProject
Project("{FAE04EC0-301F-11D3-BF4B-00C04F79EFBC}") = "e4", "e4\e4.csproj", "{617F2207-2E88-4D6D-9D7C-48427BFD6A76}"
EndProject
Project("{FAE04EC0-301F-11D3-BF4B-00C04F79EFBC}") = "e5", "e5\e5.csproj", "{E07FBA15-4DD4-4DA8-BCF1-D1ED2D968BA0}"
EndProject
Project("{FAE04EC0-301F-11D3-BF4B-00C04F79EFBC}") = "e6", "e6\e6.csproj", "{3565DD38-BE3E-4066-BA07-03D93D21AC51}"
EndProject
Global
	GlobalSection(SolutionConfigurationPlatforms) = preSolution
		Debug|Any CPU = Debug|Any CPU
		Release|Any CPU = Release|Any CPU
	EndGlobalSection
	GlobalSection(ProjectConfigurationPlatforms) = postSolution
		{B08E3C50-9B52-4246-8438-F090E362EBE6}.Debug|Any CPU.ActiveCfg = Debug|Any CPU
		{B08E3C50-9B52-4246-8438-F090E362EBE6}.Debug|Any CPU.Build.0 = Debug|Any CPU
		{B08E3C50-9B52-4246-8438-F090E362EBE6}.Release|Any CPU.ActiveCfg = Release|Any CPU
		{B08E3C50-9B52-4246-8438-F090E362EBE6}.Release|Any CPU.Build.0 = Release|Any CPU
		{27205430-FCAC-4D05-96C4-C7F11FE4A5F3}.Debug|Any CPU.ActiveCfg = Debug|Any CPU
		{27205430-FCAC-4D05-96C4-C7F11FE4A5F3}.Debug|Any CPU.Build.0 = Debug|Any CPU
		{27205430-FCAC-4D05-96C4-C7F11FE4A5F3}.Release|Any CPU.ActiveCfg = Release|Any CPU
		{27205430-FCAC-4D05-96C4-C7F11FE4A5F3}.Release|Any CPU.Build.0 = Release|Any CPU
		{9690B815-CCA5-4C7D-9633-49C7258FF2CE}.Debug|Any CPU.ActiveCfg = Debug|Any CPU
		{9690B815-CCA5-4C7D-9633-49C7258FF2CE}.Debug|Any CPU.Build.0 = Debug|Any CPU
		{9690B815-CCA5-4C7D-9633-49C7258FF2CE}.Release|Any CPU.ActiveCfg = Release|Any CPU
		{9690B815-CCA5-4C7D-9633-49C7258FF2CE}.Release|Any CPU.Build.0 = Release|Any CPU
		{617F2207-2E88-4D6D-9D7C-48427BFD6A76}.Debug|Any CPU.ActiveCfg = Debug|Any CPU
		{617F2207-2E88-4D6D-9D7C-48427BFD6A76}.Debug|Any CPU.Build.0 = Debug|Any CPU
		{617F2207-2E88-4D6D-9D7C-48427BFD6A76}.Release|Any CPU.ActiveCfg = Release|Any CPU
		{617F2207-2E88-4D6D-9D7C-48427BFD6A76}.Release|Any CPU.Build.0 = Release|Any CPU
		{E07FBA15-4DD4-4DA8-BCF1-D1ED2D968BA0}.Debug|Any CPU.ActiveCfg = Debug|Any CPU
		{E07FBA15-4DD4-4DA8-BCF1-D1ED2D968BA0}.Debug|Any CPU.Build.0 = Debug|Any CPU
		{E07FBA15-4DD4-4DA8-BCF1-D1ED2D968BA0}.Release|Any CPU.ActiveCfg = Release|Any CPU
		{E07FBA15-4DD4-4DA8-BCF1-D1ED2D968BA0}.Release|Any CPU.Build.0 = Release|Any CPU
		{3565DD38-BE3E-4066-BA07-03D93D21AC51}.Debug|Any CPU.ActiveCfg = Debug|Any CPU
		{3565DD38-BE3E-4066-BA07-03D93D21AC51}.Debug|Any CPU.Build.0 = Debug|Any CPU
		{3565DD38-BE3E-4066-BA07-03D93D21AC51}.Release|Any CPU.ActiveCfg = Release|Any CPU
		{3565DD38-BE3E-4066-BA07-03D93D21AC51}.Release|Any CPU.Build.0 = Release|Any CPU
	EndGlobalSection
	GlobalSection(SolutionProperties) = preSolution
		HideSolutionNode = FALSE
	EndGlobalSection
EndGlobal
