
Microsoft Visual Studio Solution File, Format Version 12.00
# Visual Studio 15
VisualStudioVersion = 15.0.26430.16
MinimumVisualStudioVersion = 10.0.40219.1
Project("{D954291E-2A0B-460D-934E-DC6B0785DB48}") = "e3", "e3\e3\e3.shproj", "{F6A869BB-0B0E-4589-8342-1241DDAA400B}"
EndProject
Project("{FAE04EC0-301F-11D3-BF4B-00C04F79EFBC}") = "e3.Android", "e3\e3.Android\e3.Android.csproj", "{155AF544-9B7A-455F-B915-8944C60B98BE}"
EndProject
Project("{FAE04EC0-301F-11D3-BF4B-00C04F79EFBC}") = "e3.iOS", "e3\e3.iOS\e3.iOS.csproj", "{B9C221E1-248A-4845-A217-E45BC973F593}"
EndProject
Project("{FAE04EC0-301F-11D3-BF4B-00C04F79EFBC}") = "e3.UWP", "e3\e3.UWP\e3.UWP.csproj", "{8F04BC78-B894-4F3F-AEE6-2E9FC09DB839}"
EndProject
Global
	GlobalSection(SharedMSBuildProjectFiles) = preSolution
		e3\e3\e3.projitems*{155af544-9b7a-455f-b915-8944c60b98be}*SharedItemsImports = 4
		e3\e3\e3.projitems*{b9c221e1-248a-4845-a217-e45bc973f593}*SharedItemsImports = 4
		e3\e3\e3.projitems*{f6a869bb-0b0e-4589-8342-1241ddaa400b}*SharedItemsImports = 13
	EndGlobalSection
	GlobalSection(SolutionConfigurationPlatforms) = preSolution
		Ad-Hoc|Any CPU = Ad-Hoc|Any CPU
		Ad-Hoc|ARM = Ad-Hoc|ARM
		Ad-Hoc|iPhone = Ad-Hoc|iPhone
		Ad-Hoc|iPhoneSimulator = Ad-Hoc|iPhoneSimulator
		Ad-Hoc|x64 = Ad-Hoc|x64
		Ad-Hoc|x86 = Ad-Hoc|x86
		AppStore|Any CPU = AppStore|Any CPU
		AppStore|ARM = AppStore|ARM
		AppStore|iPhone = AppStore|iPhone
		AppStore|iPhoneSimulator = AppStore|iPhoneSimulator
		AppStore|x64 = AppStore|x64
		AppStore|x86 = AppStore|x86
		Debug|Any CPU = Debug|Any CPU
		Debug|ARM = Debug|ARM
		Debug|iPhone = Debug|iPhone
		Debug|iPhoneSimulator = Debug|iPhoneSimulator
		Debug|x64 = Debug|x64
		Debug|x86 = Debug|x86
		Release|Any CPU = Release|Any CPU
		Release|ARM = Release|ARM
		Release|iPhone = Release|iPhone
		Release|iPhoneSimulator = Release|iPhoneSimulator
		Release|x64 = Release|x64
		Release|x86 = Release|x86
	EndGlobalSection
	GlobalSection(ProjectConfigurationPlatforms) = postSolution
		{155AF544-9B7A-455F-B915-8944C60B98BE}.Ad-Hoc|Any CPU.ActiveCfg = Release|Any CPU
		{155AF544-9B7A-455F-B915-8944C60B98BE}.Ad-Hoc|Any CPU.Build.0 = Release|Any CPU
		{155AF544-9B7A-455F-B915-8944C60B98BE}.Ad-Hoc|Any CPU.Deploy.0 = Release|Any CPU
		{155AF544-9B7A-455F-B915-8944C60B98BE}.Ad-Hoc|ARM.ActiveCfg = Release|Any CPU
		{155AF544-9B7A-455F-B915-8944C60B98BE}.Ad-Hoc|ARM.Build.0 = Release|Any CPU
		{155AF544-9B7A-455F-B915-8944C60B98BE}.Ad-Hoc|ARM.Deploy.0 = Release|Any CPU
		{155AF544-9B7A-455F-B915-8944C60B98BE}.Ad-Hoc|iPhone.ActiveCfg = Release|Any CPU
		{155AF544-9B7A-455F-B915-8944C60B98BE}.Ad-Hoc|iPhone.Build.0 = Release|Any CPU
		{155AF544-9B7A-455F-B915-8944C60B98BE}.Ad-Hoc|iPhone.Deploy.0 = Release|Any CPU
		{155AF544-9B7A-455F-B915-8944C60B98BE}.Ad-Hoc|iPhoneSimulator.ActiveCfg = Release|Any CPU
		{155AF544-9B7A-455F-B915-8944C60B98BE}.Ad-Hoc|iPhoneSimulator.Build.0 = Release|Any CPU
		{155AF544-9B7A-455F-B915-8944C60B98BE}.Ad-Hoc|iPhoneSimulator.Deploy.0 = Release|Any CPU
		{155AF544-9B7A-455F-B915-8944C60B98BE}.Ad-Hoc|x64.ActiveCfg = Release|Any CPU
		{155AF544-9B7A-455F-B915-8944C60B98BE}.Ad-Hoc|x64.Build.0 = Release|Any CPU
		{155AF544-9B7A-455F-B915-8944C60B98BE}.Ad-Hoc|x64.Deploy.0 = Release|Any CPU
		{155AF544-9B7A-455F-B915-8944C60B98BE}.Ad-Hoc|x86.ActiveCfg = Release|Any CPU
		{155AF544-9B7A-455F-B915-8944C60B98BE}.Ad-Hoc|x86.Build.0 = Release|Any CPU
		{155AF544-9B7A-455F-B915-8944C60B98BE}.Ad-Hoc|x86.Deploy.0 = Release|Any CPU
		{155AF544-9B7A-455F-B915-8944C60B98BE}.AppStore|Any CPU.ActiveCfg = Release|Any CPU
		{155AF544-9B7A-455F-B915-8944C60B98BE}.AppStore|Any CPU.Build.0 = Release|Any CPU
		{155AF544-9B7A-455F-B915-8944C60B98BE}.AppStore|Any CPU.Deploy.0 = Release|Any CPU
		{155AF544-9B7A-455F-B915-8944C60B98BE}.AppStore|ARM.ActiveCfg = Release|Any CPU
		{155AF544-9B7A-455F-B915-8944C60B98BE}.AppStore|ARM.Build.0 = Release|Any CPU
		{155AF544-9B7A-455F-B915-8944C60B98BE}.AppStore|ARM.Deploy.0 = Release|Any CPU
		{155AF544-9B7A-455F-B915-8944C60B98BE}.AppStore|iPhone.ActiveCfg = Release|Any CPU
		{155AF544-9B7A-455F-B915-8944C60B98BE}.AppStore|iPhone.Build.0 = Release|Any CPU
		{155AF544-9B7A-455F-B915-8944C60B98BE}.AppStore|iPhone.Deploy.0 = Release|Any CPU
		{155AF544-9B7A-455F-B915-8944C60B98BE}.AppStore|iPhoneSimulator.ActiveCfg = Release|Any CPU
		{155AF544-9B7A-455F-B915-8944C60B98BE}.AppStore|iPhoneSimulator.Build.0 = Release|Any CPU
		{155AF544-9B7A-455F-B915-8944C60B98BE}.AppStore|iPhoneSimulator.Deploy.0 = Release|Any CPU
		{155AF544-9B7A-455F-B915-8944C60B98BE}.AppStore|x64.ActiveCfg = Release|Any CPU
		{155AF544-9B7A-455F-B915-8944C60B98BE}.AppStore|x64.Build.0 = Release|Any CPU
		{155AF544-9B7A-455F-B915-8944C60B98BE}.AppStore|x64.Deploy.0 = Release|Any CPU
		{155AF544-9B7A-455F-B915-8944C60B98BE}.AppStore|x86.ActiveCfg = Release|Any CPU
		{155AF544-9B7A-455F-B915-8944C60B98BE}.AppStore|x86.Build.0 = Release|Any CPU
		{155AF544-9B7A-455F-B915-8944C60B98BE}.AppStore|x86.Deploy.0 = Release|Any CPU
		{155AF544-9B7A-455F-B915-8944C60B98BE}.Debug|Any CPU.ActiveCfg = Debug|Any CPU
		{155AF544-9B7A-455F-B915-8944C60B98BE}.Debug|Any CPU.Build.0 = Debug|Any CPU
		{155AF544-9B7A-455F-B915-8944C60B98BE}.Debug|Any CPU.Deploy.0 = Debug|Any CPU
		{155AF544-9B7A-455F-B915-8944C60B98BE}.Debug|ARM.ActiveCfg = Debug|Any CPU
		{155AF544-9B7A-455F-B915-8944C60B98BE}.Debug|ARM.Build.0 = Debug|Any CPU
		{155AF544-9B7A-455F-B915-8944C60B98BE}.Debug|ARM.Deploy.0 = Debug|Any CPU
		{155AF544-9B7A-455F-B915-8944C60B98BE}.Debug|iPhone.ActiveCfg = Debug|Any CPU
		{155AF544-9B7A-455F-B915-8944C60B98BE}.Debug|iPhone.Build.0 = Debug|Any CPU
		{155AF544-9B7A-455F-B915-8944C60B98BE}.Debug|iPhone.Deploy.0 = Debug|Any CPU
		{155AF544-9B7A-455F-B915-8944C60B98BE}.Debug|iPhoneSimulator.ActiveCfg = Debug|Any CPU
		{155AF544-9B7A-455F-B915-8944C60B98BE}.Debug|iPhoneSimulator.Build.0 = Debug|Any CPU
		{155AF544-9B7A-455F-B915-8944C60B98BE}.Debug|iPhoneSimulator.Deploy.0 = Debug|Any CPU
		{155AF544-9B7A-455F-B915-8944C60B98BE}.Debug|x64.ActiveCfg = Debug|Any CPU
		{155AF544-9B7A-455F-B915-8944C60B98BE}.Debug|x64.Build.0 = Debug|Any CPU
		{155AF544-9B7A-455F-B915-8944C60B98BE}.Debug|x64.Deploy.0 = Debug|Any CPU
		{155AF544-9B7A-455F-B915-8944C60B98BE}.Debug|x86.ActiveCfg = Debug|Any CPU
		{155AF544-9B7A-455F-B915-8944C60B98BE}.Debug|x86.Build.0 = Debug|Any CPU
		{155AF544-9B7A-455F-B915-8944C60B98BE}.Debug|x86.Deploy.0 = Debug|Any CPU
		{155AF544-9B7A-455F-B915-8944C60B98BE}.Release|Any CPU.ActiveCfg = Release|Any CPU
		{155AF544-9B7A-455F-B915-8944C60B98BE}.Release|Any CPU.Build.0 = Release|Any CPU
		{155AF544-9B7A-455F-B915-8944C60B98BE}.Release|Any CPU.Deploy.0 = Release|Any CPU
		{155AF544-9B7A-455F-B915-8944C60B98BE}.Release|ARM.ActiveCfg = Release|Any CPU
		{155AF544-9B7A-455F-B915-8944C60B98BE}.Release|ARM.Build.0 = Release|Any CPU
		{155AF544-9B7A-455F-B915-8944C60B98BE}.Release|ARM.Deploy.0 = Release|Any CPU
		{155AF544-9B7A-455F-B915-8944C60B98BE}.Release|iPhone.ActiveCfg = Release|Any CPU
		{155AF544-9B7A-455F-B915-8944C60B98BE}.Release|iPhone.Build.0 = Release|Any CPU
		{155AF544-9B7A-455F-B915-8944C60B98BE}.Release|iPhone.Deploy.0 = Release|Any CPU
		{155AF544-9B7A-455F-B915-8944C60B98BE}.Release|iPhoneSimulator.ActiveCfg = Release|Any CPU
		{155AF544-9B7A-455F-B915-8944C60B98BE}.Release|iPhoneSimulator.Build.0 = Release|Any CPU
		{155AF544-9B7A-455F-B915-8944C60B98BE}.Release|iPhoneSimulator.Deploy.0 = Release|Any CPU
		{155AF544-9B7A-455F-B915-8944C60B98BE}.Release|x64.ActiveCfg = Release|Any CPU
		{155AF544-9B7A-455F-B915-8944C60B98BE}.Release|x64.Build.0 = Release|Any CPU
		{155AF544-9B7A-455F-B915-8944C60B98BE}.Release|x64.Deploy.0 = Release|Any CPU
		{155AF544-9B7A-455F-B915-8944C60B98BE}.Release|x86.ActiveCfg = Release|Any CPU
		{155AF544-9B7A-455F-B915-8944C60B98BE}.Release|x86.Build.0 = Release|Any CPU
		{155AF544-9B7A-455F-B915-8944C60B98BE}.Release|x86.Deploy.0 = Release|Any CPU
		{B9C221E1-248A-4845-A217-E45BC973F593}.Ad-Hoc|Any CPU.ActiveCfg = Ad-Hoc|iPhone
		{B9C221E1-248A-4845-A217-E45BC973F593}.Ad-Hoc|ARM.ActiveCfg = Ad-Hoc|iPhone
		{B9C221E1-248A-4845-A217-E45BC973F593}.Ad-Hoc|iPhone.ActiveCfg = Ad-Hoc|iPhone
		{B9C221E1-248A-4845-A217-E45BC973F593}.Ad-Hoc|iPhone.Build.0 = Ad-Hoc|iPhone
		{B9C221E1-248A-4845-A217-E45BC973F593}.Ad-Hoc|iPhoneSimulator.ActiveCfg = Ad-Hoc|iPhoneSimulator
		{B9C221E1-248A-4845-A217-E45BC973F593}.Ad-Hoc|iPhoneSimulator.Build.0 = Ad-Hoc|iPhoneSimulator
		{B9C221E1-248A-4845-A217-E45BC973F593}.Ad-Hoc|x64.ActiveCfg = Ad-Hoc|iPhone
		{B9C221E1-248A-4845-A217-E45BC973F593}.Ad-Hoc|x86.ActiveCfg = Ad-Hoc|iPhone
		{B9C221E1-248A-4845-A217-E45BC973F593}.AppStore|Any CPU.ActiveCfg = AppStore|iPhone
		{B9C221E1-248A-4845-A217-E45BC973F593}.AppStore|ARM.ActiveCfg = AppStore|iPhone
		{B9C221E1-248A-4845-A217-E45BC973F593}.AppStore|iPhone.ActiveCfg = AppStore|iPhone
		{B9C221E1-248A-4845-A217-E45BC973F593}.AppStore|iPhone.Build.0 = AppStore|iPhone
		{B9C221E1-248A-4845-A217-E45BC973F593}.AppStore|iPhoneSimulator.ActiveCfg = AppStore|iPhoneSimulator
		{B9C221E1-248A-4845-A217-E45BC973F593}.AppStore|iPhoneSimulator.Build.0 = AppStore|iPhoneSimulator
		{B9C221E1-248A-4845-A217-E45BC973F593}.AppStore|x64.ActiveCfg = AppStore|iPhone
		{B9C221E1-248A-4845-A217-E45BC973F593}.AppStore|x86.ActiveCfg = AppStore|iPhone
		{B9C221E1-248A-4845-A217-E45BC973F593}.Debug|Any CPU.ActiveCfg = Debug|iPhone
		{B9C221E1-248A-4845-A217-E45BC973F593}.Debug|ARM.ActiveCfg = Debug|iPhone
		{B9C221E1-248A-4845-A217-E45BC973F593}.Debug|iPhone.ActiveCfg = Debug|iPhone
		{B9C221E1-248A-4845-A217-E45BC973F593}.Debug|iPhone.Build.0 = Debug|iPhone
		{B9C221E1-248A-4845-A217-E45BC973F593}.Debug|iPhoneSimulator.ActiveCfg = Debug|iPhoneSimulator
		{B9C221E1-248A-4845-A217-E45BC973F593}.Debug|iPhoneSimulator.Build.0 = Debug|iPhoneSimulator
		{B9C221E1-248A-4845-A217-E45BC973F593}.Debug|x64.ActiveCfg = Debug|iPhone
		{B9C221E1-248A-4845-A217-E45BC973F593}.Debug|x86.ActiveCfg = Debug|iPhone
		{B9C221E1-248A-4845-A217-E45BC973F593}.Release|Any CPU.ActiveCfg = Release|iPhone
		{B9C221E1-248A-4845-A217-E45BC973F593}.Release|ARM.ActiveCfg = Release|iPhone
		{B9C221E1-248A-4845-A217-E45BC973F593}.Release|iPhone.ActiveCfg = Release|iPhone
		{B9C221E1-248A-4845-A217-E45BC973F593}.Release|iPhone.Build.0 = Release|iPhone
		{B9C221E1-248A-4845-A217-E45BC973F593}.Release|iPhoneSimulator.ActiveCfg = Release|iPhoneSimulator
		{B9C221E1-248A-4845-A217-E45BC973F593}.Release|iPhoneSimulator.Build.0 = Release|iPhoneSimulator
		{B9C221E1-248A-4845-A217-E45BC973F593}.Release|x64.ActiveCfg = Release|iPhone
		{B9C221E1-248A-4845-A217-E45BC973F593}.Release|x86.ActiveCfg = Release|iPhone
		{8F04BC78-B894-4F3F-AEE6-2E9FC09DB839}.Ad-Hoc|Any CPU.ActiveCfg = Release|x86
		{8F04BC78-B894-4F3F-AEE6-2E9FC09DB839}.Ad-Hoc|Any CPU.Build.0 = Release|x86
		{8F04BC78-B894-4F3F-AEE6-2E9FC09DB839}.Ad-Hoc|Any CPU.Deploy.0 = Release|x86
		{8F04BC78-B894-4F3F-AEE6-2E9FC09DB839}.Ad-Hoc|ARM.ActiveCfg = Release|ARM
		{8F04BC78-B894-4F3F-AEE6-2E9FC09DB839}.Ad-Hoc|ARM.Build.0 = Release|ARM
		{8F04BC78-B894-4F3F-AEE6-2E9FC09DB839}.Ad-Hoc|ARM.Deploy.0 = Release|ARM
		{8F04BC78-B894-4F3F-AEE6-2E9FC09DB839}.Ad-Hoc|iPhone.ActiveCfg = Release|x86
		{8F04BC78-B894-4F3F-AEE6-2E9FC09DB839}.Ad-Hoc|iPhone.Build.0 = Release|x86
		{8F04BC78-B894-4F3F-AEE6-2E9FC09DB839}.Ad-Hoc|iPhone.Deploy.0 = Release|x86
		{8F04BC78-B894-4F3F-AEE6-2E9FC09DB839}.Ad-Hoc|iPhoneSimulator.ActiveCfg = Release|x86
		{8F04BC78-B894-4F3F-AEE6-2E9FC09DB839}.Ad-Hoc|iPhoneSimulator.Build.0 = Release|x86
		{8F04BC78-B894-4F3F-AEE6-2E9FC09DB839}.Ad-Hoc|iPhoneSimulator.Deploy.0 = Release|x86
		{8F04BC78-B894-4F3F-AEE6-2E9FC09DB839}.Ad-Hoc|x64.ActiveCfg = Release|x64
		{8F04BC78-B894-4F3F-AEE6-2E9FC09DB839}.Ad-Hoc|x64.Build.0 = Release|x64
		{8F04BC78-B894-4F3F-AEE6-2E9FC09DB839}.Ad-Hoc|x64.Deploy.0 = Release|x64
		{8F04BC78-B894-4F3F-AEE6-2E9FC09DB839}.Ad-Hoc|x86.ActiveCfg = Release|x86
		{8F04BC78-B894-4F3F-AEE6-2E9FC09DB839}.Ad-Hoc|x86.Build.0 = Release|x86
		{8F04BC78-B894-4F3F-AEE6-2E9FC09DB839}.Ad-Hoc|x86.Deploy.0 = Release|x86
		{8F04BC78-B894-4F3F-AEE6-2E9FC09DB839}.AppStore|Any CPU.ActiveCfg = Release|x86
		{8F04BC78-B894-4F3F-AEE6-2E9FC09DB839}.AppStore|Any CPU.Build.0 = Release|x86
		{8F04BC78-B894-4F3F-AEE6-2E9FC09DB839}.AppStore|Any CPU.Deploy.0 = Release|x86
		{8F04BC78-B894-4F3F-AEE6-2E9FC09DB839}.AppStore|ARM.ActiveCfg = Release|ARM
		{8F04BC78-B894-4F3F-AEE6-2E9FC09DB839}.AppStore|ARM.Build.0 = Release|ARM
		{8F04BC78-B894-4F3F-AEE6-2E9FC09DB839}.AppStore|ARM.Deploy.0 = Release|ARM
		{8F04BC78-B894-4F3F-AEE6-2E9FC09DB839}.AppStore|iPhone.ActiveCfg = Release|x86
		{8F04BC78-B894-4F3F-AEE6-2E9FC09DB839}.AppStore|iPhone.Build.0 = Release|x86
		{8F04BC78-B894-4F3F-AEE6-2E9FC09DB839}.AppStore|iPhone.Deploy.0 = Release|x86
		{8F04BC78-B894-4F3F-AEE6-2E9FC09DB839}.AppStore|iPhoneSimulator.ActiveCfg = Release|x86
		{8F04BC78-B894-4F3F-AEE6-2E9FC09DB839}.AppStore|iPhoneSimulator.Build.0 = Release|x86
		{8F04BC78-B894-4F3F-AEE6-2E9FC09DB839}.AppStore|iPhoneSimulator.Deploy.0 = Release|x86
		{8F04BC78-B894-4F3F-AEE6-2E9FC09DB839}.AppStore|x64.ActiveCfg = Release|x64
		{8F04BC78-B894-4F3F-AEE6-2E9FC09DB839}.AppStore|x64.Build.0 = Release|x64
		{8F04BC78-B894-4F3F-AEE6-2E9FC09DB839}.AppStore|x64.Deploy.0 = Release|x64
		{8F04BC78-B894-4F3F-AEE6-2E9FC09DB839}.AppStore|x86.ActiveCfg = Release|x86
		{8F04BC78-B894-4F3F-AEE6-2E9FC09DB839}.AppStore|x86.Build.0 = Release|x86
		{8F04BC78-B894-4F3F-AEE6-2E9FC09DB839}.AppStore|x86.Deploy.0 = Release|x86
		{8F04BC78-B894-4F3F-AEE6-2E9FC09DB839}.Debug|Any CPU.ActiveCfg = Debug|x86
		{8F04BC78-B894-4F3F-AEE6-2E9FC09DB839}.Debug|ARM.ActiveCfg = Debug|ARM
		{8F04BC78-B894-4F3F-AEE6-2E9FC09DB839}.Debug|ARM.Build.0 = Debug|ARM
		{8F04BC78-B894-4F3F-AEE6-2E9FC09DB839}.Debug|ARM.Deploy.0 = Debug|ARM
		{8F04BC78-B894-4F3F-AEE6-2E9FC09DB839}.Debug|iPhone.ActiveCfg = Debug|x86
		{8F04BC78-B894-4F3F-AEE6-2E9FC09DB839}.Debug|iPhoneSimulator.ActiveCfg = Debug|x86
		{8F04BC78-B894-4F3F-AEE6-2E9FC09DB839}.Debug|x64.ActiveCfg = Debug|x64
		{8F04BC78-B894-4F3F-AEE6-2E9FC09DB839}.Debug|x64.Build.0 = Debug|x64
		{8F04BC78-B894-4F3F-AEE6-2E9FC09DB839}.Debug|x64.Deploy.0 = Debug|x64
		{8F04BC78-B894-4F3F-AEE6-2E9FC09DB839}.Debug|x86.ActiveCfg = Debug|x86
		{8F04BC78-B894-4F3F-AEE6-2E9FC09DB839}.Debug|x86.Build.0 = Debug|x86
		{8F04BC78-B894-4F3F-AEE6-2E9FC09DB839}.Debug|x86.Deploy.0 = Debug|x86
		{8F04BC78-B894-4F3F-AEE6-2E9FC09DB839}.Release|Any CPU.ActiveCfg = Release|x86
		{8F04BC78-B894-4F3F-AEE6-2E9FC09DB839}.Release|ARM.ActiveCfg = Release|ARM
		{8F04BC78-B894-4F3F-AEE6-2E9FC09DB839}.Release|ARM.Build.0 = Release|ARM
		{8F04BC78-B894-4F3F-AEE6-2E9FC09DB839}.Release|ARM.Deploy.0 = Release|ARM
		{8F04BC78-B894-4F3F-AEE6-2E9FC09DB839}.Release|iPhone.ActiveCfg = Release|x86
		{8F04BC78-B894-4F3F-AEE6-2E9FC09DB839}.Release|iPhoneSimulator.ActiveCfg = Release|x86
		{8F04BC78-B894-4F3F-AEE6-2E9FC09DB839}.Release|x64.ActiveCfg = Release|x64
		{8F04BC78-B894-4F3F-AEE6-2E9FC09DB839}.Release|x64.Build.0 = Release|x64
		{8F04BC78-B894-4F3F-AEE6-2E9FC09DB839}.Release|x64.Deploy.0 = Release|x64
		{8F04BC78-B894-4F3F-AEE6-2E9FC09DB839}.Release|x86.ActiveCfg = Release|x86
		{8F04BC78-B894-4F3F-AEE6-2E9FC09DB839}.Release|x86.Build.0 = Release|x86
		{8F04BC78-B894-4F3F-AEE6-2E9FC09DB839}.Release|x86.Deploy.0 = Release|x86
	EndGlobalSection
	GlobalSection(SolutionProperties) = preSolution
		HideSolutionNode = FALSE
	EndGlobalSection
EndGlobal
