
Microsoft Visual Studio Solution File, Format Version 12.00
# Visual Studio 15
VisualStudioVersion = 15.0.26430.16
MinimumVisualStudioVersion = 10.0.40219.1
Project("{FAE04EC0-301F-11D3-BF4B-00C04F79EFBC}") = "t1.Android", "t1\t1.Android\t1.Android.csproj", "{A5FA2110-D86E-4D97-BD25-D0AA46406E01}"
EndProject
Project("{FAE04EC0-301F-11D3-BF4B-00C04F79EFBC}") = "t1", "t1\t1\t1.csproj", "{8E1DD49B-92C0-47C6-A58C-DC98C54AB36D}"
EndProject
Project("{FAE04EC0-301F-11D3-BF4B-00C04F79EFBC}") = "t1.UWP", "t1\t1.UWP\t1.UWP.csproj", "{2073C3EF-64BF-4E36-908E-72FFD764ADF3}"
EndProject
Project("{FAE04EC0-301F-11D3-BF4B-00C04F79EFBC}") = "t1.iOS", "t1\t1.iOS\t1.iOS.csproj", "{A09AE091-F53A-4866-853F-816ABD417F03}"
EndProject
Global
	GlobalSection(SolutionConfigurationPlatforms) = preSolution
		Ad-Hoc|Any CPU = Ad-Hoc|Any CPU
		Ad-Hoc|ARM = Ad-Hoc|ARM
		Ad-Hoc|iPhone = Ad-Hoc|iPhone
		Ad-Hoc|iPhoneSimulator = Ad-Hoc|iPhoneSimulator
		Ad-Hoc|x64 = Ad-Hoc|x64
		Ad-Hoc|x86 = Ad-Hoc|x86
		AppStore|Any CPU = AppStore|Any CPU
		AppStore|ARM = AppStore|ARM
		AppStore|iPhone = AppStore|iPhone
		AppStore|iPhoneSimulator = AppStore|iPhoneSimulator
		AppStore|x64 = AppStore|x64
		AppStore|x86 = AppStore|x86
		Debug|Any CPU = Debug|Any CPU
		Debug|ARM = Debug|ARM
		Debug|iPhone = Debug|iPhone
		Debug|iPhoneSimulator = Debug|iPhoneSimulator
		Debug|x64 = Debug|x64
		Debug|x86 = Debug|x86
		Release|Any CPU = Release|Any CPU
		Release|ARM = Release|ARM
		Release|iPhone = Release|iPhone
		Release|iPhoneSimulator = Release|iPhoneSimulator
		Release|x64 = Release|x64
		Release|x86 = Release|x86
	EndGlobalSection
	GlobalSection(ProjectConfigurationPlatforms) = postSolution
		{A5FA2110-D86E-4D97-BD25-D0AA46406E01}.Ad-Hoc|Any CPU.ActiveCfg = Release|Any CPU
		{A5FA2110-D86E-4D97-BD25-D0AA46406E01}.Ad-Hoc|Any CPU.Build.0 = Release|Any CPU
		{A5FA2110-D86E-4D97-BD25-D0AA46406E01}.Ad-Hoc|Any CPU.Deploy.0 = Release|Any CPU
		{A5FA2110-D86E-4D97-BD25-D0AA46406E01}.Ad-Hoc|ARM.ActiveCfg = Release|Any CPU
		{A5FA2110-D86E-4D97-BD25-D0AA46406E01}.Ad-Hoc|ARM.Build.0 = Release|Any CPU
		{A5FA2110-D86E-4D97-BD25-D0AA46406E01}.Ad-Hoc|ARM.Deploy.0 = Release|Any CPU
		{A5FA2110-D86E-4D97-BD25-D0AA46406E01}.Ad-Hoc|iPhone.ActiveCfg = Release|Any CPU
		{A5FA2110-D86E-4D97-BD25-D0AA46406E01}.Ad-Hoc|iPhone.Build.0 = Release|Any CPU
		{A5FA2110-D86E-4D97-BD25-D0AA46406E01}.Ad-Hoc|iPhone.Deploy.0 = Release|Any CPU
		{A5FA2110-D86E-4D97-BD25-D0AA46406E01}.Ad-Hoc|iPhoneSimulator.ActiveCfg = Release|Any CPU
		{A5FA2110-D86E-4D97-BD25-D0AA46406E01}.Ad-Hoc|iPhoneSimulator.Build.0 = Release|Any CPU
		{A5FA2110-D86E-4D97-BD25-D0AA46406E01}.Ad-Hoc|iPhoneSimulator.Deploy.0 = Release|Any CPU
		{A5FA2110-D86E-4D97-BD25-D0AA46406E01}.Ad-Hoc|x64.ActiveCfg = Release|Any CPU
		{A5FA2110-D86E-4D97-BD25-D0AA46406E01}.Ad-Hoc|x64.Build.0 = Release|Any CPU
		{A5FA2110-D86E-4D97-BD25-D0AA46406E01}.Ad-Hoc|x64.Deploy.0 = Release|Any CPU
		{A5FA2110-D86E-4D97-BD25-D0AA46406E01}.Ad-Hoc|x86.ActiveCfg = Release|Any CPU
		{A5FA2110-D86E-4D97-BD25-D0AA46406E01}.Ad-Hoc|x86.Build.0 = Release|Any CPU
		{A5FA2110-D86E-4D97-BD25-D0AA46406E01}.Ad-Hoc|x86.Deploy.0 = Release|Any CPU
		{A5FA2110-D86E-4D97-BD25-D0AA46406E01}.AppStore|Any CPU.ActiveCfg = Release|Any CPU
		{A5FA2110-D86E-4D97-BD25-D0AA46406E01}.AppStore|Any CPU.Build.0 = Release|Any CPU
		{A5FA2110-D86E-4D97-BD25-D0AA46406E01}.AppStore|Any CPU.Deploy.0 = Release|Any CPU
		{A5FA2110-D86E-4D97-BD25-D0AA46406E01}.AppStore|ARM.ActiveCfg = Release|Any CPU
		{A5FA2110-D86E-4D97-BD25-D0AA46406E01}.AppStore|ARM.Build.0 = Release|Any CPU
		{A5FA2110-D86E-4D97-BD25-D0AA46406E01}.AppStore|ARM.Deploy.0 = Release|Any CPU
		{A5FA2110-D86E-4D97-BD25-D0AA46406E01}.AppStore|iPhone.ActiveCfg = Release|Any CPU
		{A5FA2110-D86E-4D97-BD25-D0AA46406E01}.AppStore|iPhone.Build.0 = Release|Any CPU
		{A5FA2110-D86E-4D97-BD25-D0AA46406E01}.AppStore|iPhone.Deploy.0 = Release|Any CPU
		{A5FA2110-D86E-4D97-BD25-D0AA46406E01}.AppStore|iPhoneSimulator.ActiveCfg = Release|Any CPU
		{A5FA2110-D86E-4D97-BD25-D0AA46406E01}.AppStore|iPhoneSimulator.Build.0 = Release|Any CPU
		{A5FA2110-D86E-4D97-BD25-D0AA46406E01}.AppStore|iPhoneSimulator.Deploy.0 = Release|Any CPU
		{A5FA2110-D86E-4D97-BD25-D0AA46406E01}.AppStore|x64.ActiveCfg = Release|Any CPU
		{A5FA2110-D86E-4D97-BD25-D0AA46406E01}.AppStore|x64.Build.0 = Release|Any CPU
		{A5FA2110-D86E-4D97-BD25-D0AA46406E01}.AppStore|x64.Deploy.0 = Release|Any CPU
		{A5FA2110-D86E-4D97-BD25-D0AA46406E01}.AppStore|x86.ActiveCfg = Release|Any CPU
		{A5FA2110-D86E-4D97-BD25-D0AA46406E01}.AppStore|x86.Build.0 = Release|Any CPU
		{A5FA2110-D86E-4D97-BD25-D0AA46406E01}.AppStore|x86.Deploy.0 = Release|Any CPU
		{A5FA2110-D86E-4D97-BD25-D0AA46406E01}.Debug|Any CPU.ActiveCfg = Debug|Any CPU
		{A5FA2110-D86E-4D97-BD25-D0AA46406E01}.Debug|Any CPU.Build.0 = Debug|Any CPU
		{A5FA2110-D86E-4D97-BD25-D0AA46406E01}.Debug|Any CPU.Deploy.0 = Debug|Any CPU
		{A5FA2110-D86E-4D97-BD25-D0AA46406E01}.Debug|ARM.ActiveCfg = Debug|Any CPU
		{A5FA2110-D86E-4D97-BD25-D0AA46406E01}.Debug|ARM.Build.0 = Debug|Any CPU
		{A5FA2110-D86E-4D97-BD25-D0AA46406E01}.Debug|ARM.Deploy.0 = Debug|Any CPU
		{A5FA2110-D86E-4D97-BD25-D0AA46406E01}.Debug|iPhone.ActiveCfg = Debug|Any CPU
		{A5FA2110-D86E-4D97-BD25-D0AA46406E01}.Debug|iPhone.Build.0 = Debug|Any CPU
		{A5FA2110-D86E-4D97-BD25-D0AA46406E01}.Debug|iPhone.Deploy.0 = Debug|Any CPU
		{A5FA2110-D86E-4D97-BD25-D0AA46406E01}.Debug|iPhoneSimulator.ActiveCfg = Debug|Any CPU
		{A5FA2110-D86E-4D97-BD25-D0AA46406E01}.Debug|iPhoneSimulator.Build.0 = Debug|Any CPU
		{A5FA2110-D86E-4D97-BD25-D0AA46406E01}.Debug|iPhoneSimulator.Deploy.0 = Debug|Any CPU
		{A5FA2110-D86E-4D97-BD25-D0AA46406E01}.Debug|x64.ActiveCfg = Debug|Any CPU
		{A5FA2110-D86E-4D97-BD25-D0AA46406E01}.Debug|x64.Build.0 = Debug|Any CPU
		{A5FA2110-D86E-4D97-BD25-D0AA46406E01}.Debug|x64.Deploy.0 = Debug|Any CPU
		{A5FA2110-D86E-4D97-BD25-D0AA46406E01}.Debug|x86.ActiveCfg = Debug|Any CPU
		{A5FA2110-D86E-4D97-BD25-D0AA46406E01}.Debug|x86.Build.0 = Debug|Any CPU
		{A5FA2110-D86E-4D97-BD25-D0AA46406E01}.Debug|x86.Deploy.0 = Debug|Any CPU
		{A5FA2110-D86E-4D97-BD25-D0AA46406E01}.Release|Any CPU.ActiveCfg = Release|Any CPU
		{A5FA2110-D86E-4D97-BD25-D0AA46406E01}.Release|Any CPU.Build.0 = Release|Any CPU
		{A5FA2110-D86E-4D97-BD25-D0AA46406E01}.Release|Any CPU.Deploy.0 = Release|Any CPU
		{A5FA2110-D86E-4D97-BD25-D0AA46406E01}.Release|ARM.ActiveCfg = Release|Any CPU
		{A5FA2110-D86E-4D97-BD25-D0AA46406E01}.Release|ARM.Build.0 = Release|Any CPU
		{A5FA2110-D86E-4D97-BD25-D0AA46406E01}.Release|ARM.Deploy.0 = Release|Any CPU
		{A5FA2110-D86E-4D97-BD25-D0AA46406E01}.Release|iPhone.ActiveCfg = Release|Any CPU
		{A5FA2110-D86E-4D97-BD25-D0AA46406E01}.Release|iPhone.Build.0 = Release|Any CPU
		{A5FA2110-D86E-4D97-BD25-D0AA46406E01}.Release|iPhone.Deploy.0 = Release|Any CPU
		{A5FA2110-D86E-4D97-BD25-D0AA46406E01}.Release|iPhoneSimulator.ActiveCfg = Release|Any CPU
		{A5FA2110-D86E-4D97-BD25-D0AA46406E01}.Release|iPhoneSimulator.Build.0 = Release|Any CPU
		{A5FA2110-D86E-4D97-BD25-D0AA46406E01}.Release|iPhoneSimulator.Deploy.0 = Release|Any CPU
		{A5FA2110-D86E-4D97-BD25-D0AA46406E01}.Release|x64.ActiveCfg = Release|Any CPU
		{A5FA2110-D86E-4D97-BD25-D0AA46406E01}.Release|x64.Build.0 = Release|Any CPU
		{A5FA2110-D86E-4D97-BD25-D0AA46406E01}.Release|x64.Deploy.0 = Release|Any CPU
		{A5FA2110-D86E-4D97-BD25-D0AA46406E01}.Release|x86.ActiveCfg = Release|Any CPU
		{A5FA2110-D86E-4D97-BD25-D0AA46406E01}.Release|x86.Build.0 = Release|Any CPU
		{A5FA2110-D86E-4D97-BD25-D0AA46406E01}.Release|x86.Deploy.0 = Release|Any CPU
		{8E1DD49B-92C0-47C6-A58C-DC98C54AB36D}.Ad-Hoc|Any CPU.ActiveCfg = Release|Any CPU
		{8E1DD49B-92C0-47C6-A58C-DC98C54AB36D}.Ad-Hoc|Any CPU.Build.0 = Release|Any CPU
		{8E1DD49B-92C0-47C6-A58C-DC98C54AB36D}.Ad-Hoc|ARM.ActiveCfg = Release|Any CPU
		{8E1DD49B-92C0-47C6-A58C-DC98C54AB36D}.Ad-Hoc|ARM.Build.0 = Release|Any CPU
		{8E1DD49B-92C0-47C6-A58C-DC98C54AB36D}.Ad-Hoc|iPhone.ActiveCfg = Release|Any CPU
		{8E1DD49B-92C0-47C6-A58C-DC98C54AB36D}.Ad-Hoc|iPhone.Build.0 = Release|Any CPU
		{8E1DD49B-92C0-47C6-A58C-DC98C54AB36D}.Ad-Hoc|iPhoneSimulator.ActiveCfg = Release|Any CPU
		{8E1DD49B-92C0-47C6-A58C-DC98C54AB36D}.Ad-Hoc|iPhoneSimulator.Build.0 = Release|Any CPU
		{8E1DD49B-92C0-47C6-A58C-DC98C54AB36D}.Ad-Hoc|x64.ActiveCfg = Release|Any CPU
		{8E1DD49B-92C0-47C6-A58C-DC98C54AB36D}.Ad-Hoc|x64.Build.0 = Release|Any CPU
		{8E1DD49B-92C0-47C6-A58C-DC98C54AB36D}.Ad-Hoc|x86.ActiveCfg = Release|Any CPU
		{8E1DD49B-92C0-47C6-A58C-DC98C54AB36D}.Ad-Hoc|x86.Build.0 = Release|Any CPU
		{8E1DD49B-92C0-47C6-A58C-DC98C54AB36D}.AppStore|Any CPU.ActiveCfg = Release|Any CPU
		{8E1DD49B-92C0-47C6-A58C-DC98C54AB36D}.AppStore|Any CPU.Build.0 = Release|Any CPU
		{8E1DD49B-92C0-47C6-A58C-DC98C54AB36D}.AppStore|ARM.ActiveCfg = Release|Any CPU
		{8E1DD49B-92C0-47C6-A58C-DC98C54AB36D}.AppStore|ARM.Build.0 = Release|Any CPU
		{8E1DD49B-92C0-47C6-A58C-DC98C54AB36D}.AppStore|iPhone.ActiveCfg = Release|Any CPU
		{8E1DD49B-92C0-47C6-A58C-DC98C54AB36D}.AppStore|iPhone.Build.0 = Release|Any CPU
		{8E1DD49B-92C0-47C6-A58C-DC98C54AB36D}.AppStore|iPhoneSimulator.ActiveCfg = Release|Any CPU
		{8E1DD49B-92C0-47C6-A58C-DC98C54AB36D}.AppStore|iPhoneSimulator.Build.0 = Release|Any CPU
		{8E1DD49B-92C0-47C6-A58C-DC98C54AB36D}.AppStore|x64.ActiveCfg = Release|Any CPU
		{8E1DD49B-92C0-47C6-A58C-DC98C54AB36D}.AppStore|x64.Build.0 = Release|Any CPU
		{8E1DD49B-92C0-47C6-A58C-DC98C54AB36D}.AppStore|x86.ActiveCfg = Release|Any CPU
		{8E1DD49B-92C0-47C6-A58C-DC98C54AB36D}.AppStore|x86.Build.0 = Release|Any CPU
		{8E1DD49B-92C0-47C6-A58C-DC98C54AB36D}.Debug|Any CPU.ActiveCfg = Debug|Any CPU
		{8E1DD49B-92C0-47C6-A58C-DC98C54AB36D}.Debug|Any CPU.Build.0 = Debug|Any CPU
		{8E1DD49B-92C0-47C6-A58C-DC98C54AB36D}.Debug|ARM.ActiveCfg = Debug|Any CPU
		{8E1DD49B-92C0-47C6-A58C-DC98C54AB36D}.Debug|ARM.Build.0 = Debug|Any CPU
		{8E1DD49B-92C0-47C6-A58C-DC98C54AB36D}.Debug|iPhone.ActiveCfg = Debug|Any CPU
		{8E1DD49B-92C0-47C6-A58C-DC98C54AB36D}.Debug|iPhone.Build.0 = Debug|Any CPU
		{8E1DD49B-92C0-47C6-A58C-DC98C54AB36D}.Debug|iPhoneSimulator.ActiveCfg = Debug|Any CPU
		{8E1DD49B-92C0-47C6-A58C-DC98C54AB36D}.Debug|iPhoneSimulator.Build.0 = Debug|Any CPU
		{8E1DD49B-92C0-47C6-A58C-DC98C54AB36D}.Debug|x64.ActiveCfg = Debug|Any CPU
		{8E1DD49B-92C0-47C6-A58C-DC98C54AB36D}.Debug|x64.Build.0 = Debug|Any CPU
		{8E1DD49B-92C0-47C6-A58C-DC98C54AB36D}.Debug|x86.ActiveCfg = Debug|Any CPU
		{8E1DD49B-92C0-47C6-A58C-DC98C54AB36D}.Debug|x86.Build.0 = Debug|Any CPU
		{8E1DD49B-92C0-47C6-A58C-DC98C54AB36D}.Release|Any CPU.ActiveCfg = Release|Any CPU
		{8E1DD49B-92C0-47C6-A58C-DC98C54AB36D}.Release|Any CPU.Build.0 = Release|Any CPU
		{8E1DD49B-92C0-47C6-A58C-DC98C54AB36D}.Release|ARM.ActiveCfg = Release|Any CPU
		{8E1DD49B-92C0-47C6-A58C-DC98C54AB36D}.Release|ARM.Build.0 = Release|Any CPU
		{8E1DD49B-92C0-47C6-A58C-DC98C54AB36D}.Release|iPhone.ActiveCfg = Release|Any CPU
		{8E1DD49B-92C0-47C6-A58C-DC98C54AB36D}.Release|iPhone.Build.0 = Release|Any CPU
		{8E1DD49B-92C0-47C6-A58C-DC98C54AB36D}.Release|iPhoneSimulator.ActiveCfg = Release|Any CPU
		{8E1DD49B-92C0-47C6-A58C-DC98C54AB36D}.Release|iPhoneSimulator.Build.0 = Release|Any CPU
		{8E1DD49B-92C0-47C6-A58C-DC98C54AB36D}.Release|x64.ActiveCfg = Release|Any CPU
		{8E1DD49B-92C0-47C6-A58C-DC98C54AB36D}.Release|x64.Build.0 = Release|Any CPU
		{8E1DD49B-92C0-47C6-A58C-DC98C54AB36D}.Release|x86.ActiveCfg = Release|Any CPU
		{8E1DD49B-92C0-47C6-A58C-DC98C54AB36D}.Release|x86.Build.0 = Release|Any CPU
		{2073C3EF-64BF-4E36-908E-72FFD764ADF3}.Ad-Hoc|Any CPU.ActiveCfg = Release|x86
		{2073C3EF-64BF-4E36-908E-72FFD764ADF3}.Ad-Hoc|Any CPU.Build.0 = Release|x86
		{2073C3EF-64BF-4E36-908E-72FFD764ADF3}.Ad-Hoc|Any CPU.Deploy.0 = Release|x86
		{2073C3EF-64BF-4E36-908E-72FFD764ADF3}.Ad-Hoc|ARM.ActiveCfg = Release|ARM
		{2073C3EF-64BF-4E36-908E-72FFD764ADF3}.Ad-Hoc|ARM.Build.0 = Release|ARM
		{2073C3EF-64BF-4E36-908E-72FFD764ADF3}.Ad-Hoc|ARM.Deploy.0 = Release|ARM
		{2073C3EF-64BF-4E36-908E-72FFD764ADF3}.Ad-Hoc|iPhone.ActiveCfg = Release|x86
		{2073C3EF-64BF-4E36-908E-72FFD764ADF3}.Ad-Hoc|iPhone.Build.0 = Release|x86
		{2073C3EF-64BF-4E36-908E-72FFD764ADF3}.Ad-Hoc|iPhone.Deploy.0 = Release|x86
		{2073C3EF-64BF-4E36-908E-72FFD764ADF3}.Ad-Hoc|iPhoneSimulator.ActiveCfg = Release|x86
		{2073C3EF-64BF-4E36-908E-72FFD764ADF3}.Ad-Hoc|iPhoneSimulator.Build.0 = Release|x86
		{2073C3EF-64BF-4E36-908E-72FFD764ADF3}.Ad-Hoc|iPhoneSimulator.Deploy.0 = Release|x86
		{2073C3EF-64BF-4E36-908E-72FFD764ADF3}.Ad-Hoc|x64.ActiveCfg = Release|x64
		{2073C3EF-64BF-4E36-908E-72FFD764ADF3}.Ad-Hoc|x64.Build.0 = Release|x64
		{2073C3EF-64BF-4E36-908E-72FFD764ADF3}.Ad-Hoc|x64.Deploy.0 = Release|x64
		{2073C3EF-64BF-4E36-908E-72FFD764ADF3}.Ad-Hoc|x86.ActiveCfg = Release|x86
		{2073C3EF-64BF-4E36-908E-72FFD764ADF3}.Ad-Hoc|x86.Build.0 = Release|x86
		{2073C3EF-64BF-4E36-908E-72FFD764ADF3}.Ad-Hoc|x86.Deploy.0 = Release|x86
		{2073C3EF-64BF-4E36-908E-72FFD764ADF3}.AppStore|Any CPU.ActiveCfg = Release|x86
		{2073C3EF-64BF-4E36-908E-72FFD764ADF3}.AppStore|Any CPU.Build.0 = Release|x86
		{2073C3EF-64BF-4E36-908E-72FFD764ADF3}.AppStore|Any CPU.Deploy.0 = Release|x86
		{2073C3EF-64BF-4E36-908E-72FFD764ADF3}.AppStore|ARM.ActiveCfg = Release|ARM
		{2073C3EF-64BF-4E36-908E-72FFD764ADF3}.AppStore|ARM.Build.0 = Release|ARM
		{2073C3EF-64BF-4E36-908E-72FFD764ADF3}.AppStore|ARM.Deploy.0 = Release|ARM
		{2073C3EF-64BF-4E36-908E-72FFD764ADF3}.AppStore|iPhone.ActiveCfg = Release|x86
		{2073C3EF-64BF-4E36-908E-72FFD764ADF3}.AppStore|iPhone.Build.0 = Release|x86
		{2073C3EF-64BF-4E36-908E-72FFD764ADF3}.AppStore|iPhone.Deploy.0 = Release|x86
		{2073C3EF-64BF-4E36-908E-72FFD764ADF3}.AppStore|iPhoneSimulator.ActiveCfg = Release|x86
		{2073C3EF-64BF-4E36-908E-72FFD764ADF3}.AppStore|iPhoneSimulator.Build.0 = Release|x86
		{2073C3EF-64BF-4E36-908E-72FFD764ADF3}.AppStore|iPhoneSimulator.Deploy.0 = Release|x86
		{2073C3EF-64BF-4E36-908E-72FFD764ADF3}.AppStore|x64.ActiveCfg = Release|x64
		{2073C3EF-64BF-4E36-908E-72FFD764ADF3}.AppStore|x64.Build.0 = Release|x64
		{2073C3EF-64BF-4E36-908E-72FFD764ADF3}.AppStore|x64.Deploy.0 = Release|x64
		{2073C3EF-64BF-4E36-908E-72FFD764ADF3}.AppStore|x86.ActiveCfg = Release|x86
		{2073C3EF-64BF-4E36-908E-72FFD764ADF3}.AppStore|x86.Build.0 = Release|x86
		{2073C3EF-64BF-4E36-908E-72FFD764ADF3}.AppStore|x86.Deploy.0 = Release|x86
		{2073C3EF-64BF-4E36-908E-72FFD764ADF3}.Debug|Any CPU.ActiveCfg = Debug|x86
		{2073C3EF-64BF-4E36-908E-72FFD764ADF3}.Debug|ARM.ActiveCfg = Debug|ARM
		{2073C3EF-64BF-4E36-908E-72FFD764ADF3}.Debug|ARM.Build.0 = Debug|ARM
		{2073C3EF-64BF-4E36-908E-72FFD764ADF3}.Debug|ARM.Deploy.0 = Debug|ARM
		{2073C3EF-64BF-4E36-908E-72FFD764ADF3}.Debug|iPhone.ActiveCfg = Debug|x86
		{2073C3EF-64BF-4E36-908E-72FFD764ADF3}.Debug|iPhoneSimulator.ActiveCfg = Debug|x86
		{2073C3EF-64BF-4E36-908E-72FFD764ADF3}.Debug|x64.ActiveCfg = Debug|x64
		{2073C3EF-64BF-4E36-908E-72FFD764ADF3}.Debug|x64.Build.0 = Debug|x64
		{2073C3EF-64BF-4E36-908E-72FFD764ADF3}.Debug|x64.Deploy.0 = Debug|x64
		{2073C3EF-64BF-4E36-908E-72FFD764ADF3}.Debug|x86.ActiveCfg = Debug|x86
		{2073C3EF-64BF-4E36-908E-72FFD764ADF3}.Debug|x86.Build.0 = Debug|x86
		{2073C3EF-64BF-4E36-908E-72FFD764ADF3}.Debug|x86.Deploy.0 = Debug|x86
		{2073C3EF-64BF-4E36-908E-72FFD764ADF3}.Release|Any CPU.ActiveCfg = Release|x86
		{2073C3EF-64BF-4E36-908E-72FFD764ADF3}.Release|ARM.ActiveCfg = Release|ARM
		{2073C3EF-64BF-4E36-908E-72FFD764ADF3}.Release|ARM.Build.0 = Release|ARM
		{2073C3EF-64BF-4E36-908E-72FFD764ADF3}.Release|ARM.Deploy.0 = Release|ARM
		{2073C3EF-64BF-4E36-908E-72FFD764ADF3}.Release|iPhone.ActiveCfg = Release|x86
		{2073C3EF-64BF-4E36-908E-72FFD764ADF3}.Release|iPhoneSimulator.ActiveCfg = Release|x86
		{2073C3EF-64BF-4E36-908E-72FFD764ADF3}.Release|x64.ActiveCfg = Release|x64
		{2073C3EF-64BF-4E36-908E-72FFD764ADF3}.Release|x64.Build.0 = Release|x64
		{2073C3EF-64BF-4E36-908E-72FFD764ADF3}.Release|x64.Deploy.0 = Release|x64
		{2073C3EF-64BF-4E36-908E-72FFD764ADF3}.Release|x86.ActiveCfg = Release|x86
		{2073C3EF-64BF-4E36-908E-72FFD764ADF3}.Release|x86.Build.0 = Release|x86
		{2073C3EF-64BF-4E36-908E-72FFD764ADF3}.Release|x86.Deploy.0 = Release|x86
		{A09AE091-F53A-4866-853F-816ABD417F03}.Ad-Hoc|Any CPU.ActiveCfg = Ad-Hoc|iPhone
		{A09AE091-F53A-4866-853F-816ABD417F03}.Ad-Hoc|ARM.ActiveCfg = Ad-Hoc|iPhone
		{A09AE091-F53A-4866-853F-816ABD417F03}.Ad-Hoc|iPhone.ActiveCfg = Ad-Hoc|iPhone
		{A09AE091-F53A-4866-853F-816ABD417F03}.Ad-Hoc|iPhone.Build.0 = Ad-Hoc|iPhone
		{A09AE091-F53A-4866-853F-816ABD417F03}.Ad-Hoc|iPhoneSimulator.ActiveCfg = Ad-Hoc|iPhoneSimulator
		{A09AE091-F53A-4866-853F-816ABD417F03}.Ad-Hoc|iPhoneSimulator.Build.0 = Ad-Hoc|iPhoneSimulator
		{A09AE091-F53A-4866-853F-816ABD417F03}.Ad-Hoc|x64.ActiveCfg = Ad-Hoc|iPhone
		{A09AE091-F53A-4866-853F-816ABD417F03}.Ad-Hoc|x86.ActiveCfg = Ad-Hoc|iPhone
		{A09AE091-F53A-4866-853F-816ABD417F03}.AppStore|Any CPU.ActiveCfg = AppStore|iPhone
		{A09AE091-F53A-4866-853F-816ABD417F03}.AppStore|ARM.ActiveCfg = AppStore|iPhone
		{A09AE091-F53A-4866-853F-816ABD417F03}.AppStore|iPhone.ActiveCfg = AppStore|iPhone
		{A09AE091-F53A-4866-853F-816ABD417F03}.AppStore|iPhone.Build.0 = AppStore|iPhone
		{A09AE091-F53A-4866-853F-816ABD417F03}.AppStore|iPhoneSimulator.ActiveCfg = AppStore|iPhoneSimulator
		{A09AE091-F53A-4866-853F-816ABD417F03}.AppStore|iPhoneSimulator.Build.0 = AppStore|iPhoneSimulator
		{A09AE091-F53A-4866-853F-816ABD417F03}.AppStore|x64.ActiveCfg = AppStore|iPhone
		{A09AE091-F53A-4866-853F-816ABD417F03}.AppStore|x86.ActiveCfg = AppStore|iPhone
		{A09AE091-F53A-4866-853F-816ABD417F03}.Debug|Any CPU.ActiveCfg = Debug|iPhone
		{A09AE091-F53A-4866-853F-816ABD417F03}.Debug|ARM.ActiveCfg = Debug|iPhone
		{A09AE091-F53A-4866-853F-816ABD417F03}.Debug|iPhone.ActiveCfg = Debug|iPhone
		{A09AE091-F53A-4866-853F-816ABD417F03}.Debug|iPhone.Build.0 = Debug|iPhone
		{A09AE091-F53A-4866-853F-816ABD417F03}.Debug|iPhoneSimulator.ActiveCfg = Debug|iPhoneSimulator
		{A09AE091-F53A-4866-853F-816ABD417F03}.Debug|iPhoneSimulator.Build.0 = Debug|iPhoneSimulator
		{A09AE091-F53A-4866-853F-816ABD417F03}.Debug|x64.ActiveCfg = Debug|iPhone
		{A09AE091-F53A-4866-853F-816ABD417F03}.Debug|x86.ActiveCfg = Debug|iPhone
		{A09AE091-F53A-4866-853F-816ABD417F03}.Release|Any CPU.ActiveCfg = Release|iPhone
		{A09AE091-F53A-4866-853F-816ABD417F03}.Release|ARM.ActiveCfg = Release|iPhone
		{A09AE091-F53A-4866-853F-816ABD417F03}.Release|iPhone.ActiveCfg = Release|iPhone
		{A09AE091-F53A-4866-853F-816ABD417F03}.Release|iPhone.Build.0 = Release|iPhone
		{A09AE091-F53A-4866-853F-816ABD417F03}.Release|iPhoneSimulator.ActiveCfg = Release|iPhoneSimulator
		{A09AE091-F53A-4866-853F-816ABD417F03}.Release|iPhoneSimulator.Build.0 = Release|iPhoneSimulator
		{A09AE091-F53A-4866-853F-816ABD417F03}.Release|x64.ActiveCfg = Release|iPhone
		{A09AE091-F53A-4866-853F-816ABD417F03}.Release|x86.ActiveCfg = Release|iPhone
	EndGlobalSection
	GlobalSection(SolutionProperties) = preSolution
		HideSolutionNode = FALSE
	EndGlobalSection
EndGlobal
