
Microsoft Visual Studio Solution File, Format Version 12.00
# Visual Studio 15
VisualStudioVersion = 15.0.26430.16
MinimumVisualStudioVersion = 10.0.40219.1
Project("{FAE04EC0-301F-11D3-BF4B-00C04F79EFBC}") = "t6.Android", "t6\t6.Android\t6.Android.csproj", "{C2F1FE62-C396-4279-9F7E-B96CD75F2284}"
EndProject
Project("{FAE04EC0-301F-11D3-BF4B-00C04F79EFBC}") = "t6", "t6\t6\t6.csproj", "{186B8628-ABCE-4E01-9C97-4C9CB0C4D2A3}"
EndProject
Project("{FAE04EC0-301F-11D3-BF4B-00C04F79EFBC}") = "t6.UWP", "t6\t6.UWP\t6.UWP.csproj", "{2C9ACDCF-948A-4172-9B5D-F6BA2CFB6957}"
EndProject
Project("{FAE04EC0-301F-11D3-BF4B-00C04F79EFBC}") = "t6.iOS", "t6\t6.iOS\t6.iOS.csproj", "{5B8C04A4-2324-472C-B67E-0B419E3627FC}"
EndProject
Global
	GlobalSection(SolutionConfigurationPlatforms) = preSolution
		Ad-Hoc|Any CPU = Ad-Hoc|Any CPU
		Ad-Hoc|ARM = Ad-Hoc|ARM
		Ad-Hoc|iPhone = Ad-Hoc|iPhone
		Ad-Hoc|iPhoneSimulator = Ad-Hoc|iPhoneSimulator
		Ad-Hoc|x64 = Ad-Hoc|x64
		Ad-Hoc|x86 = Ad-Hoc|x86
		AppStore|Any CPU = AppStore|Any CPU
		AppStore|ARM = AppStore|ARM
		AppStore|iPhone = AppStore|iPhone
		AppStore|iPhoneSimulator = AppStore|iPhoneSimulator
		AppStore|x64 = AppStore|x64
		AppStore|x86 = AppStore|x86
		Debug|Any CPU = Debug|Any CPU
		Debug|ARM = Debug|ARM
		Debug|iPhone = Debug|iPhone
		Debug|iPhoneSimulator = Debug|iPhoneSimulator
		Debug|x64 = Debug|x64
		Debug|x86 = Debug|x86
		Release|Any CPU = Release|Any CPU
		Release|ARM = Release|ARM
		Release|iPhone = Release|iPhone
		Release|iPhoneSimulator = Release|iPhoneSimulator
		Release|x64 = Release|x64
		Release|x86 = Release|x86
	EndGlobalSection
	GlobalSection(ProjectConfigurationPlatforms) = postSolution
		{C2F1FE62-C396-4279-9F7E-B96CD75F2284}.Ad-Hoc|Any CPU.ActiveCfg = Release|Any CPU
		{C2F1FE62-C396-4279-9F7E-B96CD75F2284}.Ad-Hoc|Any CPU.Build.0 = Release|Any CPU
		{C2F1FE62-C396-4279-9F7E-B96CD75F2284}.Ad-Hoc|Any CPU.Deploy.0 = Release|Any CPU
		{C2F1FE62-C396-4279-9F7E-B96CD75F2284}.Ad-Hoc|ARM.ActiveCfg = Release|Any CPU
		{C2F1FE62-C396-4279-9F7E-B96CD75F2284}.Ad-Hoc|ARM.Build.0 = Release|Any CPU
		{C2F1FE62-C396-4279-9F7E-B96CD75F2284}.Ad-Hoc|ARM.Deploy.0 = Release|Any CPU
		{C2F1FE62-C396-4279-9F7E-B96CD75F2284}.Ad-Hoc|iPhone.ActiveCfg = Release|Any CPU
		{C2F1FE62-C396-4279-9F7E-B96CD75F2284}.Ad-Hoc|iPhone.Build.0 = Release|Any CPU
		{C2F1FE62-C396-4279-9F7E-B96CD75F2284}.Ad-Hoc|iPhone.Deploy.0 = Release|Any CPU
		{C2F1FE62-C396-4279-9F7E-B96CD75F2284}.Ad-Hoc|iPhoneSimulator.ActiveCfg = Release|Any CPU
		{C2F1FE62-C396-4279-9F7E-B96CD75F2284}.Ad-Hoc|iPhoneSimulator.Build.0 = Release|Any CPU
		{C2F1FE62-C396-4279-9F7E-B96CD75F2284}.Ad-Hoc|iPhoneSimulator.Deploy.0 = Release|Any CPU
		{C2F1FE62-C396-4279-9F7E-B96CD75F2284}.Ad-Hoc|x64.ActiveCfg = Release|Any CPU
		{C2F1FE62-C396-4279-9F7E-B96CD75F2284}.Ad-Hoc|x64.Build.0 = Release|Any CPU
		{C2F1FE62-C396-4279-9F7E-B96CD75F2284}.Ad-Hoc|x64.Deploy.0 = Release|Any CPU
		{C2F1FE62-C396-4279-9F7E-B96CD75F2284}.Ad-Hoc|x86.ActiveCfg = Release|Any CPU
		{C2F1FE62-C396-4279-9F7E-B96CD75F2284}.Ad-Hoc|x86.Build.0 = Release|Any CPU
		{C2F1FE62-C396-4279-9F7E-B96CD75F2284}.Ad-Hoc|x86.Deploy.0 = Release|Any CPU
		{C2F1FE62-C396-4279-9F7E-B96CD75F2284}.AppStore|Any CPU.ActiveCfg = Release|Any CPU
		{C2F1FE62-C396-4279-9F7E-B96CD75F2284}.AppStore|Any CPU.Build.0 = Release|Any CPU
		{C2F1FE62-C396-4279-9F7E-B96CD75F2284}.AppStore|Any CPU.Deploy.0 = Release|Any CPU
		{C2F1FE62-C396-4279-9F7E-B96CD75F2284}.AppStore|ARM.ActiveCfg = Release|Any CPU
		{C2F1FE62-C396-4279-9F7E-B96CD75F2284}.AppStore|ARM.Build.0 = Release|Any CPU
		{C2F1FE62-C396-4279-9F7E-B96CD75F2284}.AppStore|ARM.Deploy.0 = Release|Any CPU
		{C2F1FE62-C396-4279-9F7E-B96CD75F2284}.AppStore|iPhone.ActiveCfg = Release|Any CPU
		{C2F1FE62-C396-4279-9F7E-B96CD75F2284}.AppStore|iPhone.Build.0 = Release|Any CPU
		{C2F1FE62-C396-4279-9F7E-B96CD75F2284}.AppStore|iPhone.Deploy.0 = Release|Any CPU
		{C2F1FE62-C396-4279-9F7E-B96CD75F2284}.AppStore|iPhoneSimulator.ActiveCfg = Release|Any CPU
		{C2F1FE62-C396-4279-9F7E-B96CD75F2284}.AppStore|iPhoneSimulator.Build.0 = Release|Any CPU
		{C2F1FE62-C396-4279-9F7E-B96CD75F2284}.AppStore|iPhoneSimulator.Deploy.0 = Release|Any CPU
		{C2F1FE62-C396-4279-9F7E-B96CD75F2284}.AppStore|x64.ActiveCfg = Release|Any CPU
		{C2F1FE62-C396-4279-9F7E-B96CD75F2284}.AppStore|x64.Build.0 = Release|Any CPU
		{C2F1FE62-C396-4279-9F7E-B96CD75F2284}.AppStore|x64.Deploy.0 = Release|Any CPU
		{C2F1FE62-C396-4279-9F7E-B96CD75F2284}.AppStore|x86.ActiveCfg = Release|Any CPU
		{C2F1FE62-C396-4279-9F7E-B96CD75F2284}.AppStore|x86.Build.0 = Release|Any CPU
		{C2F1FE62-C396-4279-9F7E-B96CD75F2284}.AppStore|x86.Deploy.0 = Release|Any CPU
		{C2F1FE62-C396-4279-9F7E-B96CD75F2284}.Debug|Any CPU.ActiveCfg = Debug|Any CPU
		{C2F1FE62-C396-4279-9F7E-B96CD75F2284}.Debug|Any CPU.Build.0 = Debug|Any CPU
		{C2F1FE62-C396-4279-9F7E-B96CD75F2284}.Debug|Any CPU.Deploy.0 = Debug|Any CPU
		{C2F1FE62-C396-4279-9F7E-B96CD75F2284}.Debug|ARM.ActiveCfg = Debug|Any CPU
		{C2F1FE62-C396-4279-9F7E-B96CD75F2284}.Debug|ARM.Build.0 = Debug|Any CPU
		{C2F1FE62-C396-4279-9F7E-B96CD75F2284}.Debug|ARM.Deploy.0 = Debug|Any CPU
		{C2F1FE62-C396-4279-9F7E-B96CD75F2284}.Debug|iPhone.ActiveCfg = Debug|Any CPU
		{C2F1FE62-C396-4279-9F7E-B96CD75F2284}.Debug|iPhone.Build.0 = Debug|Any CPU
		{C2F1FE62-C396-4279-9F7E-B96CD75F2284}.Debug|iPhone.Deploy.0 = Debug|Any CPU
		{C2F1FE62-C396-4279-9F7E-B96CD75F2284}.Debug|iPhoneSimulator.ActiveCfg = Debug|Any CPU
		{C2F1FE62-C396-4279-9F7E-B96CD75F2284}.Debug|iPhoneSimulator.Build.0 = Debug|Any CPU
		{C2F1FE62-C396-4279-9F7E-B96CD75F2284}.Debug|iPhoneSimulator.Deploy.0 = Debug|Any CPU
		{C2F1FE62-C396-4279-9F7E-B96CD75F2284}.Debug|x64.ActiveCfg = Debug|Any CPU
		{C2F1FE62-C396-4279-9F7E-B96CD75F2284}.Debug|x64.Build.0 = Debug|Any CPU
		{C2F1FE62-C396-4279-9F7E-B96CD75F2284}.Debug|x64.Deploy.0 = Debug|Any CPU
		{C2F1FE62-C396-4279-9F7E-B96CD75F2284}.Debug|x86.ActiveCfg = Debug|Any CPU
		{C2F1FE62-C396-4279-9F7E-B96CD75F2284}.Debug|x86.Build.0 = Debug|Any CPU
		{C2F1FE62-C396-4279-9F7E-B96CD75F2284}.Debug|x86.Deploy.0 = Debug|Any CPU
		{C2F1FE62-C396-4279-9F7E-B96CD75F2284}.Release|Any CPU.ActiveCfg = Release|Any CPU
		{C2F1FE62-C396-4279-9F7E-B96CD75F2284}.Release|Any CPU.Build.0 = Release|Any CPU
		{C2F1FE62-C396-4279-9F7E-B96CD75F2284}.Release|Any CPU.Deploy.0 = Release|Any CPU
		{C2F1FE62-C396-4279-9F7E-B96CD75F2284}.Release|ARM.ActiveCfg = Release|Any CPU
		{C2F1FE62-C396-4279-9F7E-B96CD75F2284}.Release|ARM.Build.0 = Release|Any CPU
		{C2F1FE62-C396-4279-9F7E-B96CD75F2284}.Release|ARM.Deploy.0 = Release|Any CPU
		{C2F1FE62-C396-4279-9F7E-B96CD75F2284}.Release|iPhone.ActiveCfg = Release|Any CPU
		{C2F1FE62-C396-4279-9F7E-B96CD75F2284}.Release|iPhone.Build.0 = Release|Any CPU
		{C2F1FE62-C396-4279-9F7E-B96CD75F2284}.Release|iPhone.Deploy.0 = Release|Any CPU
		{C2F1FE62-C396-4279-9F7E-B96CD75F2284}.Release|iPhoneSimulator.ActiveCfg = Release|Any CPU
		{C2F1FE62-C396-4279-9F7E-B96CD75F2284}.Release|iPhoneSimulator.Build.0 = Release|Any CPU
		{C2F1FE62-C396-4279-9F7E-B96CD75F2284}.Release|iPhoneSimulator.Deploy.0 = Release|Any CPU
		{C2F1FE62-C396-4279-9F7E-B96CD75F2284}.Release|x64.ActiveCfg = Release|Any CPU
		{C2F1FE62-C396-4279-9F7E-B96CD75F2284}.Release|x64.Build.0 = Release|Any CPU
		{C2F1FE62-C396-4279-9F7E-B96CD75F2284}.Release|x64.Deploy.0 = Release|Any CPU
		{C2F1FE62-C396-4279-9F7E-B96CD75F2284}.Release|x86.ActiveCfg = Release|Any CPU
		{C2F1FE62-C396-4279-9F7E-B96CD75F2284}.Release|x86.Build.0 = Release|Any CPU
		{C2F1FE62-C396-4279-9F7E-B96CD75F2284}.Release|x86.Deploy.0 = Release|Any CPU
		{186B8628-ABCE-4E01-9C97-4C9CB0C4D2A3}.Ad-Hoc|Any CPU.ActiveCfg = Release|Any CPU
		{186B8628-ABCE-4E01-9C97-4C9CB0C4D2A3}.Ad-Hoc|Any CPU.Build.0 = Release|Any CPU
		{186B8628-ABCE-4E01-9C97-4C9CB0C4D2A3}.Ad-Hoc|ARM.ActiveCfg = Release|Any CPU
		{186B8628-ABCE-4E01-9C97-4C9CB0C4D2A3}.Ad-Hoc|ARM.Build.0 = Release|Any CPU
		{186B8628-ABCE-4E01-9C97-4C9CB0C4D2A3}.Ad-Hoc|iPhone.ActiveCfg = Release|Any CPU
		{186B8628-ABCE-4E01-9C97-4C9CB0C4D2A3}.Ad-Hoc|iPhone.Build.0 = Release|Any CPU
		{186B8628-ABCE-4E01-9C97-4C9CB0C4D2A3}.Ad-Hoc|iPhoneSimulator.ActiveCfg = Release|Any CPU
		{186B8628-ABCE-4E01-9C97-4C9CB0C4D2A3}.Ad-Hoc|iPhoneSimulator.Build.0 = Release|Any CPU
		{186B8628-ABCE-4E01-9C97-4C9CB0C4D2A3}.Ad-Hoc|x64.ActiveCfg = Release|Any CPU
		{186B8628-ABCE-4E01-9C97-4C9CB0C4D2A3}.Ad-Hoc|x64.Build.0 = Release|Any CPU
		{186B8628-ABCE-4E01-9C97-4C9CB0C4D2A3}.Ad-Hoc|x86.ActiveCfg = Release|Any CPU
		{186B8628-ABCE-4E01-9C97-4C9CB0C4D2A3}.Ad-Hoc|x86.Build.0 = Release|Any CPU
		{186B8628-ABCE-4E01-9C97-4C9CB0C4D2A3}.AppStore|Any CPU.ActiveCfg = Release|Any CPU
		{186B8628-ABCE-4E01-9C97-4C9CB0C4D2A3}.AppStore|Any CPU.Build.0 = Release|Any CPU
		{186B8628-ABCE-4E01-9C97-4C9CB0C4D2A3}.AppStore|ARM.ActiveCfg = Release|Any CPU
		{186B8628-ABCE-4E01-9C97-4C9CB0C4D2A3}.AppStore|ARM.Build.0 = Release|Any CPU
		{186B8628-ABCE-4E01-9C97-4C9CB0C4D2A3}.AppStore|iPhone.ActiveCfg = Release|Any CPU
		{186B8628-ABCE-4E01-9C97-4C9CB0C4D2A3}.AppStore|iPhone.Build.0 = Release|Any CPU
		{186B8628-ABCE-4E01-9C97-4C9CB0C4D2A3}.AppStore|iPhoneSimulator.ActiveCfg = Release|Any CPU
		{186B8628-ABCE-4E01-9C97-4C9CB0C4D2A3}.AppStore|iPhoneSimulator.Build.0 = Release|Any CPU
		{186B8628-ABCE-4E01-9C97-4C9CB0C4D2A3}.AppStore|x64.ActiveCfg = Release|Any CPU
		{186B8628-ABCE-4E01-9C97-4C9CB0C4D2A3}.AppStore|x64.Build.0 = Release|Any CPU
		{186B8628-ABCE-4E01-9C97-4C9CB0C4D2A3}.AppStore|x86.ActiveCfg = Release|Any CPU
		{186B8628-ABCE-4E01-9C97-4C9CB0C4D2A3}.AppStore|x86.Build.0 = Release|Any CPU
		{186B8628-ABCE-4E01-9C97-4C9CB0C4D2A3}.Debug|Any CPU.ActiveCfg = Debug|Any CPU
		{186B8628-ABCE-4E01-9C97-4C9CB0C4D2A3}.Debug|Any CPU.Build.0 = Debug|Any CPU
		{186B8628-ABCE-4E01-9C97-4C9CB0C4D2A3}.Debug|ARM.ActiveCfg = Debug|Any CPU
		{186B8628-ABCE-4E01-9C97-4C9CB0C4D2A3}.Debug|ARM.Build.0 = Debug|Any CPU
		{186B8628-ABCE-4E01-9C97-4C9CB0C4D2A3}.Debug|iPhone.ActiveCfg = Debug|Any CPU
		{186B8628-ABCE-4E01-9C97-4C9CB0C4D2A3}.Debug|iPhone.Build.0 = Debug|Any CPU
		{186B8628-ABCE-4E01-9C97-4C9CB0C4D2A3}.Debug|iPhoneSimulator.ActiveCfg = Debug|Any CPU
		{186B8628-ABCE-4E01-9C97-4C9CB0C4D2A3}.Debug|iPhoneSimulator.Build.0 = Debug|Any CPU
		{186B8628-ABCE-4E01-9C97-4C9CB0C4D2A3}.Debug|x64.ActiveCfg = Debug|Any CPU
		{186B8628-ABCE-4E01-9C97-4C9CB0C4D2A3}.Debug|x64.Build.0 = Debug|Any CPU
		{186B8628-ABCE-4E01-9C97-4C9CB0C4D2A3}.Debug|x86.ActiveCfg = Debug|Any CPU
		{186B8628-ABCE-4E01-9C97-4C9CB0C4D2A3}.Debug|x86.Build.0 = Debug|Any CPU
		{186B8628-ABCE-4E01-9C97-4C9CB0C4D2A3}.Release|Any CPU.ActiveCfg = Release|Any CPU
		{186B8628-ABCE-4E01-9C97-4C9CB0C4D2A3}.Release|Any CPU.Build.0 = Release|Any CPU
		{186B8628-ABCE-4E01-9C97-4C9CB0C4D2A3}.Release|ARM.ActiveCfg = Release|Any CPU
		{186B8628-ABCE-4E01-9C97-4C9CB0C4D2A3}.Release|ARM.Build.0 = Release|Any CPU
		{186B8628-ABCE-4E01-9C97-4C9CB0C4D2A3}.Release|iPhone.ActiveCfg = Release|Any CPU
		{186B8628-ABCE-4E01-9C97-4C9CB0C4D2A3}.Release|iPhone.Build.0 = Release|Any CPU
		{186B8628-ABCE-4E01-9C97-4C9CB0C4D2A3}.Release|iPhoneSimulator.ActiveCfg = Release|Any CPU
		{186B8628-ABCE-4E01-9C97-4C9CB0C4D2A3}.Release|iPhoneSimulator.Build.0 = Release|Any CPU
		{186B8628-ABCE-4E01-9C97-4C9CB0C4D2A3}.Release|x64.ActiveCfg = Release|Any CPU
		{186B8628-ABCE-4E01-9C97-4C9CB0C4D2A3}.Release|x64.Build.0 = Release|Any CPU
		{186B8628-ABCE-4E01-9C97-4C9CB0C4D2A3}.Release|x86.ActiveCfg = Release|Any CPU
		{186B8628-ABCE-4E01-9C97-4C9CB0C4D2A3}.Release|x86.Build.0 = Release|Any CPU
		{2C9ACDCF-948A-4172-9B5D-F6BA2CFB6957}.Ad-Hoc|Any CPU.ActiveCfg = Release|x86
		{2C9ACDCF-948A-4172-9B5D-F6BA2CFB6957}.Ad-Hoc|Any CPU.Build.0 = Release|x86
		{2C9ACDCF-948A-4172-9B5D-F6BA2CFB6957}.Ad-Hoc|Any CPU.Deploy.0 = Release|x86
		{2C9ACDCF-948A-4172-9B5D-F6BA2CFB6957}.Ad-Hoc|ARM.ActiveCfg = Release|ARM
		{2C9ACDCF-948A-4172-9B5D-F6BA2CFB6957}.Ad-Hoc|ARM.Build.0 = Release|ARM
		{2C9ACDCF-948A-4172-9B5D-F6BA2CFB6957}.Ad-Hoc|ARM.Deploy.0 = Release|ARM
		{2C9ACDCF-948A-4172-9B5D-F6BA2CFB6957}.Ad-Hoc|iPhone.ActiveCfg = Release|x86
		{2C9ACDCF-948A-4172-9B5D-F6BA2CFB6957}.Ad-Hoc|iPhone.Build.0 = Release|x86
		{2C9ACDCF-948A-4172-9B5D-F6BA2CFB6957}.Ad-Hoc|iPhone.Deploy.0 = Release|x86
		{2C9ACDCF-948A-4172-9B5D-F6BA2CFB6957}.Ad-Hoc|iPhoneSimulator.ActiveCfg = Release|x86
		{2C9ACDCF-948A-4172-9B5D-F6BA2CFB6957}.Ad-Hoc|iPhoneSimulator.Build.0 = Release|x86
		{2C9ACDCF-948A-4172-9B5D-F6BA2CFB6957}.Ad-Hoc|iPhoneSimulator.Deploy.0 = Release|x86
		{2C9ACDCF-948A-4172-9B5D-F6BA2CFB6957}.Ad-Hoc|x64.ActiveCfg = Release|x64
		{2C9ACDCF-948A-4172-9B5D-F6BA2CFB6957}.Ad-Hoc|x64.Build.0 = Release|x64
		{2C9ACDCF-948A-4172-9B5D-F6BA2CFB6957}.Ad-Hoc|x64.Deploy.0 = Release|x64
		{2C9ACDCF-948A-4172-9B5D-F6BA2CFB6957}.Ad-Hoc|x86.ActiveCfg = Release|x86
		{2C9ACDCF-948A-4172-9B5D-F6BA2CFB6957}.Ad-Hoc|x86.Build.0 = Release|x86
		{2C9ACDCF-948A-4172-9B5D-F6BA2CFB6957}.Ad-Hoc|x86.Deploy.0 = Release|x86
		{2C9ACDCF-948A-4172-9B5D-F6BA2CFB6957}.AppStore|Any CPU.ActiveCfg = Release|x86
		{2C9ACDCF-948A-4172-9B5D-F6BA2CFB6957}.AppStore|Any CPU.Build.0 = Release|x86
		{2C9ACDCF-948A-4172-9B5D-F6BA2CFB6957}.AppStore|Any CPU.Deploy.0 = Release|x86
		{2C9ACDCF-948A-4172-9B5D-F6BA2CFB6957}.AppStore|ARM.ActiveCfg = Release|ARM
		{2C9ACDCF-948A-4172-9B5D-F6BA2CFB6957}.AppStore|ARM.Build.0 = Release|ARM
		{2C9ACDCF-948A-4172-9B5D-F6BA2CFB6957}.AppStore|ARM.Deploy.0 = Release|ARM
		{2C9ACDCF-948A-4172-9B5D-F6BA2CFB6957}.AppStore|iPhone.ActiveCfg = Release|x86
		{2C9ACDCF-948A-4172-9B5D-F6BA2CFB6957}.AppStore|iPhone.Build.0 = Release|x86
		{2C9ACDCF-948A-4172-9B5D-F6BA2CFB6957}.AppStore|iPhone.Deploy.0 = Release|x86
		{2C9ACDCF-948A-4172-9B5D-F6BA2CFB6957}.AppStore|iPhoneSimulator.ActiveCfg = Release|x86
		{2C9ACDCF-948A-4172-9B5D-F6BA2CFB6957}.AppStore|iPhoneSimulator.Build.0 = Release|x86
		{2C9ACDCF-948A-4172-9B5D-F6BA2CFB6957}.AppStore|iPhoneSimulator.Deploy.0 = Release|x86
		{2C9ACDCF-948A-4172-9B5D-F6BA2CFB6957}.AppStore|x64.ActiveCfg = Release|x64
		{2C9ACDCF-948A-4172-9B5D-F6BA2CFB6957}.AppStore|x64.Build.0 = Release|x64
		{2C9ACDCF-948A-4172-9B5D-F6BA2CFB6957}.AppStore|x64.Deploy.0 = Release|x64
		{2C9ACDCF-948A-4172-9B5D-F6BA2CFB6957}.AppStore|x86.ActiveCfg = Release|x86
		{2C9ACDCF-948A-4172-9B5D-F6BA2CFB6957}.AppStore|x86.Build.0 = Release|x86
		{2C9ACDCF-948A-4172-9B5D-F6BA2CFB6957}.AppStore|x86.Deploy.0 = Release|x86
		{2C9ACDCF-948A-4172-9B5D-F6BA2CFB6957}.Debug|Any CPU.ActiveCfg = Debug|x86
		{2C9ACDCF-948A-4172-9B5D-F6BA2CFB6957}.Debug|ARM.ActiveCfg = Debug|ARM
		{2C9ACDCF-948A-4172-9B5D-F6BA2CFB6957}.Debug|ARM.Build.0 = Debug|ARM
		{2C9ACDCF-948A-4172-9B5D-F6BA2CFB6957}.Debug|ARM.Deploy.0 = Debug|ARM
		{2C9ACDCF-948A-4172-9B5D-F6BA2CFB6957}.Debug|iPhone.ActiveCfg = Debug|x86
		{2C9ACDCF-948A-4172-9B5D-F6BA2CFB6957}.Debug|iPhoneSimulator.ActiveCfg = Debug|x86
		{2C9ACDCF-948A-4172-9B5D-F6BA2CFB6957}.Debug|x64.ActiveCfg = Debug|x64
		{2C9ACDCF-948A-4172-9B5D-F6BA2CFB6957}.Debug|x64.Build.0 = Debug|x64
		{2C9ACDCF-948A-4172-9B5D-F6BA2CFB6957}.Debug|x64.Deploy.0 = Debug|x64
		{2C9ACDCF-948A-4172-9B5D-F6BA2CFB6957}.Debug|x86.ActiveCfg = Debug|x86
		{2C9ACDCF-948A-4172-9B5D-F6BA2CFB6957}.Debug|x86.Build.0 = Debug|x86
		{2C9ACDCF-948A-4172-9B5D-F6BA2CFB6957}.Debug|x86.Deploy.0 = Debug|x86
		{2C9ACDCF-948A-4172-9B5D-F6BA2CFB6957}.Release|Any CPU.ActiveCfg = Release|x86
		{2C9ACDCF-948A-4172-9B5D-F6BA2CFB6957}.Release|ARM.ActiveCfg = Release|ARM
		{2C9ACDCF-948A-4172-9B5D-F6BA2CFB6957}.Release|ARM.Build.0 = Release|ARM
		{2C9ACDCF-948A-4172-9B5D-F6BA2CFB6957}.Release|ARM.Deploy.0 = Release|ARM
		{2C9ACDCF-948A-4172-9B5D-F6BA2CFB6957}.Release|iPhone.ActiveCfg = Release|x86
		{2C9ACDCF-948A-4172-9B5D-F6BA2CFB6957}.Release|iPhoneSimulator.ActiveCfg = Release|x86
		{2C9ACDCF-948A-4172-9B5D-F6BA2CFB6957}.Release|x64.ActiveCfg = Release|x64
		{2C9ACDCF-948A-4172-9B5D-F6BA2CFB6957}.Release|x64.Build.0 = Release|x64
		{2C9ACDCF-948A-4172-9B5D-F6BA2CFB6957}.Release|x64.Deploy.0 = Release|x64
		{2C9ACDCF-948A-4172-9B5D-F6BA2CFB6957}.Release|x86.ActiveCfg = Release|x86
		{2C9ACDCF-948A-4172-9B5D-F6BA2CFB6957}.Release|x86.Build.0 = Release|x86
		{2C9ACDCF-948A-4172-9B5D-F6BA2CFB6957}.Release|x86.Deploy.0 = Release|x86
		{5B8C04A4-2324-472C-B67E-0B419E3627FC}.Ad-Hoc|Any CPU.ActiveCfg = Ad-Hoc|iPhone
		{5B8C04A4-2324-472C-B67E-0B419E3627FC}.Ad-Hoc|ARM.ActiveCfg = Ad-Hoc|iPhone
		{5B8C04A4-2324-472C-B67E-0B419E3627FC}.Ad-Hoc|iPhone.ActiveCfg = Ad-Hoc|iPhone
		{5B8C04A4-2324-472C-B67E-0B419E3627FC}.Ad-Hoc|iPhone.Build.0 = Ad-Hoc|iPhone
		{5B8C04A4-2324-472C-B67E-0B419E3627FC}.Ad-Hoc|iPhoneSimulator.ActiveCfg = Ad-Hoc|iPhoneSimulator
		{5B8C04A4-2324-472C-B67E-0B419E3627FC}.Ad-Hoc|iPhoneSimulator.Build.0 = Ad-Hoc|iPhoneSimulator
		{5B8C04A4-2324-472C-B67E-0B419E3627FC}.Ad-Hoc|x64.ActiveCfg = Ad-Hoc|iPhone
		{5B8C04A4-2324-472C-B67E-0B419E3627FC}.Ad-Hoc|x86.ActiveCfg = Ad-Hoc|iPhone
		{5B8C04A4-2324-472C-B67E-0B419E3627FC}.AppStore|Any CPU.ActiveCfg = AppStore|iPhone
		{5B8C04A4-2324-472C-B67E-0B419E3627FC}.AppStore|ARM.ActiveCfg = AppStore|iPhone
		{5B8C04A4-2324-472C-B67E-0B419E3627FC}.AppStore|iPhone.ActiveCfg = AppStore|iPhone
		{5B8C04A4-2324-472C-B67E-0B419E3627FC}.AppStore|iPhone.Build.0 = AppStore|iPhone
		{5B8C04A4-2324-472C-B67E-0B419E3627FC}.AppStore|iPhoneSimulator.ActiveCfg = AppStore|iPhoneSimulator
		{5B8C04A4-2324-472C-B67E-0B419E3627FC}.AppStore|iPhoneSimulator.Build.0 = AppStore|iPhoneSimulator
		{5B8C04A4-2324-472C-B67E-0B419E3627FC}.AppStore|x64.ActiveCfg = AppStore|iPhone
		{5B8C04A4-2324-472C-B67E-0B419E3627FC}.AppStore|x86.ActiveCfg = AppStore|iPhone
		{5B8C04A4-2324-472C-B67E-0B419E3627FC}.Debug|Any CPU.ActiveCfg = Debug|iPhone
		{5B8C04A4-2324-472C-B67E-0B419E3627FC}.Debug|ARM.ActiveCfg = Debug|iPhone
		{5B8C04A4-2324-472C-B67E-0B419E3627FC}.Debug|iPhone.ActiveCfg = Debug|iPhone
		{5B8C04A4-2324-472C-B67E-0B419E3627FC}.Debug|iPhone.Build.0 = Debug|iPhone
		{5B8C04A4-2324-472C-B67E-0B419E3627FC}.Debug|iPhoneSimulator.ActiveCfg = Debug|iPhoneSimulator
		{5B8C04A4-2324-472C-B67E-0B419E3627FC}.Debug|iPhoneSimulator.Build.0 = Debug|iPhoneSimulator
		{5B8C04A4-2324-472C-B67E-0B419E3627FC}.Debug|x64.ActiveCfg = Debug|iPhone
		{5B8C04A4-2324-472C-B67E-0B419E3627FC}.Debug|x86.ActiveCfg = Debug|iPhone
		{5B8C04A4-2324-472C-B67E-0B419E3627FC}.Release|Any CPU.ActiveCfg = Release|iPhone
		{5B8C04A4-2324-472C-B67E-0B419E3627FC}.Release|ARM.ActiveCfg = Release|iPhone
		{5B8C04A4-2324-472C-B67E-0B419E3627FC}.Release|iPhone.ActiveCfg = Release|iPhone
		{5B8C04A4-2324-472C-B67E-0B419E3627FC}.Release|iPhone.Build.0 = Release|iPhone
		{5B8C04A4-2324-472C-B67E-0B419E3627FC}.Release|iPhoneSimulator.ActiveCfg = Release|iPhoneSimulator
		{5B8C04A4-2324-472C-B67E-0B419E3627FC}.Release|iPhoneSimulator.Build.0 = Release|iPhoneSimulator
		{5B8C04A4-2324-472C-B67E-0B419E3627FC}.Release|x64.ActiveCfg = Release|iPhone
		{5B8C04A4-2324-472C-B67E-0B419E3627FC}.Release|x86.ActiveCfg = Release|iPhone
	EndGlobalSection
	GlobalSection(SolutionProperties) = preSolution
		HideSolutionNode = FALSE
	EndGlobalSection
EndGlobal
