
Microsoft Visual Studio Solution File, Format Version 12.00
# Visual Studio 15
VisualStudioVersion = 15.0.26430.16
MinimumVisualStudioVersion = 10.0.40219.1
Project("{FAE04EC0-301F-11D3-BF4B-00C04F79EFBC}") = "t5.Android", "t5\t5.Android\t5.Android.csproj", "{63ED3435-51AF-4DC4-A960-B311EACF4438}"
EndProject
Project("{FAE04EC0-301F-11D3-BF4B-00C04F79EFBC}") = "t5", "t5\t5\t5.csproj", "{ECEBDA5B-F9E9-4B8C-9706-EE187CAD221E}"
EndProject
Project("{FAE04EC0-301F-11D3-BF4B-00C04F79EFBC}") = "t5.UWP", "t5\t5.UWP\t5.UWP.csproj", "{624D89DF-5AB6-4885-84EB-53A8A67FEEEC}"
EndProject
Project("{FAE04EC0-301F-11D3-BF4B-00C04F79EFBC}") = "t5.iOS", "t5\t5.iOS\t5.iOS.csproj", "{96F06174-38D6-429D-A326-73207996C653}"
EndProject
Global
	GlobalSection(SolutionConfigurationPlatforms) = preSolution
		Ad-Hoc|Any CPU = Ad-Hoc|Any CPU
		Ad-Hoc|ARM = Ad-Hoc|ARM
		Ad-Hoc|iPhone = Ad-Hoc|iPhone
		Ad-Hoc|iPhoneSimulator = Ad-Hoc|iPhoneSimulator
		Ad-Hoc|x64 = Ad-Hoc|x64
		Ad-Hoc|x86 = Ad-Hoc|x86
		AppStore|Any CPU = AppStore|Any CPU
		AppStore|ARM = AppStore|ARM
		AppStore|iPhone = AppStore|iPhone
		AppStore|iPhoneSimulator = AppStore|iPhoneSimulator
		AppStore|x64 = AppStore|x64
		AppStore|x86 = AppStore|x86
		Debug|Any CPU = Debug|Any CPU
		Debug|ARM = Debug|ARM
		Debug|iPhone = Debug|iPhone
		Debug|iPhoneSimulator = Debug|iPhoneSimulator
		Debug|x64 = Debug|x64
		Debug|x86 = Debug|x86
		Release|Any CPU = Release|Any CPU
		Release|ARM = Release|ARM
		Release|iPhone = Release|iPhone
		Release|iPhoneSimulator = Release|iPhoneSimulator
		Release|x64 = Release|x64
		Release|x86 = Release|x86
	EndGlobalSection
	GlobalSection(ProjectConfigurationPlatforms) = postSolution
		{63ED3435-51AF-4DC4-A960-B311EACF4438}.Ad-Hoc|Any CPU.ActiveCfg = Release|Any CPU
		{63ED3435-51AF-4DC4-A960-B311EACF4438}.Ad-Hoc|Any CPU.Build.0 = Release|Any CPU
		{63ED3435-51AF-4DC4-A960-B311EACF4438}.Ad-Hoc|Any CPU.Deploy.0 = Release|Any CPU
		{63ED3435-51AF-4DC4-A960-B311EACF4438}.Ad-Hoc|ARM.ActiveCfg = Release|Any CPU
		{63ED3435-51AF-4DC4-A960-B311EACF4438}.Ad-Hoc|ARM.Build.0 = Release|Any CPU
		{63ED3435-51AF-4DC4-A960-B311EACF4438}.Ad-Hoc|ARM.Deploy.0 = Release|Any CPU
		{63ED3435-51AF-4DC4-A960-B311EACF4438}.Ad-Hoc|iPhone.ActiveCfg = Release|Any CPU
		{63ED3435-51AF-4DC4-A960-B311EACF4438}.Ad-Hoc|iPhone.Build.0 = Release|Any CPU
		{63ED3435-51AF-4DC4-A960-B311EACF4438}.Ad-Hoc|iPhone.Deploy.0 = Release|Any CPU
		{63ED3435-51AF-4DC4-A960-B311EACF4438}.Ad-Hoc|iPhoneSimulator.ActiveCfg = Release|Any CPU
		{63ED3435-51AF-4DC4-A960-B311EACF4438}.Ad-Hoc|iPhoneSimulator.Build.0 = Release|Any CPU
		{63ED3435-51AF-4DC4-A960-B311EACF4438}.Ad-Hoc|iPhoneSimulator.Deploy.0 = Release|Any CPU
		{63ED3435-51AF-4DC4-A960-B311EACF4438}.Ad-Hoc|x64.ActiveCfg = Release|Any CPU
		{63ED3435-51AF-4DC4-A960-B311EACF4438}.Ad-Hoc|x64.Build.0 = Release|Any CPU
		{63ED3435-51AF-4DC4-A960-B311EACF4438}.Ad-Hoc|x64.Deploy.0 = Release|Any CPU
		{63ED3435-51AF-4DC4-A960-B311EACF4438}.Ad-Hoc|x86.ActiveCfg = Release|Any CPU
		{63ED3435-51AF-4DC4-A960-B311EACF4438}.Ad-Hoc|x86.Build.0 = Release|Any CPU
		{63ED3435-51AF-4DC4-A960-B311EACF4438}.Ad-Hoc|x86.Deploy.0 = Release|Any CPU
		{63ED3435-51AF-4DC4-A960-B311EACF4438}.AppStore|Any CPU.ActiveCfg = Release|Any CPU
		{63ED3435-51AF-4DC4-A960-B311EACF4438}.AppStore|Any CPU.Build.0 = Release|Any CPU
		{63ED3435-51AF-4DC4-A960-B311EACF4438}.AppStore|Any CPU.Deploy.0 = Release|Any CPU
		{63ED3435-51AF-4DC4-A960-B311EACF4438}.AppStore|ARM.ActiveCfg = Release|Any CPU
		{63ED3435-51AF-4DC4-A960-B311EACF4438}.AppStore|ARM.Build.0 = Release|Any CPU
		{63ED3435-51AF-4DC4-A960-B311EACF4438}.AppStore|ARM.Deploy.0 = Release|Any CPU
		{63ED3435-51AF-4DC4-A960-B311EACF4438}.AppStore|iPhone.ActiveCfg = Release|Any CPU
		{63ED3435-51AF-4DC4-A960-B311EACF4438}.AppStore|iPhone.Build.0 = Release|Any CPU
		{63ED3435-51AF-4DC4-A960-B311EACF4438}.AppStore|iPhone.Deploy.0 = Release|Any CPU
		{63ED3435-51AF-4DC4-A960-B311EACF4438}.AppStore|iPhoneSimulator.ActiveCfg = Release|Any CPU
		{63ED3435-51AF-4DC4-A960-B311EACF4438}.AppStore|iPhoneSimulator.Build.0 = Release|Any CPU
		{63ED3435-51AF-4DC4-A960-B311EACF4438}.AppStore|iPhoneSimulator.Deploy.0 = Release|Any CPU
		{63ED3435-51AF-4DC4-A960-B311EACF4438}.AppStore|x64.ActiveCfg = Release|Any CPU
		{63ED3435-51AF-4DC4-A960-B311EACF4438}.AppStore|x64.Build.0 = Release|Any CPU
		{63ED3435-51AF-4DC4-A960-B311EACF4438}.AppStore|x64.Deploy.0 = Release|Any CPU
		{63ED3435-51AF-4DC4-A960-B311EACF4438}.AppStore|x86.ActiveCfg = Release|Any CPU
		{63ED3435-51AF-4DC4-A960-B311EACF4438}.AppStore|x86.Build.0 = Release|Any CPU
		{63ED3435-51AF-4DC4-A960-B311EACF4438}.AppStore|x86.Deploy.0 = Release|Any CPU
		{63ED3435-51AF-4DC4-A960-B311EACF4438}.Debug|Any CPU.ActiveCfg = Debug|Any CPU
		{63ED3435-51AF-4DC4-A960-B311EACF4438}.Debug|Any CPU.Build.0 = Debug|Any CPU
		{63ED3435-51AF-4DC4-A960-B311EACF4438}.Debug|Any CPU.Deploy.0 = Debug|Any CPU
		{63ED3435-51AF-4DC4-A960-B311EACF4438}.Debug|ARM.ActiveCfg = Debug|Any CPU
		{63ED3435-51AF-4DC4-A960-B311EACF4438}.Debug|ARM.Build.0 = Debug|Any CPU
		{63ED3435-51AF-4DC4-A960-B311EACF4438}.Debug|ARM.Deploy.0 = Debug|Any CPU
		{63ED3435-51AF-4DC4-A960-B311EACF4438}.Debug|iPhone.ActiveCfg = Debug|Any CPU
		{63ED3435-51AF-4DC4-A960-B311EACF4438}.Debug|iPhone.Build.0 = Debug|Any CPU
		{63ED3435-51AF-4DC4-A960-B311EACF4438}.Debug|iPhone.Deploy.0 = Debug|Any CPU
		{63ED3435-51AF-4DC4-A960-B311EACF4438}.Debug|iPhoneSimulator.ActiveCfg = Debug|Any CPU
		{63ED3435-51AF-4DC4-A960-B311EACF4438}.Debug|iPhoneSimulator.Build.0 = Debug|Any CPU
		{63ED3435-51AF-4DC4-A960-B311EACF4438}.Debug|iPhoneSimulator.Deploy.0 = Debug|Any CPU
		{63ED3435-51AF-4DC4-A960-B311EACF4438}.Debug|x64.ActiveCfg = Debug|Any CPU
		{63ED3435-51AF-4DC4-A960-B311EACF4438}.Debug|x64.Build.0 = Debug|Any CPU
		{63ED3435-51AF-4DC4-A960-B311EACF4438}.Debug|x64.Deploy.0 = Debug|Any CPU
		{63ED3435-51AF-4DC4-A960-B311EACF4438}.Debug|x86.ActiveCfg = Debug|Any CPU
		{63ED3435-51AF-4DC4-A960-B311EACF4438}.Debug|x86.Build.0 = Debug|Any CPU
		{63ED3435-51AF-4DC4-A960-B311EACF4438}.Debug|x86.Deploy.0 = Debug|Any CPU
		{63ED3435-51AF-4DC4-A960-B311EACF4438}.Release|Any CPU.ActiveCfg = Release|Any CPU
		{63ED3435-51AF-4DC4-A960-B311EACF4438}.Release|Any CPU.Build.0 = Release|Any CPU
		{63ED3435-51AF-4DC4-A960-B311EACF4438}.Release|Any CPU.Deploy.0 = Release|Any CPU
		{63ED3435-51AF-4DC4-A960-B311EACF4438}.Release|ARM.ActiveCfg = Release|Any CPU
		{63ED3435-51AF-4DC4-A960-B311EACF4438}.Release|ARM.Build.0 = Release|Any CPU
		{63ED3435-51AF-4DC4-A960-B311EACF4438}.Release|ARM.Deploy.0 = Release|Any CPU
		{63ED3435-51AF-4DC4-A960-B311EACF4438}.Release|iPhone.ActiveCfg = Release|Any CPU
		{63ED3435-51AF-4DC4-A960-B311EACF4438}.Release|iPhone.Build.0 = Release|Any CPU
		{63ED3435-51AF-4DC4-A960-B311EACF4438}.Release|iPhone.Deploy.0 = Release|Any CPU
		{63ED3435-51AF-4DC4-A960-B311EACF4438}.Release|iPhoneSimulator.ActiveCfg = Release|Any CPU
		{63ED3435-51AF-4DC4-A960-B311EACF4438}.Release|iPhoneSimulator.Build.0 = Release|Any CPU
		{63ED3435-51AF-4DC4-A960-B311EACF4438}.Release|iPhoneSimulator.Deploy.0 = Release|Any CPU
		{63ED3435-51AF-4DC4-A960-B311EACF4438}.Release|x64.ActiveCfg = Release|Any CPU
		{63ED3435-51AF-4DC4-A960-B311EACF4438}.Release|x64.Build.0 = Release|Any CPU
		{63ED3435-51AF-4DC4-A960-B311EACF4438}.Release|x64.Deploy.0 = Release|Any CPU
		{63ED3435-51AF-4DC4-A960-B311EACF4438}.Release|x86.ActiveCfg = Release|Any CPU
		{63ED3435-51AF-4DC4-A960-B311EACF4438}.Release|x86.Build.0 = Release|Any CPU
		{63ED3435-51AF-4DC4-A960-B311EACF4438}.Release|x86.Deploy.0 = Release|Any CPU
		{ECEBDA5B-F9E9-4B8C-9706-EE187CAD221E}.Ad-Hoc|Any CPU.ActiveCfg = Release|Any CPU
		{ECEBDA5B-F9E9-4B8C-9706-EE187CAD221E}.Ad-Hoc|Any CPU.Build.0 = Release|Any CPU
		{ECEBDA5B-F9E9-4B8C-9706-EE187CAD221E}.Ad-Hoc|ARM.ActiveCfg = Release|Any CPU
		{ECEBDA5B-F9E9-4B8C-9706-EE187CAD221E}.Ad-Hoc|ARM.Build.0 = Release|Any CPU
		{ECEBDA5B-F9E9-4B8C-9706-EE187CAD221E}.Ad-Hoc|iPhone.ActiveCfg = Release|Any CPU
		{ECEBDA5B-F9E9-4B8C-9706-EE187CAD221E}.Ad-Hoc|iPhone.Build.0 = Release|Any CPU
		{ECEBDA5B-F9E9-4B8C-9706-EE187CAD221E}.Ad-Hoc|iPhoneSimulator.ActiveCfg = Release|Any CPU
		{ECEBDA5B-F9E9-4B8C-9706-EE187CAD221E}.Ad-Hoc|iPhoneSimulator.Build.0 = Release|Any CPU
		{ECEBDA5B-F9E9-4B8C-9706-EE187CAD221E}.Ad-Hoc|x64.ActiveCfg = Release|Any CPU
		{ECEBDA5B-F9E9-4B8C-9706-EE187CAD221E}.Ad-Hoc|x64.Build.0 = Release|Any CPU
		{ECEBDA5B-F9E9-4B8C-9706-EE187CAD221E}.Ad-Hoc|x86.ActiveCfg = Release|Any CPU
		{ECEBDA5B-F9E9-4B8C-9706-EE187CAD221E}.Ad-Hoc|x86.Build.0 = Release|Any CPU
		{ECEBDA5B-F9E9-4B8C-9706-EE187CAD221E}.AppStore|Any CPU.ActiveCfg = Release|Any CPU
		{ECEBDA5B-F9E9-4B8C-9706-EE187CAD221E}.AppStore|Any CPU.Build.0 = Release|Any CPU
		{ECEBDA5B-F9E9-4B8C-9706-EE187CAD221E}.AppStore|ARM.ActiveCfg = Release|Any CPU
		{ECEBDA5B-F9E9-4B8C-9706-EE187CAD221E}.AppStore|ARM.Build.0 = Release|Any CPU
		{ECEBDA5B-F9E9-4B8C-9706-EE187CAD221E}.AppStore|iPhone.ActiveCfg = Release|Any CPU
		{ECEBDA5B-F9E9-4B8C-9706-EE187CAD221E}.AppStore|iPhone.Build.0 = Release|Any CPU
		{ECEBDA5B-F9E9-4B8C-9706-EE187CAD221E}.AppStore|iPhoneSimulator.ActiveCfg = Release|Any CPU
		{ECEBDA5B-F9E9-4B8C-9706-EE187CAD221E}.AppStore|iPhoneSimulator.Build.0 = Release|Any CPU
		{ECEBDA5B-F9E9-4B8C-9706-EE187CAD221E}.AppStore|x64.ActiveCfg = Release|Any CPU
		{ECEBDA5B-F9E9-4B8C-9706-EE187CAD221E}.AppStore|x64.Build.0 = Release|Any CPU
		{ECEBDA5B-F9E9-4B8C-9706-EE187CAD221E}.AppStore|x86.ActiveCfg = Release|Any CPU
		{ECEBDA5B-F9E9-4B8C-9706-EE187CAD221E}.AppStore|x86.Build.0 = Release|Any CPU
		{ECEBDA5B-F9E9-4B8C-9706-EE187CAD221E}.Debug|Any CPU.ActiveCfg = Debug|Any CPU
		{ECEBDA5B-F9E9-4B8C-9706-EE187CAD221E}.Debug|Any CPU.Build.0 = Debug|Any CPU
		{ECEBDA5B-F9E9-4B8C-9706-EE187CAD221E}.Debug|ARM.ActiveCfg = Debug|Any CPU
		{ECEBDA5B-F9E9-4B8C-9706-EE187CAD221E}.Debug|ARM.Build.0 = Debug|Any CPU
		{ECEBDA5B-F9E9-4B8C-9706-EE187CAD221E}.Debug|iPhone.ActiveCfg = Debug|Any CPU
		{ECEBDA5B-F9E9-4B8C-9706-EE187CAD221E}.Debug|iPhone.Build.0 = Debug|Any CPU
		{ECEBDA5B-F9E9-4B8C-9706-EE187CAD221E}.Debug|iPhoneSimulator.ActiveCfg = Debug|Any CPU
		{ECEBDA5B-F9E9-4B8C-9706-EE187CAD221E}.Debug|iPhoneSimulator.Build.0 = Debug|Any CPU
		{ECEBDA5B-F9E9-4B8C-9706-EE187CAD221E}.Debug|x64.ActiveCfg = Debug|Any CPU
		{ECEBDA5B-F9E9-4B8C-9706-EE187CAD221E}.Debug|x64.Build.0 = Debug|Any CPU
		{ECEBDA5B-F9E9-4B8C-9706-EE187CAD221E}.Debug|x86.ActiveCfg = Debug|Any CPU
		{ECEBDA5B-F9E9-4B8C-9706-EE187CAD221E}.Debug|x86.Build.0 = Debug|Any CPU
		{ECEBDA5B-F9E9-4B8C-9706-EE187CAD221E}.Release|Any CPU.ActiveCfg = Release|Any CPU
		{ECEBDA5B-F9E9-4B8C-9706-EE187CAD221E}.Release|Any CPU.Build.0 = Release|Any CPU
		{ECEBDA5B-F9E9-4B8C-9706-EE187CAD221E}.Release|ARM.ActiveCfg = Release|Any CPU
		{ECEBDA5B-F9E9-4B8C-9706-EE187CAD221E}.Release|ARM.Build.0 = Release|Any CPU
		{ECEBDA5B-F9E9-4B8C-9706-EE187CAD221E}.Release|iPhone.ActiveCfg = Release|Any CPU
		{ECEBDA5B-F9E9-4B8C-9706-EE187CAD221E}.Release|iPhone.Build.0 = Release|Any CPU
		{ECEBDA5B-F9E9-4B8C-9706-EE187CAD221E}.Release|iPhoneSimulator.ActiveCfg = Release|Any CPU
		{ECEBDA5B-F9E9-4B8C-9706-EE187CAD221E}.Release|iPhoneSimulator.Build.0 = Release|Any CPU
		{ECEBDA5B-F9E9-4B8C-9706-EE187CAD221E}.Release|x64.ActiveCfg = Release|Any CPU
		{ECEBDA5B-F9E9-4B8C-9706-EE187CAD221E}.Release|x64.Build.0 = Release|Any CPU
		{ECEBDA5B-F9E9-4B8C-9706-EE187CAD221E}.Release|x86.ActiveCfg = Release|Any CPU
		{ECEBDA5B-F9E9-4B8C-9706-EE187CAD221E}.Release|x86.Build.0 = Release|Any CPU
		{624D89DF-5AB6-4885-84EB-53A8A67FEEEC}.Ad-Hoc|Any CPU.ActiveCfg = Release|x86
		{624D89DF-5AB6-4885-84EB-53A8A67FEEEC}.Ad-Hoc|Any CPU.Build.0 = Release|x86
		{624D89DF-5AB6-4885-84EB-53A8A67FEEEC}.Ad-Hoc|Any CPU.Deploy.0 = Release|x86
		{624D89DF-5AB6-4885-84EB-53A8A67FEEEC}.Ad-Hoc|ARM.ActiveCfg = Release|ARM
		{624D89DF-5AB6-4885-84EB-53A8A67FEEEC}.Ad-Hoc|ARM.Build.0 = Release|ARM
		{624D89DF-5AB6-4885-84EB-53A8A67FEEEC}.Ad-Hoc|ARM.Deploy.0 = Release|ARM
		{624D89DF-5AB6-4885-84EB-53A8A67FEEEC}.Ad-Hoc|iPhone.ActiveCfg = Release|x86
		{624D89DF-5AB6-4885-84EB-53A8A67FEEEC}.Ad-Hoc|iPhone.Build.0 = Release|x86
		{624D89DF-5AB6-4885-84EB-53A8A67FEEEC}.Ad-Hoc|iPhone.Deploy.0 = Release|x86
		{624D89DF-5AB6-4885-84EB-53A8A67FEEEC}.Ad-Hoc|iPhoneSimulator.ActiveCfg = Release|x86
		{624D89DF-5AB6-4885-84EB-53A8A67FEEEC}.Ad-Hoc|iPhoneSimulator.Build.0 = Release|x86
		{624D89DF-5AB6-4885-84EB-53A8A67FEEEC}.Ad-Hoc|iPhoneSimulator.Deploy.0 = Release|x86
		{624D89DF-5AB6-4885-84EB-53A8A67FEEEC}.Ad-Hoc|x64.ActiveCfg = Release|x64
		{624D89DF-5AB6-4885-84EB-53A8A67FEEEC}.Ad-Hoc|x64.Build.0 = Release|x64
		{624D89DF-5AB6-4885-84EB-53A8A67FEEEC}.Ad-Hoc|x64.Deploy.0 = Release|x64
		{624D89DF-5AB6-4885-84EB-53A8A67FEEEC}.Ad-Hoc|x86.ActiveCfg = Release|x86
		{624D89DF-5AB6-4885-84EB-53A8A67FEEEC}.Ad-Hoc|x86.Build.0 = Release|x86
		{624D89DF-5AB6-4885-84EB-53A8A67FEEEC}.Ad-Hoc|x86.Deploy.0 = Release|x86
		{624D89DF-5AB6-4885-84EB-53A8A67FEEEC}.AppStore|Any CPU.ActiveCfg = Release|x86
		{624D89DF-5AB6-4885-84EB-53A8A67FEEEC}.AppStore|Any CPU.Build.0 = Release|x86
		{624D89DF-5AB6-4885-84EB-53A8A67FEEEC}.AppStore|Any CPU.Deploy.0 = Release|x86
		{624D89DF-5AB6-4885-84EB-53A8A67FEEEC}.AppStore|ARM.ActiveCfg = Release|ARM
		{624D89DF-5AB6-4885-84EB-53A8A67FEEEC}.AppStore|ARM.Build.0 = Release|ARM
		{624D89DF-5AB6-4885-84EB-53A8A67FEEEC}.AppStore|ARM.Deploy.0 = Release|ARM
		{624D89DF-5AB6-4885-84EB-53A8A67FEEEC}.AppStore|iPhone.ActiveCfg = Release|x86
		{624D89DF-5AB6-4885-84EB-53A8A67FEEEC}.AppStore|iPhone.Build.0 = Release|x86
		{624D89DF-5AB6-4885-84EB-53A8A67FEEEC}.AppStore|iPhone.Deploy.0 = Release|x86
		{624D89DF-5AB6-4885-84EB-53A8A67FEEEC}.AppStore|iPhoneSimulator.ActiveCfg = Release|x86
		{624D89DF-5AB6-4885-84EB-53A8A67FEEEC}.AppStore|iPhoneSimulator.Build.0 = Release|x86
		{624D89DF-5AB6-4885-84EB-53A8A67FEEEC}.AppStore|iPhoneSimulator.Deploy.0 = Release|x86
		{624D89DF-5AB6-4885-84EB-53A8A67FEEEC}.AppStore|x64.ActiveCfg = Release|x64
		{624D89DF-5AB6-4885-84EB-53A8A67FEEEC}.AppStore|x64.Build.0 = Release|x64
		{624D89DF-5AB6-4885-84EB-53A8A67FEEEC}.AppStore|x64.Deploy.0 = Release|x64
		{624D89DF-5AB6-4885-84EB-53A8A67FEEEC}.AppStore|x86.ActiveCfg = Release|x86
		{624D89DF-5AB6-4885-84EB-53A8A67FEEEC}.AppStore|x86.Build.0 = Release|x86
		{624D89DF-5AB6-4885-84EB-53A8A67FEEEC}.AppStore|x86.Deploy.0 = Release|x86
		{624D89DF-5AB6-4885-84EB-53A8A67FEEEC}.Debug|Any CPU.ActiveCfg = Debug|x86
		{624D89DF-5AB6-4885-84EB-53A8A67FEEEC}.Debug|ARM.ActiveCfg = Debug|ARM
		{624D89DF-5AB6-4885-84EB-53A8A67FEEEC}.Debug|ARM.Build.0 = Debug|ARM
		{624D89DF-5AB6-4885-84EB-53A8A67FEEEC}.Debug|ARM.Deploy.0 = Debug|ARM
		{624D89DF-5AB6-4885-84EB-53A8A67FEEEC}.Debug|iPhone.ActiveCfg = Debug|x86
		{624D89DF-5AB6-4885-84EB-53A8A67FEEEC}.Debug|iPhoneSimulator.ActiveCfg = Debug|x86
		{624D89DF-5AB6-4885-84EB-53A8A67FEEEC}.Debug|x64.ActiveCfg = Debug|x64
		{624D89DF-5AB6-4885-84EB-53A8A67FEEEC}.Debug|x64.Build.0 = Debug|x64
		{624D89DF-5AB6-4885-84EB-53A8A67FEEEC}.Debug|x64.Deploy.0 = Debug|x64
		{624D89DF-5AB6-4885-84EB-53A8A67FEEEC}.Debug|x86.ActiveCfg = Debug|x86
		{624D89DF-5AB6-4885-84EB-53A8A67FEEEC}.Debug|x86.Build.0 = Debug|x86
		{624D89DF-5AB6-4885-84EB-53A8A67FEEEC}.Debug|x86.Deploy.0 = Debug|x86
		{624D89DF-5AB6-4885-84EB-53A8A67FEEEC}.Release|Any CPU.ActiveCfg = Release|x86
		{624D89DF-5AB6-4885-84EB-53A8A67FEEEC}.Release|ARM.ActiveCfg = Release|ARM
		{624D89DF-5AB6-4885-84EB-53A8A67FEEEC}.Release|ARM.Build.0 = Release|ARM
		{624D89DF-5AB6-4885-84EB-53A8A67FEEEC}.Release|ARM.Deploy.0 = Release|ARM
		{624D89DF-5AB6-4885-84EB-53A8A67FEEEC}.Release|iPhone.ActiveCfg = Release|x86
		{624D89DF-5AB6-4885-84EB-53A8A67FEEEC}.Release|iPhoneSimulator.ActiveCfg = Release|x86
		{624D89DF-5AB6-4885-84EB-53A8A67FEEEC}.Release|x64.ActiveCfg = Release|x64
		{624D89DF-5AB6-4885-84EB-53A8A67FEEEC}.Release|x64.Build.0 = Release|x64
		{624D89DF-5AB6-4885-84EB-53A8A67FEEEC}.Release|x64.Deploy.0 = Release|x64
		{624D89DF-5AB6-4885-84EB-53A8A67FEEEC}.Release|x86.ActiveCfg = Release|x86
		{624D89DF-5AB6-4885-84EB-53A8A67FEEEC}.Release|x86.Build.0 = Release|x86
		{624D89DF-5AB6-4885-84EB-53A8A67FEEEC}.Release|x86.Deploy.0 = Release|x86
		{96F06174-38D6-429D-A326-73207996C653}.Ad-Hoc|Any CPU.ActiveCfg = Ad-Hoc|iPhone
		{96F06174-38D6-429D-A326-73207996C653}.Ad-Hoc|ARM.ActiveCfg = Ad-Hoc|iPhone
		{96F06174-38D6-429D-A326-73207996C653}.Ad-Hoc|iPhone.ActiveCfg = Ad-Hoc|iPhone
		{96F06174-38D6-429D-A326-73207996C653}.Ad-Hoc|iPhone.Build.0 = Ad-Hoc|iPhone
		{96F06174-38D6-429D-A326-73207996C653}.Ad-Hoc|iPhoneSimulator.ActiveCfg = Ad-Hoc|iPhoneSimulator
		{96F06174-38D6-429D-A326-73207996C653}.Ad-Hoc|iPhoneSimulator.Build.0 = Ad-Hoc|iPhoneSimulator
		{96F06174-38D6-429D-A326-73207996C653}.Ad-Hoc|x64.ActiveCfg = Ad-Hoc|iPhone
		{96F06174-38D6-429D-A326-73207996C653}.Ad-Hoc|x86.ActiveCfg = Ad-Hoc|iPhone
		{96F06174-38D6-429D-A326-73207996C653}.AppStore|Any CPU.ActiveCfg = AppStore|iPhone
		{96F06174-38D6-429D-A326-73207996C653}.AppStore|ARM.ActiveCfg = AppStore|iPhone
		{96F06174-38D6-429D-A326-73207996C653}.AppStore|iPhone.ActiveCfg = AppStore|iPhone
		{96F06174-38D6-429D-A326-73207996C653}.AppStore|iPhone.Build.0 = AppStore|iPhone
		{96F06174-38D6-429D-A326-73207996C653}.AppStore|iPhoneSimulator.ActiveCfg = AppStore|iPhoneSimulator
		{96F06174-38D6-429D-A326-73207996C653}.AppStore|iPhoneSimulator.Build.0 = AppStore|iPhoneSimulator
		{96F06174-38D6-429D-A326-73207996C653}.AppStore|x64.ActiveCfg = AppStore|iPhone
		{96F06174-38D6-429D-A326-73207996C653}.AppStore|x86.ActiveCfg = AppStore|iPhone
		{96F06174-38D6-429D-A326-73207996C653}.Debug|Any CPU.ActiveCfg = Debug|iPhone
		{96F06174-38D6-429D-A326-73207996C653}.Debug|ARM.ActiveCfg = Debug|iPhone
		{96F06174-38D6-429D-A326-73207996C653}.Debug|iPhone.ActiveCfg = Debug|iPhone
		{96F06174-38D6-429D-A326-73207996C653}.Debug|iPhone.Build.0 = Debug|iPhone
		{96F06174-38D6-429D-A326-73207996C653}.Debug|iPhoneSimulator.ActiveCfg = Debug|iPhoneSimulator
		{96F06174-38D6-429D-A326-73207996C653}.Debug|iPhoneSimulator.Build.0 = Debug|iPhoneSimulator
		{96F06174-38D6-429D-A326-73207996C653}.Debug|x64.ActiveCfg = Debug|iPhone
		{96F06174-38D6-429D-A326-73207996C653}.Debug|x86.ActiveCfg = Debug|iPhone
		{96F06174-38D6-429D-A326-73207996C653}.Release|Any CPU.ActiveCfg = Release|iPhone
		{96F06174-38D6-429D-A326-73207996C653}.Release|ARM.ActiveCfg = Release|iPhone
		{96F06174-38D6-429D-A326-73207996C653}.Release|iPhone.ActiveCfg = Release|iPhone
		{96F06174-38D6-429D-A326-73207996C653}.Release|iPhone.Build.0 = Release|iPhone
		{96F06174-38D6-429D-A326-73207996C653}.Release|iPhoneSimulator.ActiveCfg = Release|iPhoneSimulator
		{96F06174-38D6-429D-A326-73207996C653}.Release|iPhoneSimulator.Build.0 = Release|iPhoneSimulator
		{96F06174-38D6-429D-A326-73207996C653}.Release|x64.ActiveCfg = Release|iPhone
		{96F06174-38D6-429D-A326-73207996C653}.Release|x86.ActiveCfg = Release|iPhone
	EndGlobalSection
	GlobalSection(SolutionProperties) = preSolution
		HideSolutionNode = FALSE
	EndGlobalSection
EndGlobal
