
Microsoft Visual Studio Solution File, Format Version 12.00
# Visual Studio 15
VisualStudioVersion = 15.0.26430.16
MinimumVisualStudioVersion = 10.0.40219.1
Project("{FAE04EC0-301F-11D3-BF4B-00C04F79EFBC}") = "e1", "e1\e1.csproj", "{077C8107-55BA-483E-B273-417146AF1D71}"
EndProject
Project("{FAE04EC0-301F-11D3-BF4B-00C04F79EFBC}") = "e2", "e2\e2.csproj", "{7CC2D7DE-07FC-4D49-AFBD-4428776AFC7B}"
EndProject
Project("{FAE04EC0-301F-11D3-BF4B-00C04F79EFBC}") = "e3", "e3\e3.csproj", "{724E78AA-869A-4991-906E-5F5BD0C9455C}"
EndProject
Project("{FAE04EC0-301F-11D3-BF4B-00C04F79EFBC}") = "e4", "e4\e4.csproj", "{A908162A-1F55-4A5D-95E1-384BC432EC11}"
EndProject
Global
	GlobalSection(SolutionConfigurationPlatforms) = preSolution
		Debug|Any CPU = Debug|Any CPU
		Release|Any CPU = Release|Any CPU
	EndGlobalSection
	GlobalSection(ProjectConfigurationPlatforms) = postSolution
		{077C8107-55BA-483E-B273-417146AF1D71}.Debug|Any CPU.ActiveCfg = Debug|Any CPU
		{077C8107-55BA-483E-B273-417146AF1D71}.Debug|Any CPU.Build.0 = Debug|Any CPU
		{077C8107-55BA-483E-B273-417146AF1D71}.Release|Any CPU.ActiveCfg = Release|Any CPU
		{077C8107-55BA-483E-B273-417146AF1D71}.Release|Any CPU.Build.0 = Release|Any CPU
		{7CC2D7DE-07FC-4D49-AFBD-4428776AFC7B}.Debug|Any CPU.ActiveCfg = Debug|Any CPU
		{7CC2D7DE-07FC-4D49-AFBD-4428776AFC7B}.Debug|Any CPU.Build.0 = Debug|Any CPU
		{7CC2D7DE-07FC-4D49-AFBD-4428776AFC7B}.Release|Any CPU.ActiveCfg = Release|Any CPU
		{7CC2D7DE-07FC-4D49-AFBD-4428776AFC7B}.Release|Any CPU.Build.0 = Release|Any CPU
		{724E78AA-869A-4991-906E-5F5BD0C9455C}.Debug|Any CPU.ActiveCfg = Debug|Any CPU
		{724E78AA-869A-4991-906E-5F5BD0C9455C}.Debug|Any CPU.Build.0 = Debug|Any CPU
		{724E78AA-869A-4991-906E-5F5BD0C9455C}.Release|Any CPU.ActiveCfg = Release|Any CPU
		{724E78AA-869A-4991-906E-5F5BD0C9455C}.Release|Any CPU.Build.0 = Release|Any CPU
		{A908162A-1F55-4A5D-95E1-384BC432EC11}.Debug|Any CPU.ActiveCfg = Debug|Any CPU
		{A908162A-1F55-4A5D-95E1-384BC432EC11}.Debug|Any CPU.Build.0 = Debug|Any CPU
		{A908162A-1F55-4A5D-95E1-384BC432EC11}.Release|Any CPU.ActiveCfg = Release|Any CPU
		{A908162A-1F55-4A5D-95E1-384BC432EC11}.Release|Any CPU.Build.0 = Release|Any CPU
	EndGlobalSection
	GlobalSection(SolutionProperties) = preSolution
		HideSolutionNode = FALSE
	EndGlobalSection
EndGlobal
