
Microsoft Visual Studio Solution File, Format Version 12.00
# Visual Studio 15
VisualStudioVersion = 15.0.26430.16
MinimumVisualStudioVersion = 10.0.40219.1
Project("{FAE04EC0-301F-11D3-BF4B-00C04F79EFBC}") = "t2.Android", "t2\t2.Android\t2.Android.csproj", "{EC361C9C-0D6E-4EE7-9623-AA6841F09CE5}"
EndProject
Project("{FAE04EC0-301F-11D3-BF4B-00C04F79EFBC}") = "t2", "t2\t2\t2.csproj", "{638A7148-33B6-4DC8-B2D6-3BA10299EE5A}"
EndProject
Project("{FAE04EC0-301F-11D3-BF4B-00C04F79EFBC}") = "t2.UWP", "t2\t2.UWP\t2.UWP.csproj", "{1BFC37BB-0384-421D-AFF5-894C66352636}"
EndProject
Project("{FAE04EC0-301F-11D3-BF4B-00C04F79EFBC}") = "t2.iOS", "t2\t2.iOS\t2.iOS.csproj", "{0C624218-07B9-4D49-B0FC-CFC29CE33E67}"
EndProject
Global
	GlobalSection(SolutionConfigurationPlatforms) = preSolution
		Ad-Hoc|Any CPU = Ad-Hoc|Any CPU
		Ad-Hoc|ARM = Ad-Hoc|ARM
		Ad-Hoc|iPhone = Ad-Hoc|iPhone
		Ad-Hoc|iPhoneSimulator = Ad-Hoc|iPhoneSimulator
		Ad-Hoc|x64 = Ad-Hoc|x64
		Ad-Hoc|x86 = Ad-Hoc|x86
		AppStore|Any CPU = AppStore|Any CPU
		AppStore|ARM = AppStore|ARM
		AppStore|iPhone = AppStore|iPhone
		AppStore|iPhoneSimulator = AppStore|iPhoneSimulator
		AppStore|x64 = AppStore|x64
		AppStore|x86 = AppStore|x86
		Debug|Any CPU = Debug|Any CPU
		Debug|ARM = Debug|ARM
		Debug|iPhone = Debug|iPhone
		Debug|iPhoneSimulator = Debug|iPhoneSimulator
		Debug|x64 = Debug|x64
		Debug|x86 = Debug|x86
		Release|Any CPU = Release|Any CPU
		Release|ARM = Release|ARM
		Release|iPhone = Release|iPhone
		Release|iPhoneSimulator = Release|iPhoneSimulator
		Release|x64 = Release|x64
		Release|x86 = Release|x86
	EndGlobalSection
	GlobalSection(ProjectConfigurationPlatforms) = postSolution
		{EC361C9C-0D6E-4EE7-9623-AA6841F09CE5}.Ad-Hoc|Any CPU.ActiveCfg = Release|Any CPU
		{EC361C9C-0D6E-4EE7-9623-AA6841F09CE5}.Ad-Hoc|Any CPU.Build.0 = Release|Any CPU
		{EC361C9C-0D6E-4EE7-9623-AA6841F09CE5}.Ad-Hoc|Any CPU.Deploy.0 = Release|Any CPU
		{EC361C9C-0D6E-4EE7-9623-AA6841F09CE5}.Ad-Hoc|ARM.ActiveCfg = Release|Any CPU
		{EC361C9C-0D6E-4EE7-9623-AA6841F09CE5}.Ad-Hoc|ARM.Build.0 = Release|Any CPU
		{EC361C9C-0D6E-4EE7-9623-AA6841F09CE5}.Ad-Hoc|ARM.Deploy.0 = Release|Any CPU
		{EC361C9C-0D6E-4EE7-9623-AA6841F09CE5}.Ad-Hoc|iPhone.ActiveCfg = Release|Any CPU
		{EC361C9C-0D6E-4EE7-9623-AA6841F09CE5}.Ad-Hoc|iPhone.Build.0 = Release|Any CPU
		{EC361C9C-0D6E-4EE7-9623-AA6841F09CE5}.Ad-Hoc|iPhone.Deploy.0 = Release|Any CPU
		{EC361C9C-0D6E-4EE7-9623-AA6841F09CE5}.Ad-Hoc|iPhoneSimulator.ActiveCfg = Release|Any CPU
		{EC361C9C-0D6E-4EE7-9623-AA6841F09CE5}.Ad-Hoc|iPhoneSimulator.Build.0 = Release|Any CPU
		{EC361C9C-0D6E-4EE7-9623-AA6841F09CE5}.Ad-Hoc|iPhoneSimulator.Deploy.0 = Release|Any CPU
		{EC361C9C-0D6E-4EE7-9623-AA6841F09CE5}.Ad-Hoc|x64.ActiveCfg = Release|Any CPU
		{EC361C9C-0D6E-4EE7-9623-AA6841F09CE5}.Ad-Hoc|x64.Build.0 = Release|Any CPU
		{EC361C9C-0D6E-4EE7-9623-AA6841F09CE5}.Ad-Hoc|x64.Deploy.0 = Release|Any CPU
		{EC361C9C-0D6E-4EE7-9623-AA6841F09CE5}.Ad-Hoc|x86.ActiveCfg = Release|Any CPU
		{EC361C9C-0D6E-4EE7-9623-AA6841F09CE5}.Ad-Hoc|x86.Build.0 = Release|Any CPU
		{EC361C9C-0D6E-4EE7-9623-AA6841F09CE5}.Ad-Hoc|x86.Deploy.0 = Release|Any CPU
		{EC361C9C-0D6E-4EE7-9623-AA6841F09CE5}.AppStore|Any CPU.ActiveCfg = Release|Any CPU
		{EC361C9C-0D6E-4EE7-9623-AA6841F09CE5}.AppStore|Any CPU.Build.0 = Release|Any CPU
		{EC361C9C-0D6E-4EE7-9623-AA6841F09CE5}.AppStore|Any CPU.Deploy.0 = Release|Any CPU
		{EC361C9C-0D6E-4EE7-9623-AA6841F09CE5}.AppStore|ARM.ActiveCfg = Release|Any CPU
		{EC361C9C-0D6E-4EE7-9623-AA6841F09CE5}.AppStore|ARM.Build.0 = Release|Any CPU
		{EC361C9C-0D6E-4EE7-9623-AA6841F09CE5}.AppStore|ARM.Deploy.0 = Release|Any CPU
		{EC361C9C-0D6E-4EE7-9623-AA6841F09CE5}.AppStore|iPhone.ActiveCfg = Release|Any CPU
		{EC361C9C-0D6E-4EE7-9623-AA6841F09CE5}.AppStore|iPhone.Build.0 = Release|Any CPU
		{EC361C9C-0D6E-4EE7-9623-AA6841F09CE5}.AppStore|iPhone.Deploy.0 = Release|Any CPU
		{EC361C9C-0D6E-4EE7-9623-AA6841F09CE5}.AppStore|iPhoneSimulator.ActiveCfg = Release|Any CPU
		{EC361C9C-0D6E-4EE7-9623-AA6841F09CE5}.AppStore|iPhoneSimulator.Build.0 = Release|Any CPU
		{EC361C9C-0D6E-4EE7-9623-AA6841F09CE5}.AppStore|iPhoneSimulator.Deploy.0 = Release|Any CPU
		{EC361C9C-0D6E-4EE7-9623-AA6841F09CE5}.AppStore|x64.ActiveCfg = Release|Any CPU
		{EC361C9C-0D6E-4EE7-9623-AA6841F09CE5}.AppStore|x64.Build.0 = Release|Any CPU
		{EC361C9C-0D6E-4EE7-9623-AA6841F09CE5}.AppStore|x64.Deploy.0 = Release|Any CPU
		{EC361C9C-0D6E-4EE7-9623-AA6841F09CE5}.AppStore|x86.ActiveCfg = Release|Any CPU
		{EC361C9C-0D6E-4EE7-9623-AA6841F09CE5}.AppStore|x86.Build.0 = Release|Any CPU
		{EC361C9C-0D6E-4EE7-9623-AA6841F09CE5}.AppStore|x86.Deploy.0 = Release|Any CPU
		{EC361C9C-0D6E-4EE7-9623-AA6841F09CE5}.Debug|Any CPU.ActiveCfg = Debug|Any CPU
		{EC361C9C-0D6E-4EE7-9623-AA6841F09CE5}.Debug|Any CPU.Build.0 = Debug|Any CPU
		{EC361C9C-0D6E-4EE7-9623-AA6841F09CE5}.Debug|Any CPU.Deploy.0 = Debug|Any CPU
		{EC361C9C-0D6E-4EE7-9623-AA6841F09CE5}.Debug|ARM.ActiveCfg = Debug|Any CPU
		{EC361C9C-0D6E-4EE7-9623-AA6841F09CE5}.Debug|ARM.Build.0 = Debug|Any CPU
		{EC361C9C-0D6E-4EE7-9623-AA6841F09CE5}.Debug|ARM.Deploy.0 = Debug|Any CPU
		{EC361C9C-0D6E-4EE7-9623-AA6841F09CE5}.Debug|iPhone.ActiveCfg = Debug|Any CPU
		{EC361C9C-0D6E-4EE7-9623-AA6841F09CE5}.Debug|iPhone.Build.0 = Debug|Any CPU
		{EC361C9C-0D6E-4EE7-9623-AA6841F09CE5}.Debug|iPhone.Deploy.0 = Debug|Any CPU
		{EC361C9C-0D6E-4EE7-9623-AA6841F09CE5}.Debug|iPhoneSimulator.ActiveCfg = Debug|Any CPU
		{EC361C9C-0D6E-4EE7-9623-AA6841F09CE5}.Debug|iPhoneSimulator.Build.0 = Debug|Any CPU
		{EC361C9C-0D6E-4EE7-9623-AA6841F09CE5}.Debug|iPhoneSimulator.Deploy.0 = Debug|Any CPU
		{EC361C9C-0D6E-4EE7-9623-AA6841F09CE5}.Debug|x64.ActiveCfg = Debug|Any CPU
		{EC361C9C-0D6E-4EE7-9623-AA6841F09CE5}.Debug|x64.Build.0 = Debug|Any CPU
		{EC361C9C-0D6E-4EE7-9623-AA6841F09CE5}.Debug|x64.Deploy.0 = Debug|Any CPU
		{EC361C9C-0D6E-4EE7-9623-AA6841F09CE5}.Debug|x86.ActiveCfg = Debug|Any CPU
		{EC361C9C-0D6E-4EE7-9623-AA6841F09CE5}.Debug|x86.Build.0 = Debug|Any CPU
		{EC361C9C-0D6E-4EE7-9623-AA6841F09CE5}.Debug|x86.Deploy.0 = Debug|Any CPU
		{EC361C9C-0D6E-4EE7-9623-AA6841F09CE5}.Release|Any CPU.ActiveCfg = Release|Any CPU
		{EC361C9C-0D6E-4EE7-9623-AA6841F09CE5}.Release|Any CPU.Build.0 = Release|Any CPU
		{EC361C9C-0D6E-4EE7-9623-AA6841F09CE5}.Release|Any CPU.Deploy.0 = Release|Any CPU
		{EC361C9C-0D6E-4EE7-9623-AA6841F09CE5}.Release|ARM.ActiveCfg = Release|Any CPU
		{EC361C9C-0D6E-4EE7-9623-AA6841F09CE5}.Release|ARM.Build.0 = Release|Any CPU
		{EC361C9C-0D6E-4EE7-9623-AA6841F09CE5}.Release|ARM.Deploy.0 = Release|Any CPU
		{EC361C9C-0D6E-4EE7-9623-AA6841F09CE5}.Release|iPhone.ActiveCfg = Release|Any CPU
		{EC361C9C-0D6E-4EE7-9623-AA6841F09CE5}.Release|iPhone.Build.0 = Release|Any CPU
		{EC361C9C-0D6E-4EE7-9623-AA6841F09CE5}.Release|iPhone.Deploy.0 = Release|Any CPU
		{EC361C9C-0D6E-4EE7-9623-AA6841F09CE5}.Release|iPhoneSimulator.ActiveCfg = Release|Any CPU
		{EC361C9C-0D6E-4EE7-9623-AA6841F09CE5}.Release|iPhoneSimulator.Build.0 = Release|Any CPU
		{EC361C9C-0D6E-4EE7-9623-AA6841F09CE5}.Release|iPhoneSimulator.Deploy.0 = Release|Any CPU
		{EC361C9C-0D6E-4EE7-9623-AA6841F09CE5}.Release|x64.ActiveCfg = Release|Any CPU
		{EC361C9C-0D6E-4EE7-9623-AA6841F09CE5}.Release|x64.Build.0 = Release|Any CPU
		{EC361C9C-0D6E-4EE7-9623-AA6841F09CE5}.Release|x64.Deploy.0 = Release|Any CPU
		{EC361C9C-0D6E-4EE7-9623-AA6841F09CE5}.Release|x86.ActiveCfg = Release|Any CPU
		{EC361C9C-0D6E-4EE7-9623-AA6841F09CE5}.Release|x86.Build.0 = Release|Any CPU
		{EC361C9C-0D6E-4EE7-9623-AA6841F09CE5}.Release|x86.Deploy.0 = Release|Any CPU
		{638A7148-33B6-4DC8-B2D6-3BA10299EE5A}.Ad-Hoc|Any CPU.ActiveCfg = Release|Any CPU
		{638A7148-33B6-4DC8-B2D6-3BA10299EE5A}.Ad-Hoc|Any CPU.Build.0 = Release|Any CPU
		{638A7148-33B6-4DC8-B2D6-3BA10299EE5A}.Ad-Hoc|ARM.ActiveCfg = Release|Any CPU
		{638A7148-33B6-4DC8-B2D6-3BA10299EE5A}.Ad-Hoc|ARM.Build.0 = Release|Any CPU
		{638A7148-33B6-4DC8-B2D6-3BA10299EE5A}.Ad-Hoc|iPhone.ActiveCfg = Release|Any CPU
		{638A7148-33B6-4DC8-B2D6-3BA10299EE5A}.Ad-Hoc|iPhone.Build.0 = Release|Any CPU
		{638A7148-33B6-4DC8-B2D6-3BA10299EE5A}.Ad-Hoc|iPhoneSimulator.ActiveCfg = Release|Any CPU
		{638A7148-33B6-4DC8-B2D6-3BA10299EE5A}.Ad-Hoc|iPhoneSimulator.Build.0 = Release|Any CPU
		{638A7148-33B6-4DC8-B2D6-3BA10299EE5A}.Ad-Hoc|x64.ActiveCfg = Release|Any CPU
		{638A7148-33B6-4DC8-B2D6-3BA10299EE5A}.Ad-Hoc|x64.Build.0 = Release|Any CPU
		{638A7148-33B6-4DC8-B2D6-3BA10299EE5A}.Ad-Hoc|x86.ActiveCfg = Release|Any CPU
		{638A7148-33B6-4DC8-B2D6-3BA10299EE5A}.Ad-Hoc|x86.Build.0 = Release|Any CPU
		{638A7148-33B6-4DC8-B2D6-3BA10299EE5A}.AppStore|Any CPU.ActiveCfg = Release|Any CPU
		{638A7148-33B6-4DC8-B2D6-3BA10299EE5A}.AppStore|Any CPU.Build.0 = Release|Any CPU
		{638A7148-33B6-4DC8-B2D6-3BA10299EE5A}.AppStore|ARM.ActiveCfg = Release|Any CPU
		{638A7148-33B6-4DC8-B2D6-3BA10299EE5A}.AppStore|ARM.Build.0 = Release|Any CPU
		{638A7148-33B6-4DC8-B2D6-3BA10299EE5A}.AppStore|iPhone.ActiveCfg = Release|Any CPU
		{638A7148-33B6-4DC8-B2D6-3BA10299EE5A}.AppStore|iPhone.Build.0 = Release|Any CPU
		{638A7148-33B6-4DC8-B2D6-3BA10299EE5A}.AppStore|iPhoneSimulator.ActiveCfg = Release|Any CPU
		{638A7148-33B6-4DC8-B2D6-3BA10299EE5A}.AppStore|iPhoneSimulator.Build.0 = Release|Any CPU
		{638A7148-33B6-4DC8-B2D6-3BA10299EE5A}.AppStore|x64.ActiveCfg = Release|Any CPU
		{638A7148-33B6-4DC8-B2D6-3BA10299EE5A}.AppStore|x64.Build.0 = Release|Any CPU
		{638A7148-33B6-4DC8-B2D6-3BA10299EE5A}.AppStore|x86.ActiveCfg = Release|Any CPU
		{638A7148-33B6-4DC8-B2D6-3BA10299EE5A}.AppStore|x86.Build.0 = Release|Any CPU
		{638A7148-33B6-4DC8-B2D6-3BA10299EE5A}.Debug|Any CPU.ActiveCfg = Debug|Any CPU
		{638A7148-33B6-4DC8-B2D6-3BA10299EE5A}.Debug|Any CPU.Build.0 = Debug|Any CPU
		{638A7148-33B6-4DC8-B2D6-3BA10299EE5A}.Debug|ARM.ActiveCfg = Debug|Any CPU
		{638A7148-33B6-4DC8-B2D6-3BA10299EE5A}.Debug|ARM.Build.0 = Debug|Any CPU
		{638A7148-33B6-4DC8-B2D6-3BA10299EE5A}.Debug|iPhone.ActiveCfg = Debug|Any CPU
		{638A7148-33B6-4DC8-B2D6-3BA10299EE5A}.Debug|iPhone.Build.0 = Debug|Any CPU
		{638A7148-33B6-4DC8-B2D6-3BA10299EE5A}.Debug|iPhoneSimulator.ActiveCfg = Debug|Any CPU
		{638A7148-33B6-4DC8-B2D6-3BA10299EE5A}.Debug|iPhoneSimulator.Build.0 = Debug|Any CPU
		{638A7148-33B6-4DC8-B2D6-3BA10299EE5A}.Debug|x64.ActiveCfg = Debug|Any CPU
		{638A7148-33B6-4DC8-B2D6-3BA10299EE5A}.Debug|x64.Build.0 = Debug|Any CPU
		{638A7148-33B6-4DC8-B2D6-3BA10299EE5A}.Debug|x86.ActiveCfg = Debug|Any CPU
		{638A7148-33B6-4DC8-B2D6-3BA10299EE5A}.Debug|x86.Build.0 = Debug|Any CPU
		{638A7148-33B6-4DC8-B2D6-3BA10299EE5A}.Release|Any CPU.ActiveCfg = Release|Any CPU
		{638A7148-33B6-4DC8-B2D6-3BA10299EE5A}.Release|Any CPU.Build.0 = Release|Any CPU
		{638A7148-33B6-4DC8-B2D6-3BA10299EE5A}.Release|ARM.ActiveCfg = Release|Any CPU
		{638A7148-33B6-4DC8-B2D6-3BA10299EE5A}.Release|ARM.Build.0 = Release|Any CPU
		{638A7148-33B6-4DC8-B2D6-3BA10299EE5A}.Release|iPhone.ActiveCfg = Release|Any CPU
		{638A7148-33B6-4DC8-B2D6-3BA10299EE5A}.Release|iPhone.Build.0 = Release|Any CPU
		{638A7148-33B6-4DC8-B2D6-3BA10299EE5A}.Release|iPhoneSimulator.ActiveCfg = Release|Any CPU
		{638A7148-33B6-4DC8-B2D6-3BA10299EE5A}.Release|iPhoneSimulator.Build.0 = Release|Any CPU
		{638A7148-33B6-4DC8-B2D6-3BA10299EE5A}.Release|x64.ActiveCfg = Release|Any CPU
		{638A7148-33B6-4DC8-B2D6-3BA10299EE5A}.Release|x64.Build.0 = Release|Any CPU
		{638A7148-33B6-4DC8-B2D6-3BA10299EE5A}.Release|x86.ActiveCfg = Release|Any CPU
		{638A7148-33B6-4DC8-B2D6-3BA10299EE5A}.Release|x86.Build.0 = Release|Any CPU
		{1BFC37BB-0384-421D-AFF5-894C66352636}.Ad-Hoc|Any CPU.ActiveCfg = Release|x86
		{1BFC37BB-0384-421D-AFF5-894C66352636}.Ad-Hoc|Any CPU.Build.0 = Release|x86
		{1BFC37BB-0384-421D-AFF5-894C66352636}.Ad-Hoc|Any CPU.Deploy.0 = Release|x86
		{1BFC37BB-0384-421D-AFF5-894C66352636}.Ad-Hoc|ARM.ActiveCfg = Release|ARM
		{1BFC37BB-0384-421D-AFF5-894C66352636}.Ad-Hoc|ARM.Build.0 = Release|ARM
		{1BFC37BB-0384-421D-AFF5-894C66352636}.Ad-Hoc|ARM.Deploy.0 = Release|ARM
		{1BFC37BB-0384-421D-AFF5-894C66352636}.Ad-Hoc|iPhone.ActiveCfg = Release|x86
		{1BFC37BB-0384-421D-AFF5-894C66352636}.Ad-Hoc|iPhone.Build.0 = Release|x86
		{1BFC37BB-0384-421D-AFF5-894C66352636}.Ad-Hoc|iPhone.Deploy.0 = Release|x86
		{1BFC37BB-0384-421D-AFF5-894C66352636}.Ad-Hoc|iPhoneSimulator.ActiveCfg = Release|x86
		{1BFC37BB-0384-421D-AFF5-894C66352636}.Ad-Hoc|iPhoneSimulator.Build.0 = Release|x86
		{1BFC37BB-0384-421D-AFF5-894C66352636}.Ad-Hoc|iPhoneSimulator.Deploy.0 = Release|x86
		{1BFC37BB-0384-421D-AFF5-894C66352636}.Ad-Hoc|x64.ActiveCfg = Release|x64
		{1BFC37BB-0384-421D-AFF5-894C66352636}.Ad-Hoc|x64.Build.0 = Release|x64
		{1BFC37BB-0384-421D-AFF5-894C66352636}.Ad-Hoc|x64.Deploy.0 = Release|x64
		{1BFC37BB-0384-421D-AFF5-894C66352636}.Ad-Hoc|x86.ActiveCfg = Release|x86
		{1BFC37BB-0384-421D-AFF5-894C66352636}.Ad-Hoc|x86.Build.0 = Release|x86
		{1BFC37BB-0384-421D-AFF5-894C66352636}.Ad-Hoc|x86.Deploy.0 = Release|x86
		{1BFC37BB-0384-421D-AFF5-894C66352636}.AppStore|Any CPU.ActiveCfg = Release|x86
		{1BFC37BB-0384-421D-AFF5-894C66352636}.AppStore|Any CPU.Build.0 = Release|x86
		{1BFC37BB-0384-421D-AFF5-894C66352636}.AppStore|Any CPU.Deploy.0 = Release|x86
		{1BFC37BB-0384-421D-AFF5-894C66352636}.AppStore|ARM.ActiveCfg = Release|ARM
		{1BFC37BB-0384-421D-AFF5-894C66352636}.AppStore|ARM.Build.0 = Release|ARM
		{1BFC37BB-0384-421D-AFF5-894C66352636}.AppStore|ARM.Deploy.0 = Release|ARM
		{1BFC37BB-0384-421D-AFF5-894C66352636}.AppStore|iPhone.ActiveCfg = Release|x86
		{1BFC37BB-0384-421D-AFF5-894C66352636}.AppStore|iPhone.Build.0 = Release|x86
		{1BFC37BB-0384-421D-AFF5-894C66352636}.AppStore|iPhone.Deploy.0 = Release|x86
		{1BFC37BB-0384-421D-AFF5-894C66352636}.AppStore|iPhoneSimulator.ActiveCfg = Release|x86
		{1BFC37BB-0384-421D-AFF5-894C66352636}.AppStore|iPhoneSimulator.Build.0 = Release|x86
		{1BFC37BB-0384-421D-AFF5-894C66352636}.AppStore|iPhoneSimulator.Deploy.0 = Release|x86
		{1BFC37BB-0384-421D-AFF5-894C66352636}.AppStore|x64.ActiveCfg = Release|x64
		{1BFC37BB-0384-421D-AFF5-894C66352636}.AppStore|x64.Build.0 = Release|x64
		{1BFC37BB-0384-421D-AFF5-894C66352636}.AppStore|x64.Deploy.0 = Release|x64
		{1BFC37BB-0384-421D-AFF5-894C66352636}.AppStore|x86.ActiveCfg = Release|x86
		{1BFC37BB-0384-421D-AFF5-894C66352636}.AppStore|x86.Build.0 = Release|x86
		{1BFC37BB-0384-421D-AFF5-894C66352636}.AppStore|x86.Deploy.0 = Release|x86
		{1BFC37BB-0384-421D-AFF5-894C66352636}.Debug|Any CPU.ActiveCfg = Debug|x86
		{1BFC37BB-0384-421D-AFF5-894C66352636}.Debug|ARM.ActiveCfg = Debug|ARM
		{1BFC37BB-0384-421D-AFF5-894C66352636}.Debug|ARM.Build.0 = Debug|ARM
		{1BFC37BB-0384-421D-AFF5-894C66352636}.Debug|ARM.Deploy.0 = Debug|ARM
		{1BFC37BB-0384-421D-AFF5-894C66352636}.Debug|iPhone.ActiveCfg = Debug|x86
		{1BFC37BB-0384-421D-AFF5-894C66352636}.Debug|iPhoneSimulator.ActiveCfg = Debug|x86
		{1BFC37BB-0384-421D-AFF5-894C66352636}.Debug|x64.ActiveCfg = Debug|x64
		{1BFC37BB-0384-421D-AFF5-894C66352636}.Debug|x64.Build.0 = Debug|x64
		{1BFC37BB-0384-421D-AFF5-894C66352636}.Debug|x64.Deploy.0 = Debug|x64
		{1BFC37BB-0384-421D-AFF5-894C66352636}.Debug|x86.ActiveCfg = Debug|x86
		{1BFC37BB-0384-421D-AFF5-894C66352636}.Debug|x86.Build.0 = Debug|x86
		{1BFC37BB-0384-421D-AFF5-894C66352636}.Debug|x86.Deploy.0 = Debug|x86
		{1BFC37BB-0384-421D-AFF5-894C66352636}.Release|Any CPU.ActiveCfg = Release|x86
		{1BFC37BB-0384-421D-AFF5-894C66352636}.Release|ARM.ActiveCfg = Release|ARM
		{1BFC37BB-0384-421D-AFF5-894C66352636}.Release|ARM.Build.0 = Release|ARM
		{1BFC37BB-0384-421D-AFF5-894C66352636}.Release|ARM.Deploy.0 = Release|ARM
		{1BFC37BB-0384-421D-AFF5-894C66352636}.Release|iPhone.ActiveCfg = Release|x86
		{1BFC37BB-0384-421D-AFF5-894C66352636}.Release|iPhoneSimulator.ActiveCfg = Release|x86
		{1BFC37BB-0384-421D-AFF5-894C66352636}.Release|x64.ActiveCfg = Release|x64
		{1BFC37BB-0384-421D-AFF5-894C66352636}.Release|x64.Build.0 = Release|x64
		{1BFC37BB-0384-421D-AFF5-894C66352636}.Release|x64.Deploy.0 = Release|x64
		{1BFC37BB-0384-421D-AFF5-894C66352636}.Release|x86.ActiveCfg = Release|x86
		{1BFC37BB-0384-421D-AFF5-894C66352636}.Release|x86.Build.0 = Release|x86
		{1BFC37BB-0384-421D-AFF5-894C66352636}.Release|x86.Deploy.0 = Release|x86
		{0C624218-07B9-4D49-B0FC-CFC29CE33E67}.Ad-Hoc|Any CPU.ActiveCfg = Ad-Hoc|iPhone
		{0C624218-07B9-4D49-B0FC-CFC29CE33E67}.Ad-Hoc|ARM.ActiveCfg = Ad-Hoc|iPhone
		{0C624218-07B9-4D49-B0FC-CFC29CE33E67}.Ad-Hoc|iPhone.ActiveCfg = Ad-Hoc|iPhone
		{0C624218-07B9-4D49-B0FC-CFC29CE33E67}.Ad-Hoc|iPhone.Build.0 = Ad-Hoc|iPhone
		{0C624218-07B9-4D49-B0FC-CFC29CE33E67}.Ad-Hoc|iPhoneSimulator.ActiveCfg = Ad-Hoc|iPhoneSimulator
		{0C624218-07B9-4D49-B0FC-CFC29CE33E67}.Ad-Hoc|iPhoneSimulator.Build.0 = Ad-Hoc|iPhoneSimulator
		{0C624218-07B9-4D49-B0FC-CFC29CE33E67}.Ad-Hoc|x64.ActiveCfg = Ad-Hoc|iPhone
		{0C624218-07B9-4D49-B0FC-CFC29CE33E67}.Ad-Hoc|x86.ActiveCfg = Ad-Hoc|iPhone
		{0C624218-07B9-4D49-B0FC-CFC29CE33E67}.AppStore|Any CPU.ActiveCfg = AppStore|iPhone
		{0C624218-07B9-4D49-B0FC-CFC29CE33E67}.AppStore|ARM.ActiveCfg = AppStore|iPhone
		{0C624218-07B9-4D49-B0FC-CFC29CE33E67}.AppStore|iPhone.ActiveCfg = AppStore|iPhone
		{0C624218-07B9-4D49-B0FC-CFC29CE33E67}.AppStore|iPhone.Build.0 = AppStore|iPhone
		{0C624218-07B9-4D49-B0FC-CFC29CE33E67}.AppStore|iPhoneSimulator.ActiveCfg = AppStore|iPhoneSimulator
		{0C624218-07B9-4D49-B0FC-CFC29CE33E67}.AppStore|iPhoneSimulator.Build.0 = AppStore|iPhoneSimulator
		{0C624218-07B9-4D49-B0FC-CFC29CE33E67}.AppStore|x64.ActiveCfg = AppStore|iPhone
		{0C624218-07B9-4D49-B0FC-CFC29CE33E67}.AppStore|x86.ActiveCfg = AppStore|iPhone
		{0C624218-07B9-4D49-B0FC-CFC29CE33E67}.Debug|Any CPU.ActiveCfg = Debug|iPhone
		{0C624218-07B9-4D49-B0FC-CFC29CE33E67}.Debug|ARM.ActiveCfg = Debug|iPhone
		{0C624218-07B9-4D49-B0FC-CFC29CE33E67}.Debug|iPhone.ActiveCfg = Debug|iPhone
		{0C624218-07B9-4D49-B0FC-CFC29CE33E67}.Debug|iPhone.Build.0 = Debug|iPhone
		{0C624218-07B9-4D49-B0FC-CFC29CE33E67}.Debug|iPhoneSimulator.ActiveCfg = Debug|iPhoneSimulator
		{0C624218-07B9-4D49-B0FC-CFC29CE33E67}.Debug|iPhoneSimulator.Build.0 = Debug|iPhoneSimulator
		{0C624218-07B9-4D49-B0FC-CFC29CE33E67}.Debug|x64.ActiveCfg = Debug|iPhone
		{0C624218-07B9-4D49-B0FC-CFC29CE33E67}.Debug|x86.ActiveCfg = Debug|iPhone
		{0C624218-07B9-4D49-B0FC-CFC29CE33E67}.Release|Any CPU.ActiveCfg = Release|iPhone
		{0C624218-07B9-4D49-B0FC-CFC29CE33E67}.Release|ARM.ActiveCfg = Release|iPhone
		{0C624218-07B9-4D49-B0FC-CFC29CE33E67}.Release|iPhone.ActiveCfg = Release|iPhone
		{0C624218-07B9-4D49-B0FC-CFC29CE33E67}.Release|iPhone.Build.0 = Release|iPhone
		{0C624218-07B9-4D49-B0FC-CFC29CE33E67}.Release|iPhoneSimulator.ActiveCfg = Release|iPhoneSimulator
		{0C624218-07B9-4D49-B0FC-CFC29CE33E67}.Release|iPhoneSimulator.Build.0 = Release|iPhoneSimulator
		{0C624218-07B9-4D49-B0FC-CFC29CE33E67}.Release|x64.ActiveCfg = Release|iPhone
		{0C624218-07B9-4D49-B0FC-CFC29CE33E67}.Release|x86.ActiveCfg = Release|iPhone
	EndGlobalSection
	GlobalSection(SolutionProperties) = preSolution
		HideSolutionNode = FALSE
	EndGlobalSection
EndGlobal
