
Microsoft Visual Studio Solution File, Format Version 12.00
# Visual Studio 15
VisualStudioVersion = 15.0.26430.16
MinimumVisualStudioVersion = 10.0.40219.1
Project("{FAE04EC0-301F-11D3-BF4B-00C04F79EFBC}") = "e1", "e1\e1.csproj", "{12674DDC-67A0-4F4C-98D9-17BE9BA02B50}"
EndProject
Project("{FAE04EC0-301F-11D3-BF4B-00C04F79EFBC}") = "e2", "e2\e2.csproj", "{4C67E982-8FE5-4A2C-B5CA-A6B9277F0791}"
EndProject
Global
	GlobalSection(SolutionConfigurationPlatforms) = preSolution
		Debug|Any CPU = Debug|Any CPU
		Release|Any CPU = Release|Any CPU
	EndGlobalSection
	GlobalSection(ProjectConfigurationPlatforms) = postSolution
		{12674DDC-67A0-4F4C-98D9-17BE9BA02B50}.Debug|Any CPU.ActiveCfg = Debug|Any CPU
		{12674DDC-67A0-4F4C-98D9-17BE9BA02B50}.Debug|Any CPU.Build.0 = Debug|Any CPU
		{12674DDC-67A0-4F4C-98D9-17BE9BA02B50}.Release|Any CPU.ActiveCfg = Release|Any CPU
		{12674DDC-67A0-4F4C-98D9-17BE9BA02B50}.Release|Any CPU.Build.0 = Release|Any CPU
		{4C67E982-8FE5-4A2C-B5CA-A6B9277F0791}.Debug|Any CPU.ActiveCfg = Debug|Any CPU
		{4C67E982-8FE5-4A2C-B5CA-A6B9277F0791}.Debug|Any CPU.Build.0 = Debug|Any CPU
		{4C67E982-8FE5-4A2C-B5CA-A6B9277F0791}.Release|Any CPU.ActiveCfg = Release|Any CPU
		{4C67E982-8FE5-4A2C-B5CA-A6B9277F0791}.Release|Any CPU.Build.0 = Release|Any CPU
	EndGlobalSection
	GlobalSection(SolutionProperties) = preSolution
		HideSolutionNode = FALSE
	EndGlobalSection
EndGlobal
