
Microsoft Visual Studio Solution File, Format Version 12.00
# Visual Studio 15
VisualStudioVersion = 15.0.26430.16
MinimumVisualStudioVersion = 10.0.40219.1
Project("{FAE04EC0-301F-11D3-BF4B-00C04F79EFBC}") = "e1", "e1\e1.csproj", "{4A2A5952-D6E9-4121-BD52-78ACC9F58029}"
EndProject
Project("{FAE04EC0-301F-11D3-BF4B-00C04F79EFBC}") = "e2", "e2\e2.csproj", "{D9434928-6ABA-4FCF-8762-AD9AC83C8C18}"
EndProject
Project("{FAE04EC0-301F-11D3-BF4B-00C04F79EFBC}") = "e3", "e3\e3.csproj", "{2CD99372-0026-495A-BB34-3E3ED56632DE}"
EndProject
Project("{FAE04EC0-301F-11D3-BF4B-00C04F79EFBC}") = "e4", "e4\e4.csproj", "{6E071FF1-C7B8-4E31-9D1F-D397098974AB}"
EndProject
Project("{FAE04EC0-301F-11D3-BF4B-00C04F79EFBC}") = "e5", "e5\e5.csproj", "{0E048465-197B-41D5-ADF8-974ACD539A0F}"
EndProject
Project("{FAE04EC0-301F-11D3-BF4B-00C04F79EFBC}") = "e6", "e6\e6.csproj", "{CF8C1AA3-AD04-4E76-AC5D-F2A4C409D0D2}"
EndProject
Project("{FAE04EC0-301F-11D3-BF4B-00C04F79EFBC}") = "e7", "e7\e7.csproj", "{E5A0D870-A6F8-4D6A-94FB-6FA5ACD1A1E5}"
EndProject
Project("{FAE04EC0-301F-11D3-BF4B-00C04F79EFBC}") = "e8", "e8\e8.csproj", "{87D96567-7794-49A8-A943-543A25D84AA9}"
EndProject
Project("{FAE04EC0-301F-11D3-BF4B-00C04F79EFBC}") = "e9", "e9\e9.csproj", "{0893D7B0-7517-42BB-91B4-E0252D9A64D9}"
EndProject
Project("{FAE04EC0-301F-11D3-BF4B-00C04F79EFBC}") = "e10", "e10\e10.csproj", "{76E5E91E-86B9-4570-9D5F-C7F53DCCCADE}"
EndProject
Project("{FAE04EC0-301F-11D3-BF4B-00C04F79EFBC}") = "e11", "e11\e11.csproj", "{D42D332B-8E24-4CA1-9479-204380E08990}"
EndProject
Global
	GlobalSection(SolutionConfigurationPlatforms) = preSolution
		Debug|Any CPU = Debug|Any CPU
		Release|Any CPU = Release|Any CPU
	EndGlobalSection
	GlobalSection(ProjectConfigurationPlatforms) = postSolution
		{4A2A5952-D6E9-4121-BD52-78ACC9F58029}.Debug|Any CPU.ActiveCfg = Debug|Any CPU
		{4A2A5952-D6E9-4121-BD52-78ACC9F58029}.Debug|Any CPU.Build.0 = Debug|Any CPU
		{4A2A5952-D6E9-4121-BD52-78ACC9F58029}.Release|Any CPU.ActiveCfg = Release|Any CPU
		{4A2A5952-D6E9-4121-BD52-78ACC9F58029}.Release|Any CPU.Build.0 = Release|Any CPU
		{D9434928-6ABA-4FCF-8762-AD9AC83C8C18}.Debug|Any CPU.ActiveCfg = Debug|Any CPU
		{D9434928-6ABA-4FCF-8762-AD9AC83C8C18}.Debug|Any CPU.Build.0 = Debug|Any CPU
		{D9434928-6ABA-4FCF-8762-AD9AC83C8C18}.Release|Any CPU.ActiveCfg = Release|Any CPU
		{D9434928-6ABA-4FCF-8762-AD9AC83C8C18}.Release|Any CPU.Build.0 = Release|Any CPU
		{2CD99372-0026-495A-BB34-3E3ED56632DE}.Debug|Any CPU.ActiveCfg = Debug|Any CPU
		{2CD99372-0026-495A-BB34-3E3ED56632DE}.Debug|Any CPU.Build.0 = Debug|Any CPU
		{2CD99372-0026-495A-BB34-3E3ED56632DE}.Release|Any CPU.ActiveCfg = Release|Any CPU
		{2CD99372-0026-495A-BB34-3E3ED56632DE}.Release|Any CPU.Build.0 = Release|Any CPU
		{6E071FF1-C7B8-4E31-9D1F-D397098974AB}.Debug|Any CPU.ActiveCfg = Debug|Any CPU
		{6E071FF1-C7B8-4E31-9D1F-D397098974AB}.Debug|Any CPU.Build.0 = Debug|Any CPU
		{6E071FF1-C7B8-4E31-9D1F-D397098974AB}.Release|Any CPU.ActiveCfg = Release|Any CPU
		{6E071FF1-C7B8-4E31-9D1F-D397098974AB}.Release|Any CPU.Build.0 = Release|Any CPU
		{0E048465-197B-41D5-ADF8-974ACD539A0F}.Debug|Any CPU.ActiveCfg = Debug|Any CPU
		{0E048465-197B-41D5-ADF8-974ACD539A0F}.Debug|Any CPU.Build.0 = Debug|Any CPU
		{0E048465-197B-41D5-ADF8-974ACD539A0F}.Release|Any CPU.ActiveCfg = Release|Any CPU
		{0E048465-197B-41D5-ADF8-974ACD539A0F}.Release|Any CPU.Build.0 = Release|Any CPU
		{CF8C1AA3-AD04-4E76-AC5D-F2A4C409D0D2}.Debug|Any CPU.ActiveCfg = Debug|Any CPU
		{CF8C1AA3-AD04-4E76-AC5D-F2A4C409D0D2}.Debug|Any CPU.Build.0 = Debug|Any CPU
		{CF8C1AA3-AD04-4E76-AC5D-F2A4C409D0D2}.Release|Any CPU.ActiveCfg = Release|Any CPU
		{CF8C1AA3-AD04-4E76-AC5D-F2A4C409D0D2}.Release|Any CPU.Build.0 = Release|Any CPU
		{E5A0D870-A6F8-4D6A-94FB-6FA5ACD1A1E5}.Debug|Any CPU.ActiveCfg = Debug|Any CPU
		{E5A0D870-A6F8-4D6A-94FB-6FA5ACD1A1E5}.Debug|Any CPU.Build.0 = Debug|Any CPU
		{E5A0D870-A6F8-4D6A-94FB-6FA5ACD1A1E5}.Release|Any CPU.ActiveCfg = Release|Any CPU
		{E5A0D870-A6F8-4D6A-94FB-6FA5ACD1A1E5}.Release|Any CPU.Build.0 = Release|Any CPU
		{87D96567-7794-49A8-A943-543A25D84AA9}.Debug|Any CPU.ActiveCfg = Debug|Any CPU
		{87D96567-7794-49A8-A943-543A25D84AA9}.Debug|Any CPU.Build.0 = Debug|Any CPU
		{87D96567-7794-49A8-A943-543A25D84AA9}.Release|Any CPU.ActiveCfg = Release|Any CPU
		{87D96567-7794-49A8-A943-543A25D84AA9}.Release|Any CPU.Build.0 = Release|Any CPU
		{0893D7B0-7517-42BB-91B4-E0252D9A64D9}.Debug|Any CPU.ActiveCfg = Debug|Any CPU
		{0893D7B0-7517-42BB-91B4-E0252D9A64D9}.Debug|Any CPU.Build.0 = Debug|Any CPU
		{0893D7B0-7517-42BB-91B4-E0252D9A64D9}.Release|Any CPU.ActiveCfg = Release|Any CPU
		{0893D7B0-7517-42BB-91B4-E0252D9A64D9}.Release|Any CPU.Build.0 = Release|Any CPU
		{76E5E91E-86B9-4570-9D5F-C7F53DCCCADE}.Debug|Any CPU.ActiveCfg = Debug|Any CPU
		{76E5E91E-86B9-4570-9D5F-C7F53DCCCADE}.Debug|Any CPU.Build.0 = Debug|Any CPU
		{76E5E91E-86B9-4570-9D5F-C7F53DCCCADE}.Release|Any CPU.ActiveCfg = Release|Any CPU
		{76E5E91E-86B9-4570-9D5F-C7F53DCCCADE}.Release|Any CPU.Build.0 = Release|Any CPU
		{D42D332B-8E24-4CA1-9479-204380E08990}.Debug|Any CPU.ActiveCfg = Debug|Any CPU
		{D42D332B-8E24-4CA1-9479-204380E08990}.Debug|Any CPU.Build.0 = Debug|Any CPU
		{D42D332B-8E24-4CA1-9479-204380E08990}.Release|Any CPU.ActiveCfg = Release|Any CPU
		{D42D332B-8E24-4CA1-9479-204380E08990}.Release|Any CPU.Build.0 = Release|Any CPU
	EndGlobalSection
	GlobalSection(SolutionProperties) = preSolution
		HideSolutionNode = FALSE
	EndGlobalSection
EndGlobal
